{
  "version": 4,
  "terraform_version": "1.5.7",
  "serial": 44,
  "lineage": "bf19b87e-a615-d4b2-ad51-2a5170ca4619",
  "outputs": {},
  "resources": [
    {
      "mode": "data",
      "type": "google_client_config",
      "name": "current",
      "provider": "provider[\"registry.terraform.io/hashicorp/google\"]",
      "instances": [
        {
          "schema_version": 0,
          "attributes": {
            "access_token": "ya29.c.c0AY_VpZj_UneK3pHh55PgXQOdKIEm-xEwSJcHXGLX138Ad-3xvI3T9UmchbWyqnZ06Fbh6_vqXHLhxtKZ0oaR91HT5rP6s-sKN-It7f-29zo5TVvpCtbBDV5mBARul9B-cI-IMHa8iUQaeuYmrPaPQbb5UGkrF8-xLE_s_bxVL1comFJsAW-EYUODERjnpPat273TUPjS4jFZyicmSSpWJN1nmov00BmEZkssD40kJHTjaE8DlqIwhRz7-z84UhzWGdx_BvkQEuvFX_YO5gyxoLc-JwIow3Yuj4HfzfbZB8u4TabPdMYNjnnPL4ZxdCEVFMLhgfLwivtd-0TMvN9vH-H1rm-p57Ssn4cQuZtXG-givK4wYXgdkwVz_AT387KYYaXQv-gonYoZ1jWnvVMVnVoaaz2-Myvb8IBUSt6cS4M-sq2dzfxiX854ry13x5swmgFckyymW1zmWOiv3i0fuFcVng7R-ygpMveUvp3Ycd_UyvSSQ_qx5s3kmohhn_1xpvX-urc97SWjgtiRiQ-Y_xdhzdgYrcJ7Wlhb4onxqci6ltRMuX9VFh23lruf7BB5gy0e831WrMges2zfcVd9zaopOvj6uuael-7ac50eXySmb-f7moubVz8mxQ_SYe57OF8ZR6OfX3xlFb_ujldhQbt_1iUiasy418xRqldt3jplWZ19ssU5v50JQm0Y0cV5SW0Vj8hd222VVY90iZV34cgOkJzdiUSo2qxSiIY6rddi6WBnXslSvlYere56y5wFn7VaUrW3lRfn74tMRiwZJ0yup_b_oiw2_xUU_Xp8vQ6e5XeszubZ-UVnV4O5oef4hZXQJjc1W67-i1z0zY-uS_65yzZt5vZaYJzejpuieFnQkafuwpshsXu6RakR4dW_n_FfgYy-3jF37aFk56Ba1lpOgtVsanyFmRBlSyaXg4yIRqwXpzqrIJFamiVOB29Mu54rvno9dXOdtt-iaBFc-sjrfuzSbib2q9rS8nZWR4ya6WosWVbp6cB",
            "id": "projects/\"hashicorp-393022\"/regions/\"us-east1\"/zones/\"us-east1-b\"",
            "project": "hashicorp-393022",
            "region": "us-east1",
            "zone": "us-east1-b"
          },
          "sensitive_attributes": []
        }
      ]
    },
    {
      "mode": "managed",
      "type": "kubernetes_namespace",
      "name": "main",
      "provider": "provider[\"registry.terraform.io/hashicorp/kubernetes\"]",
      "instances": [
        {
          "schema_version": 0,
          "attributes": {
            "id": "k8s-microservices",
            "metadata": [
              {
                "annotations": {},
                "generate_name": "",
                "generation": 0,
                "labels": {
                  "istio-injection": "enabled"
                },
                "name": "k8s-microservices",
                "resource_version": "6761",
                "uid": "22dc7960-ab2a-4a36-8600-b48f2d2dbcc6"
              }
            ],
            "timeouts": null
          },
          "sensitive_attributes": [],
          "private": "eyJlMmJmYjczMC1lY2FhLTExZTYtOGY4OC0zNDM2M2JjN2M0YzAiOnsiZGVsZXRlIjozMDAwMDAwMDAwMDB9fQ==",
          "dependencies": [
            "data.google_client_config.current",
            "module.gcp_gke.data.google_container_engine_versions.gke_version",
            "module.gcp_gke.google_container_cluster.primary",
            "module.gcp_gke.google_container_node_pool.primary_nodes",
            "module.gcp_vpc.google_compute_network.vpc",
            "module.gcp_vpc.google_compute_subnetwork.subnet"
          ]
        }
      ]
    },
    {
      "module": "module.api",
      "mode": "managed",
      "type": "kubernetes_deployment",
      "name": "api-gateway-deployment",
      "provider": "provider[\"registry.terraform.io/hashicorp/kubernetes\"]",
      "instances": [
        {
          "schema_version": 1,
          "attributes": {
            "id": "k8s-microservices/grpc-api-gateway",
            "metadata": [
              {
                "annotations": {},
                "generate_name": "",
                "generation": 2,
                "labels": {
                  "app": "api-gateway"
                },
                "name": "grpc-api-gateway",
                "namespace": "k8s-microservices",
                "resource_version": "21500",
                "uid": "4dd1e0a8-b99d-43b6-8594-6070d7b3880d"
              }
            ],
            "spec": [
              {
                "min_ready_seconds": 0,
                "paused": false,
                "progress_deadline_seconds": 600,
                "replicas": "1",
                "revision_history_limit": 10,
                "selector": [
                  {
                    "match_expressions": [],
                    "match_labels": {
                      "app": "api-gateway"
                    }
                  }
                ],
                "strategy": [
                  {
                    "rolling_update": [
                      {
                        "max_surge": "25%",
                        "max_unavailable": "25%"
                      }
                    ],
                    "type": "RollingUpdate"
                  }
                ],
                "template": [
                  {
                    "metadata": [
                      {
                        "annotations": {},
                        "generate_name": "",
                        "generation": 0,
                        "labels": {
                          "app": "api-gateway"
                        },
                        "name": "",
                        "namespace": "",
                        "resource_version": "",
                        "uid": ""
                      }
                    ],
                    "spec": [
                      {
                        "active_deadline_seconds": 0,
                        "affinity": [],
                        "automount_service_account_token": true,
                        "container": [
                          {
                            "args": [],
                            "command": [],
                            "env": [
                              {
                                "name": "PORT",
                                "value": ":3000",
                                "value_from": []
                              },
                              {
                                "name": "AUTH_SVC_URL",
                                "value": "auth-service.k8s-microservices:83",
                                "value_from": []
                              },
                              {
                                "name": "PRODUCT_SVC_URL",
                                "value": "product-service.k8s-microservices:82",
                                "value_from": []
                              },
                              {
                                "name": "ORDER_SVC_URL",
                                "value": "order-service.k8s-microservices:81",
                                "value_from": []
                              }
                            ],
                            "env_from": [],
                            "image": "erwinsalas42/go-grpc-api-gateway:v1",
                            "image_pull_policy": "IfNotPresent",
                            "lifecycle": [],
                            "liveness_probe": [],
                            "name": "go-grpc-api-gateway",
                            "port": [
                              {
                                "container_port": 3000,
                                "host_ip": "",
                                "host_port": 0,
                                "name": "",
                                "protocol": "TCP"
                              }
                            ],
                            "readiness_probe": [],
                            "resources": [
                              {
                                "limits": {
                                  "cpu": "500m",
                                  "memory": "512Mi"
                                },
                                "requests": {
                                  "cpu": "250m",
                                  "memory": "50Mi"
                                }
                              }
                            ],
                            "security_context": [],
                            "startup_probe": [],
                            "stdin": false,
                            "stdin_once": false,
                            "termination_message_path": "/dev/termination-log",
                            "termination_message_policy": "File",
                            "tty": false,
                            "volume_mount": [],
                            "working_dir": ""
                          }
                        ],
                        "dns_config": [],
                        "dns_policy": "ClusterFirst",
                        "enable_service_links": true,
                        "host_aliases": [],
                        "host_ipc": false,
                        "host_network": false,
                        "host_pid": false,
                        "hostname": "",
                        "image_pull_secrets": [],
                        "init_container": [],
                        "node_name": "",
                        "node_selector": {},
                        "priority_class_name": "",
                        "readiness_gate": [],
                        "restart_policy": "Always",
                        "security_context": [],
                        "service_account_name": "",
                        "share_process_namespace": false,
                        "subdomain": "",
                        "termination_grace_period_seconds": 30,
                        "toleration": [],
                        "topology_spread_constraint": [],
                        "volume": []
                      }
                    ]
                  }
                ]
              }
            ],
            "timeouts": null,
            "wait_for_rollout": true
          },
          "sensitive_attributes": [],
          "private": "eyJlMmJmYjczMC1lY2FhLTExZTYtOGY4OC0zNDM2M2JjN2M0YzAiOnsiY3JlYXRlIjo2MDAwMDAwMDAwMDAsImRlbGV0ZSI6NjAwMDAwMDAwMDAwLCJ1cGRhdGUiOjYwMDAwMDAwMDAwMH0sInNjaGVtYV92ZXJzaW9uIjoiMSJ9",
          "dependencies": [
            "data.google_client_config.current",
            "kubernetes_namespace.main",
            "module.gcp_gke.data.google_container_engine_versions.gke_version",
            "module.gcp_gke.google_container_cluster.primary",
            "module.gcp_gke.google_container_node_pool.primary_nodes",
            "module.gcp_vpc.google_compute_network.vpc",
            "module.gcp_vpc.google_compute_subnetwork.subnet"
          ]
        }
      ]
    },
    {
      "module": "module.api",
      "mode": "managed",
      "type": "kubernetes_service",
      "name": "api-gateway-service",
      "provider": "provider[\"registry.terraform.io/hashicorp/kubernetes\"]",
      "instances": [
        {
          "schema_version": 1,
          "attributes": {
            "id": "k8s-microservices/api-gateway-service",
            "metadata": [
              {
                "annotations": {},
                "generate_name": "",
                "generation": 0,
                "labels": {},
                "name": "api-gateway-service",
                "namespace": "k8s-microservices",
                "resource_version": "11944",
                "uid": "d7b4751d-d155-4269-924b-44f144c1dfa3"
              }
            ],
            "spec": [
              {
                "cluster_ip": "10.175.234.45",
                "external_ips": [],
                "external_name": "",
                "external_traffic_policy": "Cluster",
                "health_check_node_port": 0,
                "ip_families": [
                  "IPv4"
                ],
                "ip_family_policy": "SingleStack",
                "load_balancer_ip": "",
                "load_balancer_source_ranges": [],
                "port": [
                  {
                    "app_protocol": "",
                    "name": "",
                    "node_port": 30499,
                    "port": 8580,
                    "protocol": "TCP",
                    "target_port": "3000"
                  }
                ],
                "publish_not_ready_addresses": false,
                "selector": {
                  "app": "api-gateway"
                },
                "session_affinity": "None",
                "type": "NodePort"
              }
            ],
            "status": [
              {
                "load_balancer": [
                  {
                    "ingress": []
                  }
                ]
              }
            ],
            "timeouts": null,
            "wait_for_load_balancer": true
          },
          "sensitive_attributes": [],
          "private": "eyJlMmJmYjczMC1lY2FhLTExZTYtOGY4OC0zNDM2M2JjN2M0YzAiOnsiY3JlYXRlIjo2MDAwMDAwMDAwMDB9LCJzY2hlbWFfdmVyc2lvbiI6IjEifQ==",
          "dependencies": [
            "data.google_client_config.current",
            "kubernetes_namespace.main",
            "module.gcp_gke.data.google_container_engine_versions.gke_version",
            "module.gcp_gke.google_container_cluster.primary",
            "module.gcp_gke.google_container_node_pool.primary_nodes",
            "module.gcp_vpc.google_compute_network.vpc",
            "module.gcp_vpc.google_compute_subnetwork.subnet"
          ]
        }
      ]
    },
    {
      "module": "module.auth",
      "mode": "managed",
      "type": "kubernetes_deployment",
      "name": "auth-srv-deployment",
      "provider": "provider[\"registry.terraform.io/hashicorp/kubernetes\"]",
      "instances": [
        {
          "schema_version": 1,
          "attributes": {
            "id": "k8s-microservices/auth-srv-deployment",
            "metadata": [
              {
                "annotations": null,
                "generate_name": "",
                "generation": 1,
                "labels": {
                  "app": "auth-service"
                },
                "name": "auth-srv-deployment",
                "namespace": "k8s-microservices",
                "resource_version": "30959",
                "uid": "a22679ac-822a-406a-84f1-67038fcf16c9"
              }
            ],
            "spec": [
              {
                "min_ready_seconds": 0,
                "paused": false,
                "progress_deadline_seconds": 600,
                "replicas": "1",
                "revision_history_limit": 10,
                "selector": [
                  {
                    "match_expressions": [],
                    "match_labels": {
                      "app": "auth-service"
                    }
                  }
                ],
                "strategy": [
                  {
                    "rolling_update": [
                      {
                        "max_surge": "25%",
                        "max_unavailable": "25%"
                      }
                    ],
                    "type": "RollingUpdate"
                  }
                ],
                "template": [
                  {
                    "metadata": [
                      {
                        "annotations": null,
                        "generate_name": "",
                        "generation": 0,
                        "labels": {
                          "app": "auth-service"
                        },
                        "name": "",
                        "namespace": "",
                        "resource_version": "",
                        "uid": ""
                      }
                    ],
                    "spec": [
                      {
                        "active_deadline_seconds": 0,
                        "affinity": [],
                        "automount_service_account_token": true,
                        "container": [
                          {
                            "args": null,
                            "command": null,
                            "env": [
                              {
                                "name": "PORT",
                                "value": ":50051",
                                "value_from": []
                              },
                              {
                                "name": "DB_URL",
                                "value": "postgres://erwin:password@auth-database.k8s-microservices:5235/auth",
                                "value_from": []
                              },
                              {
                                "name": "JWT_SECRET_KEY",
                                "value": "r43t18sc",
                                "value_from": []
                              },
                              {
                                "name": "API_SECRET",
                                "value": "98hbun98h",
                                "value_from": []
                              }
                            ],
                            "env_from": [],
                            "image": "erwinsalas42/go-grpc-auth-svc:v1.1",
                            "image_pull_policy": "IfNotPresent",
                            "lifecycle": [],
                            "liveness_probe": [],
                            "name": "go-grpc-auth-svc",
                            "port": [
                              {
                                "container_port": 50051,
                                "host_ip": "",
                                "host_port": 0,
                                "name": "",
                                "protocol": "TCP"
                              }
                            ],
                            "readiness_probe": [],
                            "resources": [
                              {
                                "limits": {
                                  "cpu": "500m",
                                  "memory": "512Mi"
                                },
                                "requests": {
                                  "cpu": "250m",
                                  "memory": "50Mi"
                                }
                              }
                            ],
                            "security_context": [],
                            "startup_probe": [],
                            "stdin": false,
                            "stdin_once": false,
                            "termination_message_path": "/dev/termination-log",
                            "termination_message_policy": "File",
                            "tty": false,
                            "volume_mount": [],
                            "working_dir": ""
                          }
                        ],
                        "dns_config": [],
                        "dns_policy": "ClusterFirst",
                        "enable_service_links": true,
                        "host_aliases": [],
                        "host_ipc": false,
                        "host_network": false,
                        "host_pid": false,
                        "hostname": "",
                        "image_pull_secrets": [],
                        "init_container": [],
                        "node_name": "",
                        "node_selector": null,
                        "priority_class_name": "",
                        "readiness_gate": [],
                        "restart_policy": "Always",
                        "security_context": [],
                        "service_account_name": "",
                        "share_process_namespace": false,
                        "subdomain": "",
                        "termination_grace_period_seconds": 30,
                        "toleration": [],
                        "topology_spread_constraint": [],
                        "volume": []
                      }
                    ]
                  }
                ]
              }
            ],
            "timeouts": null,
            "wait_for_rollout": true
          },
          "sensitive_attributes": [],
          "private": "eyJlMmJmYjczMC1lY2FhLTExZTYtOGY4OC0zNDM2M2JjN2M0YzAiOnsiY3JlYXRlIjo2MDAwMDAwMDAwMDAsImRlbGV0ZSI6NjAwMDAwMDAwMDAwLCJ1cGRhdGUiOjYwMDAwMDAwMDAwMH0sInNjaGVtYV92ZXJzaW9uIjoiMSJ9",
          "dependencies": [
            "data.google_client_config.current",
            "kubernetes_namespace.main",
            "module.auth.kubernetes_service.auth-db-service",
            "module.gcp_gke.google_container_cluster.primary",
            "module.gcp_vpc.google_compute_network.vpc",
            "module.gcp_vpc.google_compute_subnetwork.subnet"
          ]
        }
      ]
    },
    {
      "module": "module.auth",
      "mode": "managed",
      "type": "kubernetes_service",
      "name": "auth-db-service",
      "provider": "provider[\"registry.terraform.io/hashicorp/kubernetes\"]",
      "instances": [
        {
          "schema_version": 1,
          "attributes": {
            "id": "k8s-microservices/auth-database",
            "metadata": [
              {
                "annotations": {},
                "generate_name": "",
                "generation": 0,
                "labels": {
                  "app": "auth-database"
                },
                "name": "auth-database",
                "namespace": "k8s-microservices",
                "resource_version": "11995",
                "uid": "982ded75-fb5d-4c2c-8086-f11efaf898c7"
              }
            ],
            "spec": [
              {
                "cluster_ip": "10.175.233.148",
                "external_ips": [],
                "external_name": "",
                "external_traffic_policy": "",
                "health_check_node_port": 0,
                "ip_families": [
                  "IPv4"
                ],
                "ip_family_policy": "SingleStack",
                "load_balancer_ip": "",
                "load_balancer_source_ranges": [],
                "port": [
                  {
                    "app_protocol": "",
                    "name": "",
                    "node_port": 0,
                    "port": 5235,
                    "protocol": "TCP",
                    "target_port": "5235"
                  }
                ],
                "publish_not_ready_addresses": false,
                "selector": {
                  "app": "auth-database"
                },
                "session_affinity": "None",
                "type": "ClusterIP"
              }
            ],
            "status": [
              {
                "load_balancer": [
                  {
                    "ingress": []
                  }
                ]
              }
            ],
            "timeouts": null,
            "wait_for_load_balancer": true
          },
          "sensitive_attributes": [],
          "private": "eyJlMmJmYjczMC1lY2FhLTExZTYtOGY4OC0zNDM2M2JjN2M0YzAiOnsiY3JlYXRlIjo2MDAwMDAwMDAwMDB9LCJzY2hlbWFfdmVyc2lvbiI6IjEifQ==",
          "dependencies": [
            "data.google_client_config.current",
            "kubernetes_namespace.main",
            "module.auth.kubernetes_stateful_set_v1.auth-db-statefulset",
            "module.gcp_gke.data.google_container_engine_versions.gke_version",
            "module.gcp_gke.google_container_cluster.primary",
            "module.gcp_gke.google_container_node_pool.primary_nodes",
            "module.gcp_vpc.google_compute_network.vpc",
            "module.gcp_vpc.google_compute_subnetwork.subnet"
          ]
        }
      ]
    },
    {
      "module": "module.auth",
      "mode": "managed",
      "type": "kubernetes_service",
      "name": "auth-service",
      "provider": "provider[\"registry.terraform.io/hashicorp/kubernetes\"]",
      "instances": [
        {
          "schema_version": 1,
          "attributes": {
            "id": "k8s-microservices/auth-service",
            "metadata": [
              {
                "annotations": {
                  "cloud.google.com/neg": "{\"ingress\":true}"
                },
                "generate_name": "",
                "generation": 0,
                "labels": null,
                "name": "auth-service",
                "namespace": "k8s-microservices",
                "resource_version": "30965",
                "uid": "0ffc3d12-c985-41ed-ba0b-9e82936b44a4"
              }
            ],
            "spec": [
              {
                "cluster_ip": "10.175.234.158",
                "external_ips": null,
                "external_name": "",
                "external_traffic_policy": "",
                "health_check_node_port": 0,
                "ip_families": [
                  "IPv4"
                ],
                "ip_family_policy": "SingleStack",
                "load_balancer_ip": "",
                "load_balancer_source_ranges": null,
                "port": [
                  {
                    "app_protocol": "",
                    "name": "grpc",
                    "node_port": 0,
                    "port": 83,
                    "protocol": "TCP",
                    "target_port": "50051"
                  }
                ],
                "publish_not_ready_addresses": false,
                "selector": {
                  "app": "auth-service"
                },
                "session_affinity": "None",
                "type": "ClusterIP"
              }
            ],
            "status": [
              {
                "load_balancer": [
                  {
                    "ingress": []
                  }
                ]
              }
            ],
            "timeouts": null,
            "wait_for_load_balancer": true
          },
          "sensitive_attributes": [],
          "private": "eyJlMmJmYjczMC1lY2FhLTExZTYtOGY4OC0zNDM2M2JjN2M0YzAiOnsiY3JlYXRlIjo2MDAwMDAwMDAwMDB9LCJzY2hlbWFfdmVyc2lvbiI6IjEifQ==",
          "dependencies": [
            "data.google_client_config.current",
            "kubernetes_namespace.main",
            "module.auth.kubernetes_deployment.auth-srv-deployment",
            "module.auth.kubernetes_service.auth-db-service",
            "module.gcp_gke.google_container_cluster.primary",
            "module.gcp_vpc.google_compute_network.vpc",
            "module.gcp_vpc.google_compute_subnetwork.subnet"
          ]
        }
      ]
    },
    {
      "module": "module.auth",
      "mode": "managed",
      "type": "kubernetes_stateful_set_v1",
      "name": "auth-db-statefulset",
      "provider": "provider[\"registry.terraform.io/hashicorp/kubernetes\"]",
      "instances": [
        {
          "schema_version": 1,
          "attributes": {
            "id": "k8s-microservices/auth-db-statefulset",
            "metadata": [
              {
                "annotations": {},
                "generate_name": "",
                "generation": 2,
                "labels": {
                  "app": "auth-database"
                },
                "name": "auth-db-statefulset",
                "namespace": "k8s-microservices",
                "resource_version": "11986",
                "uid": "03a90197-81b6-4a5a-8bf0-903e5d5e4b43"
              }
            ],
            "spec": [
              {
                "pod_management_policy": "OrderedReady",
                "replicas": "1",
                "revision_history_limit": 0,
                "selector": [
                  {
                    "match_expressions": [],
                    "match_labels": {
                      "app": "auth-database"
                    }
                  }
                ],
                "service_name": "auth-db-statefulset",
                "template": [
                  {
                    "metadata": [
                      {
                        "annotations": {},
                        "generate_name": "",
                        "generation": 0,
                        "labels": {
                          "app": "auth-database"
                        },
                        "name": "",
                        "resource_version": "",
                        "uid": ""
                      }
                    ],
                    "spec": [
                      {
                        "active_deadline_seconds": 0,
                        "affinity": [],
                        "automount_service_account_token": true,
                        "container": [
                          {
                            "args": [
                              "-p",
                              "5235"
                            ],
                            "command": [],
                            "env": [
                              {
                                "name": "POSTGRES_USER",
                                "value": "erwin",
                                "value_from": []
                              },
                              {
                                "name": "POSTGRES_PASSWORD",
                                "value": "password",
                                "value_from": []
                              },
                              {
                                "name": "POSTGRES_DB",
                                "value": "auth",
                                "value_from": []
                              }
                            ],
                            "env_from": [],
                            "image": "postgres:latest",
                            "image_pull_policy": "Always",
                            "lifecycle": [],
                            "liveness_probe": [],
                            "name": "auth-database",
                            "port": [
                              {
                                "container_port": 5235,
                                "host_ip": "",
                                "host_port": 0,
                                "name": "",
                                "protocol": "TCP"
                              }
                            ],
                            "readiness_probe": [],
                            "resources": [
                              {
                                "limits": {
                                  "cpu": "500m",
                                  "memory": "512Mi"
                                },
                                "requests": {
                                  "cpu": "250m",
                                  "memory": "50Mi"
                                }
                              }
                            ],
                            "security_context": [],
                            "startup_probe": [],
                            "stdin": false,
                            "stdin_once": false,
                            "termination_message_path": "/dev/termination-log",
                            "termination_message_policy": "File",
                            "tty": false,
                            "volume_mount": [],
                            "working_dir": ""
                          }
                        ],
                        "dns_config": [],
                        "dns_policy": "ClusterFirst",
                        "enable_service_links": true,
                        "host_aliases": [],
                        "host_ipc": false,
                        "host_network": false,
                        "host_pid": false,
                        "hostname": "",
                        "image_pull_secrets": [],
                        "init_container": [],
                        "node_name": "",
                        "node_selector": {},
                        "priority_class_name": "",
                        "readiness_gate": [],
                        "restart_policy": "Always",
                        "security_context": [],
                        "service_account_name": "",
                        "share_process_namespace": false,
                        "subdomain": "",
                        "termination_grace_period_seconds": 30,
                        "toleration": [],
                        "topology_spread_constraint": [],
                        "volume": []
                      }
                    ]
                  }
                ],
                "update_strategy": [],
                "volume_claim_template": []
              }
            ],
            "timeouts": null,
            "wait_for_rollout": true
          },
          "sensitive_attributes": [],
          "private": "eyJlMmJmYjczMC1lY2FhLTExZTYtOGY4OC0zNDM2M2JjN2M0YzAiOnsiY3JlYXRlIjo2MDAwMDAwMDAwMDAsImRlbGV0ZSI6NjAwMDAwMDAwMDAwLCJyZWFkIjo2MDAwMDAwMDAwMDAsInVwZGF0ZSI6NjAwMDAwMDAwMDAwfSwic2NoZW1hX3ZlcnNpb24iOiIxIn0=",
          "dependencies": [
            "data.google_client_config.current",
            "kubernetes_namespace.main",
            "module.gcp_gke.data.google_container_engine_versions.gke_version",
            "module.gcp_gke.google_container_cluster.primary",
            "module.gcp_gke.google_container_node_pool.primary_nodes",
            "module.gcp_vpc.google_compute_network.vpc",
            "module.gcp_vpc.google_compute_subnetwork.subnet"
          ]
        }
      ]
    },
    {
      "module": "module.gcp_gke",
      "mode": "data",
      "type": "google_container_engine_versions",
      "name": "gke_version",
      "provider": "provider[\"registry.terraform.io/hashicorp/google\"]",
      "instances": [
        {
          "schema_version": 0,
          "attributes": {
            "default_cluster_version": "1.27.8-gke.1067004",
            "id": "2024-03-17 08:19:58.205539 +0000 UTC",
            "latest_master_version": "1.27.11-gke.1118000",
            "latest_node_version": "1.27.11-gke.1118000",
            "location": "us-east1",
            "project": null,
            "release_channel_default_version": {
              "RAPID": "1.29.1-gke.1589017",
              "REGULAR": "1.27.8-gke.1067004",
              "STABLE": "1.27.8-gke.1067004"
            },
            "release_channel_latest_version": {
              "RAPID": "1.27.11-gke.1118000",
              "REGULAR": "1.27.10-gke.1055000",
              "STABLE": "1.27.8-gke.1067004"
            },
            "valid_master_versions": [
              "1.27.11-gke.1118000",
              "1.27.11-gke.1062000",
              "1.27.10-gke.1055000",
              "1.27.9-gke.1092000",
              "1.27.8-gke.1067004",
              "1.27.7-gke.1121002",
              "1.27.3-gke.100"
            ],
            "valid_node_versions": [
              "1.27.11-gke.1118000",
              "1.27.11-gke.1062000",
              "1.27.11-gke.1018000",
              "1.27.10-gke.1207000",
              "1.27.10-gke.1152000",
              "1.27.10-gke.1055000",
              "1.27.9-gke.1092000",
              "1.27.8-gke.1067004",
              "1.27.8-gke.1067000",
              "1.27.7-gke.1293000",
              "1.27.7-gke.1121002",
              "1.27.7-gke.1121000",
              "1.27.7-gke.1088000",
              "1.27.7-gke.1056000",
              "1.27.7-gke.1038000",
              "1.27.6-gke.1506000",
              "1.27.6-gke.1445000",
              "1.27.6-gke.1248000",
              "1.27.5-gke.200",
              "1.27.4-gke.900",
              "1.27.3-gke.1700",
              "1.27.3-gke.100",
              "1.27.2-gke.2100",
              "1.27.2-gke.1200"
            ],
            "version_prefix": "1.27."
          },
          "sensitive_attributes": []
        }
      ]
    },
    {
      "module": "module.gcp_gke",
      "mode": "managed",
      "type": "google_container_cluster",
      "name": "primary",
      "provider": "provider[\"registry.terraform.io/hashicorp/google\"]",
      "instances": [
        {
          "schema_version": 2,
          "attributes": {
            "addons_config": [
              {
                "cloudrun_config": [],
                "config_connector_config": [],
                "dns_cache_config": [],
                "gce_persistent_disk_csi_driver_config": [
                  {
                    "enabled": true
                  }
                ],
                "gcp_filestore_csi_driver_config": [],
                "gcs_fuse_csi_driver_config": [],
                "gke_backup_agent_config": [],
                "horizontal_pod_autoscaling": [],
                "http_load_balancing": [],
                "network_policy_config": [
                  {
                    "disabled": true
                  }
                ]
              }
            ],
            "allow_net_admin": null,
            "authenticator_groups_config": [],
            "binary_authorization": [
              {
                "enabled": false,
                "evaluation_mode": ""
              }
            ],
            "cluster_autoscaling": [
              {
                "auto_provisioning_defaults": [],
                "autoscaling_profile": "BALANCED",
                "enabled": false,
                "resource_limits": []
              }
            ],
            "cluster_ipv4_cidr": "10.216.0.0/14",
            "confidential_nodes": [],
            "cost_management_config": [],
            "database_encryption": [
              {
                "key_name": "",
                "state": "DECRYPTED"
              }
            ],
            "datapath_provider": "",
            "default_max_pods_per_node": 110,
            "default_snat_status": [
              {
                "disabled": false
              }
            ],
            "deletion_protection": true,
            "description": "",
            "dns_config": [],
            "enable_autopilot": false,
            "enable_intranode_visibility": false,
            "enable_k8s_beta_apis": [],
            "enable_kubernetes_alpha": false,
            "enable_l4_ilb_subsetting": false,
            "enable_legacy_abac": false,
            "enable_shielded_nodes": true,
            "enable_tpu": false,
            "endpoint": "34.73.98.141",
            "fleet": [],
            "gateway_api_config": [],
            "id": "projects/hashicorp-393022/locations/us-east1/clusters/hashicorp-393022-gke",
            "identity_service_config": [],
            "initial_node_count": 1,
            "ip_allocation_policy": [
              {
                "additional_pod_ranges_config": [],
                "cluster_ipv4_cidr_block": "10.216.0.0/14",
                "cluster_secondary_range_name": "gke-hashicorp-393022-gke-pods-9602c9d7",
                "pod_cidr_overprovision_config": [
                  {
                    "disabled": false
                  }
                ],
                "services_ipv4_cidr_block": "10.175.224.0/20",
                "services_secondary_range_name": "gke-hashicorp-393022-gke-services-9602c9d7",
                "stack_type": "IPV4"
              }
            ],
            "label_fingerprint": "a9dc16a7",
            "location": "us-east1",
            "logging_config": [
              {
                "enable_components": [
                  "SYSTEM_COMPONENTS",
                  "WORKLOADS"
                ]
              }
            ],
            "logging_service": "logging.googleapis.com/kubernetes",
            "maintenance_policy": [],
            "master_auth": [
              {
                "client_certificate": "",
                "client_certificate_config": [
                  {
                    "issue_client_certificate": false
                  }
                ],
                "client_key": "",
                "cluster_ca_certificate": "LS0tLS1CRUdJTiBDRVJUSUZJQ0FURS0tLS0tCk1JSUVMRENDQXBTZ0F3SUJBZ0lRWmc5QzZ0UG0vc2hwL0hmNjZDa01uVEFOQmdrcWhraUc5dzBCQVFzRkFEQXYKTVMwd0t3WURWUVFERXlRNU16WXlOelpqTWkwNE9HRXdMVFF5WXpndFltSXdZeTFoWkRkbVpXTXdPR0psTTJNdwpJQmNOTWpRd016RTNNRFl5T0RBM1doZ1BNakExTkRBek1UQXdOekk0TURkYU1DOHhMVEFyQmdOVkJBTVRKRGt6Ck5qSTNObU15TFRnNFlUQXROREpqT0MxaVlqQmpMV0ZrTjJabFl6QTRZbVV6WXpDQ0FhSXdEUVlKS29aSWh2Y04KQVFFQkJRQURnZ0dQQURDQ0FZb0NnZ0dCQU1Ea3lrS3ZmeGJrUENkWGhmNU1WSURkREgrbEFwaHJmblMrbVlZdgpUSHNuM0FKQ1dRVjVrN0lRclkzK3liUGxQYmdZR2ozdStoRUdyWFZUM3hXMmdnN0t1aTU5S3FsMmpiZWtCWCtLCkdRZVpXYmlHVFlKQ09MemlRTDA2T1NVMEVkQllNblViMllwQ0M0QWFQelNRRExOYW9pUG5qNEZkL3dIVWpVV2IKaGZCWVk2Zi9uYys5YXR1ek9RSGFHWGpjN1pkS3FUU0NaTFVBK0dscFZyVGZhcXBPemZsRWlPKzZMcFdYTlQ0RQpFRThobElySjJGU3k3NENHYmIvN282S0FRcC8xbTJvWW9VTDhmQkhjMmhoSG5GUGtlWWFwYncyQzZpOElndWFVCllPUE9XaWZzVEZUc1ZqRHJGVHVYYzNMQ29CeVBRbkdWNE1jNW9xZjM4dzFTZG1POUdPU2xpOGs4cklQRWJXVXgKbDVPM1FrdlhBSmxFMGg1OG4yWjE0Q2JNR1RCYlNOUjNlbmc3bkJmNEVYTmxCaWEraHhUTnVHN0lwYjVRaGtJZQpLZDdSc3Fpa3k0RDhQT3VIdktmWjNTRExNMFBIY3pKS29tUUVETmlrR1lmS2tiSWhRbmRPajVKQmlrNEc5MEpDCmFTUWQ2UjY3YWpIWHBQZlZieG9ndHl1QXFRSURBUUFCbzBJd1FEQU9CZ05WSFE4QkFmOEVCQU1DQWdRd0R3WUQKVlIwVEFRSC9CQVV3QXdFQi96QWRCZ05WSFE0RUZnUVVMdkt1bFBGY2xzVlhmd085T016ZUsvd21lL3N3RFFZSgpLb1pJaHZjTkFRRUxCUUFEZ2dHQkFMSEFkTmNJcFVqcWU5OTdCVzFsa3BDRTgxb1R6ekV4ZjgzaFpHQjloU215CjBaWDF4RHQ0d0ovZHFpdGEvYTZ3bmFja1U3SklVUFlzSncvaU8xK01GRVowc0E0d3NtU3llVjBtOXBCaXhnRDMKTGxCRHlTMlVnVW5pajJGWVl0dmVTdWRlZmVBNkZwbldFZlp5L25ybVNxNnBPOXRsaFVtYWZEYU42emY5WmVOUwpwQUo2ZVVGbEppa295cjd6dy9ybHZwS20rMjFEeDNXOHloc1RHbEVIdDRkYlBsYnRIRjZraW5xcHZFMzV2Q0F6Ck10T0lOdDdRcVZoaUk1WVAzQS9mWjlVenZ0M2pXbWJSWFJXbVhhZFNpbHIxTEhObUFMckR6bUNhKzVDS3JIUzkKY0EzdStNLzFCV1JIOFdHcUhNc3dqTEY3cEN2WUdmaTNKVEtLcmRqZ0RVT1ZJYVBjdVp3T3AzQ3E5bmJoT3ovYwprNU04NkZISCtGbmVKUXpCZnhzWVJMMi9pWlJDYjB1N0hpdkVDVGN0VnZVZFIzaEtkUDN1bHVSWFlBTStvQ00yCkxLNkJ2cjltVVpQTVQ3RkQ0VzcydXpiemgrUWlXNmxDM21YMnl0aWM0M2NxZzJIOTJQTHNOQlNoM3lMTXhiVk0KbHI5SkxKeC9vNllvUDFOdjU1SENidz09Ci0tLS0tRU5EIENFUlRJRklDQVRFLS0tLS0K"
              }
            ],
            "master_authorized_networks_config": [],
            "master_version": "1.27.8-gke.1067004",
            "mesh_certificates": [],
            "min_master_version": null,
            "monitoring_config": [
              {
                "advanced_datapath_observability_config": [
                  {
                    "enable_metrics": false,
                    "enable_relay": false,
                    "relay_mode": "DISABLED"
                  }
                ],
                "enable_components": [
                  "SYSTEM_COMPONENTS"
                ],
                "managed_prometheus": [
                  {
                    "enabled": true
                  }
                ]
              }
            ],
            "monitoring_service": "monitoring.googleapis.com/kubernetes",
            "name": "hashicorp-393022-gke",
            "network": "projects/hashicorp-393022/global/networks/hashicorp-393022-vpc",
            "network_policy": [
              {
                "enabled": false,
                "provider": "PROVIDER_UNSPECIFIED"
              }
            ],
            "networking_mode": "VPC_NATIVE",
            "node_config": [
              {
                "advanced_machine_features": [],
                "boot_disk_kms_key": "",
                "confidential_nodes": [],
                "disk_size_gb": 10,
                "disk_type": "pd-balanced",
                "effective_taints": [],
                "enable_confidential_storage": false,
                "ephemeral_storage_local_ssd_config": [],
                "fast_socket": [],
                "gcfs_config": [],
                "guest_accelerator": [],
                "gvnic": [],
                "host_maintenance_policy": [],
                "image_type": "COS_CONTAINERD",
                "kubelet_config": [],
                "labels": {
                  "env": "hashicorp-393022"
                },
                "linux_node_config": [],
                "local_nvme_ssd_block_config": [],
                "local_ssd_count": 0,
                "logging_variant": "DEFAULT",
                "machine_type": "n1-standard-1",
                "metadata": {
                  "disable-legacy-endpoints": "true"
                },
                "min_cpu_platform": "",
                "node_group": "",
                "oauth_scopes": [
                  "https://www.googleapis.com/auth/logging.write",
                  "https://www.googleapis.com/auth/monitoring"
                ],
                "preemptible": true,
                "reservation_affinity": [],
                "resource_labels": {},
                "resource_manager_tags": {},
                "service_account": "default",
                "shielded_instance_config": [
                  {
                    "enable_integrity_monitoring": true,
                    "enable_secure_boot": false
                  }
                ],
                "sole_tenant_config": [],
                "spot": false,
                "tags": [
                  "gke-node",
                  "hashicorp-393022-gke"
                ],
                "taint": [],
                "workload_metadata_config": []
              }
            ],
            "node_locations": [
              "us-east1-b",
              "us-east1-c",
              "us-east1-d"
            ],
            "node_pool": [
              {
                "autoscaling": [],
                "initial_node_count": 2,
                "instance_group_urls": [
                  "https://www.googleapis.com/compute/v1/projects/hashicorp-393022/zones/us-east1-b/instanceGroupManagers/gke-hashicorp-393022-hashicorp-393022-15624f40-grp",
                  "https://www.googleapis.com/compute/v1/projects/hashicorp-393022/zones/us-east1-c/instanceGroupManagers/gke-hashicorp-393022-hashicorp-393022-961c299a-grp",
                  "https://www.googleapis.com/compute/v1/projects/hashicorp-393022/zones/us-east1-d/instanceGroupManagers/gke-hashicorp-393022-hashicorp-393022-973942d3-grp"
                ],
                "managed_instance_group_urls": [
                  "https://www.googleapis.com/compute/v1/projects/hashicorp-393022/zones/us-east1-b/instanceGroups/gke-hashicorp-393022-hashicorp-393022-15624f40-grp",
                  "https://www.googleapis.com/compute/v1/projects/hashicorp-393022/zones/us-east1-c/instanceGroups/gke-hashicorp-393022-hashicorp-393022-961c299a-grp",
                  "https://www.googleapis.com/compute/v1/projects/hashicorp-393022/zones/us-east1-d/instanceGroups/gke-hashicorp-393022-hashicorp-393022-973942d3-grp"
                ],
                "management": [
                  {
                    "auto_repair": true,
                    "auto_upgrade": true
                  }
                ],
                "max_pods_per_node": 110,
                "name": "hashicorp-393022-gke",
                "name_prefix": "",
                "network_config": [
                  {
                    "create_pod_range": false,
                    "enable_private_nodes": false,
                    "network_performance_config": [],
                    "pod_cidr_overprovision_config": [],
                    "pod_ipv4_cidr_block": "10.216.0.0/14",
                    "pod_range": "gke-hashicorp-393022-gke-pods-9602c9d7"
                  }
                ],
                "node_config": [
                  {
                    "advanced_machine_features": [],
                    "boot_disk_kms_key": "",
                    "confidential_nodes": [],
                    "disk_size_gb": 10,
                    "disk_type": "pd-balanced",
                    "effective_taints": [],
                    "enable_confidential_storage": false,
                    "ephemeral_storage_local_ssd_config": [],
                    "fast_socket": [],
                    "gcfs_config": [],
                    "guest_accelerator": [],
                    "gvnic": [],
                    "host_maintenance_policy": [],
                    "image_type": "COS_CONTAINERD",
                    "kubelet_config": [],
                    "labels": {
                      "env": "hashicorp-393022"
                    },
                    "linux_node_config": [],
                    "local_nvme_ssd_block_config": [],
                    "local_ssd_count": 0,
                    "logging_variant": "DEFAULT",
                    "machine_type": "n1-standard-1",
                    "metadata": {
                      "disable-legacy-endpoints": "true"
                    },
                    "min_cpu_platform": "",
                    "node_group": "",
                    "oauth_scopes": [
                      "https://www.googleapis.com/auth/logging.write",
                      "https://www.googleapis.com/auth/monitoring"
                    ],
                    "preemptible": true,
                    "reservation_affinity": [],
                    "resource_labels": {},
                    "resource_manager_tags": {},
                    "service_account": "default",
                    "shielded_instance_config": [
                      {
                        "enable_integrity_monitoring": true,
                        "enable_secure_boot": false
                      }
                    ],
                    "sole_tenant_config": [],
                    "spot": false,
                    "tags": [
                      "gke-node",
                      "hashicorp-393022-gke"
                    ],
                    "taint": [],
                    "workload_metadata_config": []
                  }
                ],
                "node_count": 2,
                "node_locations": [
                  "us-east1-b",
                  "us-east1-c",
                  "us-east1-d"
                ],
                "placement_policy": [],
                "upgrade_settings": [
                  {
                    "blue_green_settings": [],
                    "max_surge": 1,
                    "max_unavailable": 0,
                    "strategy": "SURGE"
                  }
                ],
                "version": "1.27.8-gke.1067004"
              }
            ],
            "node_pool_auto_config": [],
            "node_pool_defaults": [
              {
                "node_config_defaults": [
                  {
                    "logging_variant": "DEFAULT"
                  }
                ]
              }
            ],
            "node_version": "1.27.8-gke.1067004",
            "notification_config": [
              {
                "pubsub": [
                  {
                    "enabled": false,
                    "filter": [],
                    "topic": ""
                  }
                ]
              }
            ],
            "operation": null,
            "private_cluster_config": [
              {
                "enable_private_endpoint": false,
                "enable_private_nodes": false,
                "master_global_access_config": [
                  {
                    "enabled": false
                  }
                ],
                "master_ipv4_cidr_block": "",
                "peering_name": "",
                "private_endpoint": "10.10.0.2",
                "private_endpoint_subnetwork": "",
                "public_endpoint": "34.73.98.141"
              }
            ],
            "private_ipv6_google_access": "",
            "project": "hashicorp-393022",
            "release_channel": [
              {
                "channel": "REGULAR"
              }
            ],
            "remove_default_node_pool": true,
            "resource_labels": {},
            "resource_usage_export_config": [],
            "security_posture_config": [
              {
                "mode": "BASIC",
                "vulnerability_mode": "VULNERABILITY_MODE_UNSPECIFIED"
              }
            ],
            "self_link": "https://container.googleapis.com/v1/projects/hashicorp-393022/locations/us-east1/clusters/hashicorp-393022-gke",
            "service_external_ips_config": [
              {
                "enabled": false
              }
            ],
            "services_ipv4_cidr": "10.175.224.0/20",
            "subnetwork": "projects/hashicorp-393022/regions/us-east1/subnetworks/hashicorp-393022-subnet",
            "timeouts": null,
            "tpu_ipv4_cidr_block": "",
            "vertical_pod_autoscaling": [],
            "workload_identity_config": []
          },
          "sensitive_attributes": [],
          "private": "eyJlMmJmYjczMC1lY2FhLTExZTYtOGY4OC0zNDM2M2JjN2M0YzAiOnsiY3JlYXRlIjoyNDAwMDAwMDAwMDAwLCJkZWxldGUiOjI0MDAwMDAwMDAwMDAsInJlYWQiOjI0MDAwMDAwMDAwMDAsInVwZGF0ZSI6MzYwMDAwMDAwMDAwMH0sInNjaGVtYV92ZXJzaW9uIjoiMiJ9",
          "dependencies": [
            "module.gcp_vpc.google_compute_network.vpc",
            "module.gcp_vpc.google_compute_subnetwork.subnet"
          ]
        }
      ]
    },
    {
      "module": "module.gcp_gke",
      "mode": "managed",
      "type": "google_container_node_pool",
      "name": "primary_nodes",
      "provider": "provider[\"registry.terraform.io/hashicorp/google\"]",
      "instances": [
        {
          "schema_version": 1,
          "attributes": {
            "autoscaling": [],
            "cluster": "hashicorp-393022-gke",
            "id": "projects/hashicorp-393022/locations/us-east1/clusters/hashicorp-393022-gke/nodePools/hashicorp-393022-gke",
            "initial_node_count": 2,
            "instance_group_urls": [
              "https://www.googleapis.com/compute/v1/projects/hashicorp-393022/zones/us-east1-b/instanceGroupManagers/gke-hashicorp-393022-hashicorp-393022-15624f40-grp",
              "https://www.googleapis.com/compute/v1/projects/hashicorp-393022/zones/us-east1-c/instanceGroupManagers/gke-hashicorp-393022-hashicorp-393022-961c299a-grp",
              "https://www.googleapis.com/compute/v1/projects/hashicorp-393022/zones/us-east1-d/instanceGroupManagers/gke-hashicorp-393022-hashicorp-393022-973942d3-grp"
            ],
            "location": "us-east1",
            "managed_instance_group_urls": [
              "https://www.googleapis.com/compute/v1/projects/hashicorp-393022/zones/us-east1-b/instanceGroups/gke-hashicorp-393022-hashicorp-393022-15624f40-grp",
              "https://www.googleapis.com/compute/v1/projects/hashicorp-393022/zones/us-east1-c/instanceGroups/gke-hashicorp-393022-hashicorp-393022-961c299a-grp",
              "https://www.googleapis.com/compute/v1/projects/hashicorp-393022/zones/us-east1-d/instanceGroups/gke-hashicorp-393022-hashicorp-393022-973942d3-grp"
            ],
            "management": [
              {
                "auto_repair": true,
                "auto_upgrade": true
              }
            ],
            "max_pods_per_node": 110,
            "name": "hashicorp-393022-gke",
            "name_prefix": "",
            "network_config": [
              {
                "create_pod_range": false,
                "enable_private_nodes": false,
                "network_performance_config": [],
                "pod_cidr_overprovision_config": [],
                "pod_ipv4_cidr_block": "10.216.0.0/14",
                "pod_range": "gke-hashicorp-393022-gke-pods-9602c9d7"
              }
            ],
            "node_config": [
              {
                "advanced_machine_features": [],
                "boot_disk_kms_key": "",
                "confidential_nodes": [],
                "disk_size_gb": 10,
                "disk_type": "pd-balanced",
                "effective_taints": [],
                "enable_confidential_storage": false,
                "ephemeral_storage_local_ssd_config": [],
                "fast_socket": [],
                "gcfs_config": [],
                "guest_accelerator": [],
                "gvnic": [],
                "host_maintenance_policy": [],
                "image_type": "COS_CONTAINERD",
                "kubelet_config": [],
                "labels": {
                  "env": "hashicorp-393022"
                },
                "linux_node_config": [],
                "local_nvme_ssd_block_config": [],
                "local_ssd_count": 0,
                "logging_variant": "DEFAULT",
                "machine_type": "n1-standard-1",
                "metadata": {
                  "disable-legacy-endpoints": "true"
                },
                "min_cpu_platform": "",
                "node_group": "",
                "oauth_scopes": [
                  "https://www.googleapis.com/auth/logging.write",
                  "https://www.googleapis.com/auth/monitoring"
                ],
                "preemptible": true,
                "reservation_affinity": [],
                "resource_labels": {},
                "resource_manager_tags": {},
                "service_account": "default",
                "shielded_instance_config": [
                  {
                    "enable_integrity_monitoring": true,
                    "enable_secure_boot": false
                  }
                ],
                "sole_tenant_config": [],
                "spot": false,
                "tags": [
                  "gke-node",
                  "hashicorp-393022-gke"
                ],
                "taint": [],
                "workload_metadata_config": []
              }
            ],
            "node_count": 2,
            "node_locations": [
              "us-east1-b",
              "us-east1-c",
              "us-east1-d"
            ],
            "operation": null,
            "placement_policy": [],
            "project": "hashicorp-393022",
            "timeouts": null,
            "upgrade_settings": [
              {
                "blue_green_settings": [],
                "max_surge": 1,
                "max_unavailable": 0,
                "strategy": "SURGE"
              }
            ],
            "version": "1.27.8-gke.1067004"
          },
          "sensitive_attributes": [],
          "private": "eyJlMmJmYjczMC1lY2FhLTExZTYtOGY4OC0zNDM2M2JjN2M0YzAiOnsiY3JlYXRlIjoxODAwMDAwMDAwMDAwLCJkZWxldGUiOjE4MDAwMDAwMDAwMDAsInVwZGF0ZSI6MTgwMDAwMDAwMDAwMH0sInNjaGVtYV92ZXJzaW9uIjoiMSJ9",
          "dependencies": [
            "module.gcp_gke.data.google_container_engine_versions.gke_version",
            "module.gcp_gke.google_container_cluster.primary",
            "module.gcp_vpc.google_compute_network.vpc",
            "module.gcp_vpc.google_compute_subnetwork.subnet"
          ]
        }
      ]
    },
    {
      "module": "module.gcp_vpc",
      "mode": "managed",
      "type": "google_compute_network",
      "name": "vpc",
      "provider": "provider[\"registry.terraform.io/hashicorp/google\"]",
      "instances": [
        {
          "schema_version": 0,
          "attributes": {
            "auto_create_subnetworks": false,
            "delete_default_routes_on_create": false,
            "description": "",
            "enable_ula_internal_ipv6": false,
            "gateway_ipv4": "",
            "id": "projects/hashicorp-393022/global/networks/hashicorp-393022-vpc",
            "internal_ipv6_range": "",
            "mtu": 0,
            "name": "hashicorp-393022-vpc",
            "network_firewall_policy_enforcement_order": "AFTER_CLASSIC_FIREWALL",
            "numeric_id": "903074210645747082",
            "project": "hashicorp-393022",
            "routing_mode": "REGIONAL",
            "self_link": "https://www.googleapis.com/compute/v1/projects/hashicorp-393022/global/networks/hashicorp-393022-vpc",
            "timeouts": null
          },
          "sensitive_attributes": [],
          "private": "eyJlMmJmYjczMC1lY2FhLTExZTYtOGY4OC0zNDM2M2JjN2M0YzAiOnsiY3JlYXRlIjoxMjAwMDAwMDAwMDAwLCJkZWxldGUiOjEyMDAwMDAwMDAwMDAsInVwZGF0ZSI6MTIwMDAwMDAwMDAwMH19"
        }
      ]
    },
    {
      "module": "module.gcp_vpc",
      "mode": "managed",
      "type": "google_compute_subnetwork",
      "name": "subnet",
      "provider": "provider[\"registry.terraform.io/hashicorp/google\"]",
      "instances": [
        {
          "schema_version": 0,
          "attributes": {
            "creation_timestamp": "2024-03-17T00:27:55.739-07:00",
            "description": "",
            "external_ipv6_prefix": "",
            "fingerprint": null,
            "gateway_address": "10.10.0.1",
            "id": "projects/hashicorp-393022/regions/us-east1/subnetworks/hashicorp-393022-subnet",
            "internal_ipv6_prefix": "",
            "ip_cidr_range": "10.10.0.0/24",
            "ipv6_access_type": "",
            "ipv6_cidr_range": "",
            "log_config": [],
            "name": "hashicorp-393022-subnet",
            "network": "https://www.googleapis.com/compute/v1/projects/hashicorp-393022/global/networks/hashicorp-393022-vpc",
            "private_ip_google_access": true,
            "private_ipv6_google_access": "DISABLE_GOOGLE_ACCESS",
            "project": "hashicorp-393022",
            "purpose": "PRIVATE",
            "region": "us-east1",
            "role": "",
            "secondary_ip_range": [
              {
                "ip_cidr_range": "10.216.0.0/14",
                "range_name": "gke-hashicorp-393022-gke-pods-9602c9d7"
              },
              {
                "ip_cidr_range": "10.175.224.0/20",
                "range_name": "gke-hashicorp-393022-gke-services-9602c9d7"
              }
            ],
            "self_link": "https://www.googleapis.com/compute/v1/projects/hashicorp-393022/regions/us-east1/subnetworks/hashicorp-393022-subnet",
            "stack_type": "IPV4_ONLY",
            "timeouts": null
          },
          "sensitive_attributes": [],
          "private": "eyJlMmJmYjczMC1lY2FhLTExZTYtOGY4OC0zNDM2M2JjN2M0YzAiOnsiY3JlYXRlIjoxMjAwMDAwMDAwMDAwLCJkZWxldGUiOjEyMDAwMDAwMDAwMDAsInVwZGF0ZSI6MTIwMDAwMDAwMDAwMH19",
          "dependencies": [
            "module.gcp_vpc.google_compute_network.vpc"
          ]
        }
      ]
    },
    {
      "module": "module.istio",
      "mode": "managed",
      "type": "helm_release",
      "name": "istiobase",
      "provider": "provider[\"registry.terraform.io/hashicorp/helm\"]",
      "instances": [
        {
          "schema_version": 1,
          "attributes": {
            "atomic": false,
            "chart": "base",
            "cleanup_on_fail": false,
            "create_namespace": false,
            "dependency_update": false,
            "description": null,
            "devel": null,
            "disable_crd_hooks": false,
            "disable_openapi_validation": false,
            "disable_webhooks": false,
            "force_update": false,
            "id": "istiobase",
            "keyring": null,
            "lint": false,
            "manifest": null,
            "max_history": 0,
            "metadata": [
              {
                "app_version": "1.13.3",
                "chart": "base",
                "name": "istiobase",
                "namespace": "istio-system",
                "revision": 1,
                "values": "{}",
                "version": "1.13.3"
              }
            ],
            "name": "istiobase",
            "namespace": "istio-system",
            "pass_credentials": false,
            "postrender": [],
            "recreate_pods": false,
            "render_subchart_notes": true,
            "replace": false,
            "repository": "https://istio-release.storage.googleapis.com/charts",
            "repository_ca_file": null,
            "repository_cert_file": null,
            "repository_key_file": null,
            "repository_password": null,
            "repository_username": null,
            "reset_values": false,
            "reuse_values": false,
            "set": [],
            "set_list": [],
            "set_sensitive": [],
            "skip_crds": false,
            "status": "deployed",
            "timeout": 300,
            "values": null,
            "verify": false,
            "version": "1.13.3",
            "wait": true,
            "wait_for_jobs": false
          },
          "sensitive_attributes": [],
          "private": "eyJzY2hlbWFfdmVyc2lvbiI6IjEifQ==",
          "dependencies": [
            "data.google_client_config.current",
            "kubernetes_namespace.main",
            "module.gcp_gke.data.google_container_engine_versions.gke_version",
            "module.gcp_gke.google_container_cluster.primary",
            "module.gcp_gke.google_container_node_pool.primary_nodes",
            "module.gcp_vpc.google_compute_network.vpc",
            "module.gcp_vpc.google_compute_subnetwork.subnet",
            "module.istio.kubernetes_namespace.istiosystem"
          ]
        }
      ]
    },
    {
      "module": "module.istio",
      "mode": "managed",
      "type": "kubernetes_namespace",
      "name": "istiosystem",
      "provider": "provider[\"registry.terraform.io/hashicorp/kubernetes\"]",
      "instances": [
        {
          "schema_version": 0,
          "attributes": {
            "id": "istio-system",
            "metadata": [
              {
                "annotations": {},
                "generate_name": "",
                "generation": 0,
                "labels": {},
                "name": "istio-system",
                "resource_version": "6772",
                "uid": "33aea65c-4ce9-4886-b4f2-c2f4d04bc424"
              }
            ],
            "timeouts": null
          },
          "sensitive_attributes": [],
          "private": "eyJlMmJmYjczMC1lY2FhLTExZTYtOGY4OC0zNDM2M2JjN2M0YzAiOnsiZGVsZXRlIjozMDAwMDAwMDAwMDB9fQ==",
          "dependencies": [
            "data.google_client_config.current",
            "kubernetes_namespace.main",
            "module.gcp_gke.data.google_container_engine_versions.gke_version",
            "module.gcp_gke.google_container_cluster.primary",
            "module.gcp_gke.google_container_node_pool.primary_nodes",
            "module.gcp_vpc.google_compute_network.vpc",
            "module.gcp_vpc.google_compute_subnetwork.subnet"
          ]
        }
      ]
    },
    {
      "module": "module.orders",
      "mode": "managed",
      "type": "kubernetes_deployment",
      "name": "order-srv-deployment",
      "provider": "provider[\"registry.terraform.io/hashicorp/kubernetes\"]",
      "instances": [
        {
          "schema_version": 1,
          "attributes": {
            "id": "k8s-microservices/order-srv-deployment",
            "metadata": [
              {
                "annotations": null,
                "generate_name": "",
                "generation": 1,
                "labels": {
                  "app": "order-service"
                },
                "name": "order-srv-deployment",
                "namespace": "k8s-microservices",
                "resource_version": "30933",
                "uid": "39401012-9a86-47f6-8c43-4f420201a303"
              }
            ],
            "spec": [
              {
                "min_ready_seconds": 0,
                "paused": false,
                "progress_deadline_seconds": 600,
                "replicas": "1",
                "revision_history_limit": 10,
                "selector": [
                  {
                    "match_expressions": [],
                    "match_labels": {
                      "app": "order-service"
                    }
                  }
                ],
                "strategy": [
                  {
                    "rolling_update": [
                      {
                        "max_surge": "25%",
                        "max_unavailable": "25%"
                      }
                    ],
                    "type": "RollingUpdate"
                  }
                ],
                "template": [
                  {
                    "metadata": [
                      {
                        "annotations": null,
                        "generate_name": "",
                        "generation": 0,
                        "labels": {
                          "app": "order-service"
                        },
                        "name": "",
                        "namespace": "",
                        "resource_version": "",
                        "uid": ""
                      }
                    ],
                    "spec": [
                      {
                        "active_deadline_seconds": 0,
                        "affinity": [],
                        "automount_service_account_token": true,
                        "container": [
                          {
                            "args": null,
                            "command": null,
                            "env": [
                              {
                                "name": "PORT",
                                "value": ":50053",
                                "value_from": []
                              },
                              {
                                "name": "DB_URL",
                                "value": "postgres://erwin:password@order-database.k8s-microservices:5236/order",
                                "value_from": []
                              },
                              {
                                "name": "PRODUCT_SVC_URL",
                                "value": "product-service.k8s-microservices:82",
                                "value_from": []
                              }
                            ],
                            "env_from": [],
                            "image": "erwinsalas42/go-grpc-order-svc:v1",
                            "image_pull_policy": "IfNotPresent",
                            "lifecycle": [],
                            "liveness_probe": [],
                            "name": "go-grpc-order-svc",
                            "port": [
                              {
                                "container_port": 50053,
                                "host_ip": "",
                                "host_port": 0,
                                "name": "",
                                "protocol": "TCP"
                              }
                            ],
                            "readiness_probe": [],
                            "resources": [
                              {
                                "limits": {
                                  "cpu": "500m",
                                  "memory": "512Mi"
                                },
                                "requests": {
                                  "cpu": "250m",
                                  "memory": "50Mi"
                                }
                              }
                            ],
                            "security_context": [],
                            "startup_probe": [],
                            "stdin": false,
                            "stdin_once": false,
                            "termination_message_path": "/dev/termination-log",
                            "termination_message_policy": "File",
                            "tty": false,
                            "volume_mount": [],
                            "working_dir": ""
                          }
                        ],
                        "dns_config": [],
                        "dns_policy": "ClusterFirst",
                        "enable_service_links": true,
                        "host_aliases": [],
                        "host_ipc": false,
                        "host_network": false,
                        "host_pid": false,
                        "hostname": "",
                        "image_pull_secrets": [],
                        "init_container": [],
                        "node_name": "",
                        "node_selector": null,
                        "priority_class_name": "",
                        "readiness_gate": [],
                        "restart_policy": "Always",
                        "security_context": [],
                        "service_account_name": "",
                        "share_process_namespace": false,
                        "subdomain": "",
                        "termination_grace_period_seconds": 30,
                        "toleration": [],
                        "topology_spread_constraint": [],
                        "volume": []
                      }
                    ]
                  }
                ]
              }
            ],
            "timeouts": null,
            "wait_for_rollout": true
          },
          "sensitive_attributes": [],
          "private": "eyJlMmJmYjczMC1lY2FhLTExZTYtOGY4OC0zNDM2M2JjN2M0YzAiOnsiY3JlYXRlIjo2MDAwMDAwMDAwMDAsImRlbGV0ZSI6NjAwMDAwMDAwMDAwLCJ1cGRhdGUiOjYwMDAwMDAwMDAwMH0sInNjaGVtYV92ZXJzaW9uIjoiMSJ9",
          "dependencies": [
            "data.google_client_config.current",
            "kubernetes_namespace.main",
            "module.gcp_gke.google_container_cluster.primary",
            "module.gcp_vpc.google_compute_network.vpc",
            "module.gcp_vpc.google_compute_subnetwork.subnet",
            "module.orders.kubernetes_service.order-db-service"
          ]
        }
      ]
    },
    {
      "module": "module.orders",
      "mode": "managed",
      "type": "kubernetes_service",
      "name": "order-db-service",
      "provider": "provider[\"registry.terraform.io/hashicorp/kubernetes\"]",
      "instances": [
        {
          "schema_version": 1,
          "attributes": {
            "id": "k8s-microservices/order-database",
            "metadata": [
              {
                "annotations": {},
                "generate_name": "",
                "generation": 0,
                "labels": {
                  "app": "order-database"
                },
                "name": "order-database",
                "namespace": "k8s-microservices",
                "resource_version": "11997",
                "uid": "cc2795b0-6618-4448-a6a0-e38ae03c31b9"
              }
            ],
            "spec": [
              {
                "cluster_ip": "10.175.239.246",
                "external_ips": [],
                "external_name": "",
                "external_traffic_policy": "",
                "health_check_node_port": 0,
                "ip_families": [
                  "IPv4"
                ],
                "ip_family_policy": "SingleStack",
                "load_balancer_ip": "",
                "load_balancer_source_ranges": [],
                "port": [
                  {
                    "app_protocol": "",
                    "name": "",
                    "node_port": 0,
                    "port": 5236,
                    "protocol": "TCP",
                    "target_port": "5236"
                  }
                ],
                "publish_not_ready_addresses": false,
                "selector": {
                  "app": "order-database"
                },
                "session_affinity": "None",
                "type": "ClusterIP"
              }
            ],
            "status": [
              {
                "load_balancer": [
                  {
                    "ingress": []
                  }
                ]
              }
            ],
            "timeouts": null,
            "wait_for_load_balancer": true
          },
          "sensitive_attributes": [],
          "private": "eyJlMmJmYjczMC1lY2FhLTExZTYtOGY4OC0zNDM2M2JjN2M0YzAiOnsiY3JlYXRlIjo2MDAwMDAwMDAwMDB9LCJzY2hlbWFfdmVyc2lvbiI6IjEifQ==",
          "dependencies": [
            "data.google_client_config.current",
            "kubernetes_namespace.main",
            "module.gcp_gke.data.google_container_engine_versions.gke_version",
            "module.gcp_gke.google_container_cluster.primary",
            "module.gcp_gke.google_container_node_pool.primary_nodes",
            "module.gcp_vpc.google_compute_network.vpc",
            "module.gcp_vpc.google_compute_subnetwork.subnet",
            "module.orders.kubernetes_stateful_set_v1.order-db-statefulset"
          ]
        }
      ]
    },
    {
      "module": "module.orders",
      "mode": "managed",
      "type": "kubernetes_service",
      "name": "order-service",
      "provider": "provider[\"registry.terraform.io/hashicorp/kubernetes\"]",
      "instances": [
        {
          "schema_version": 1,
          "attributes": {
            "id": "k8s-microservices/order-service",
            "metadata": [
              {
                "annotations": {
                  "cloud.google.com/neg": "{\"ingress\":true}"
                },
                "generate_name": "",
                "generation": 0,
                "labels": null,
                "name": "order-service",
                "namespace": "k8s-microservices",
                "resource_version": "30940",
                "uid": "52be7229-d1b2-4d18-8853-f3eff619dffb"
              }
            ],
            "spec": [
              {
                "cluster_ip": "10.175.229.56",
                "external_ips": null,
                "external_name": "",
                "external_traffic_policy": "",
                "health_check_node_port": 0,
                "ip_families": [
                  "IPv4"
                ],
                "ip_family_policy": "SingleStack",
                "load_balancer_ip": "",
                "load_balancer_source_ranges": null,
                "port": [
                  {
                    "app_protocol": "",
                    "name": "grpc",
                    "node_port": 0,
                    "port": 81,
                    "protocol": "TCP",
                    "target_port": "50053"
                  }
                ],
                "publish_not_ready_addresses": false,
                "selector": {
                  "app": "order-service"
                },
                "session_affinity": "None",
                "type": "ClusterIP"
              }
            ],
            "status": [
              {
                "load_balancer": [
                  {
                    "ingress": []
                  }
                ]
              }
            ],
            "timeouts": null,
            "wait_for_load_balancer": true
          },
          "sensitive_attributes": [],
          "private": "eyJlMmJmYjczMC1lY2FhLTExZTYtOGY4OC0zNDM2M2JjN2M0YzAiOnsiY3JlYXRlIjo2MDAwMDAwMDAwMDB9LCJzY2hlbWFfdmVyc2lvbiI6IjEifQ==",
          "dependencies": [
            "data.google_client_config.current",
            "kubernetes_namespace.main",
            "module.gcp_gke.google_container_cluster.primary",
            "module.gcp_vpc.google_compute_network.vpc",
            "module.gcp_vpc.google_compute_subnetwork.subnet",
            "module.orders.kubernetes_deployment.order-srv-deployment",
            "module.orders.kubernetes_service.order-db-service"
          ]
        }
      ]
    },
    {
      "module": "module.orders",
      "mode": "managed",
      "type": "kubernetes_stateful_set_v1",
      "name": "order-db-statefulset",
      "provider": "provider[\"registry.terraform.io/hashicorp/kubernetes\"]",
      "instances": [
        {
          "schema_version": 1,
          "attributes": {
            "id": "k8s-microservices/order-db-statefulset",
            "metadata": [
              {
                "annotations": {},
                "generate_name": "",
                "generation": 2,
                "labels": {
                  "app": "order-database"
                },
                "name": "order-db-statefulset",
                "namespace": "k8s-microservices",
                "resource_version": "11993",
                "uid": "54afc136-de0e-437d-84bd-37a89af9c270"
              }
            ],
            "spec": [
              {
                "pod_management_policy": "OrderedReady",
                "replicas": "1",
                "revision_history_limit": 0,
                "selector": [
                  {
                    "match_expressions": [],
                    "match_labels": {
                      "app": "order-database"
                    }
                  }
                ],
                "service_name": "order-db-statefulset",
                "template": [
                  {
                    "metadata": [
                      {
                        "annotations": {},
                        "generate_name": "",
                        "generation": 0,
                        "labels": {
                          "app": "order-database"
                        },
                        "name": "",
                        "resource_version": "",
                        "uid": ""
                      }
                    ],
                    "spec": [
                      {
                        "active_deadline_seconds": 0,
                        "affinity": [],
                        "automount_service_account_token": true,
                        "container": [
                          {
                            "args": [
                              "-p",
                              "5236"
                            ],
                            "command": [],
                            "env": [
                              {
                                "name": "POSTGRES_USER",
                                "value": "erwin",
                                "value_from": []
                              },
                              {
                                "name": "POSTGRES_PASSWORD",
                                "value": "password",
                                "value_from": []
                              },
                              {
                                "name": "POSTGRES_DB",
                                "value": "order",
                                "value_from": []
                              }
                            ],
                            "env_from": [],
                            "image": "postgres:latest",
                            "image_pull_policy": "Always",
                            "lifecycle": [],
                            "liveness_probe": [],
                            "name": "order-database",
                            "port": [
                              {
                                "container_port": 5236,
                                "host_ip": "",
                                "host_port": 0,
                                "name": "",
                                "protocol": "TCP"
                              }
                            ],
                            "readiness_probe": [],
                            "resources": [
                              {
                                "limits": {
                                  "cpu": "500m",
                                  "memory": "512Mi"
                                },
                                "requests": {
                                  "cpu": "250m",
                                  "memory": "50Mi"
                                }
                              }
                            ],
                            "security_context": [],
                            "startup_probe": [],
                            "stdin": false,
                            "stdin_once": false,
                            "termination_message_path": "/dev/termination-log",
                            "termination_message_policy": "File",
                            "tty": false,
                            "volume_mount": [],
                            "working_dir": ""
                          }
                        ],
                        "dns_config": [],
                        "dns_policy": "ClusterFirst",
                        "enable_service_links": true,
                        "host_aliases": [],
                        "host_ipc": false,
                        "host_network": false,
                        "host_pid": false,
                        "hostname": "",
                        "image_pull_secrets": [],
                        "init_container": [],
                        "node_name": "",
                        "node_selector": {},
                        "priority_class_name": "",
                        "readiness_gate": [],
                        "restart_policy": "Always",
                        "security_context": [],
                        "service_account_name": "",
                        "share_process_namespace": false,
                        "subdomain": "",
                        "termination_grace_period_seconds": 30,
                        "toleration": [],
                        "topology_spread_constraint": [],
                        "volume": []
                      }
                    ]
                  }
                ],
                "update_strategy": [],
                "volume_claim_template": []
              }
            ],
            "timeouts": null,
            "wait_for_rollout": true
          },
          "sensitive_attributes": [],
          "private": "eyJlMmJmYjczMC1lY2FhLTExZTYtOGY4OC0zNDM2M2JjN2M0YzAiOnsiY3JlYXRlIjo2MDAwMDAwMDAwMDAsImRlbGV0ZSI6NjAwMDAwMDAwMDAwLCJyZWFkIjo2MDAwMDAwMDAwMDAsInVwZGF0ZSI6NjAwMDAwMDAwMDAwfSwic2NoZW1hX3ZlcnNpb24iOiIxIn0=",
          "dependencies": [
            "data.google_client_config.current",
            "kubernetes_namespace.main",
            "module.gcp_gke.data.google_container_engine_versions.gke_version",
            "module.gcp_gke.google_container_cluster.primary",
            "module.gcp_gke.google_container_node_pool.primary_nodes",
            "module.gcp_vpc.google_compute_network.vpc",
            "module.gcp_vpc.google_compute_subnetwork.subnet"
          ]
        }
      ]
    },
    {
      "module": "module.products",
      "mode": "managed",
      "type": "kubernetes_deployment",
      "name": "product-srv-deployment",
      "provider": "provider[\"registry.terraform.io/hashicorp/kubernetes\"]",
      "instances": [
        {
          "schema_version": 1,
          "attributes": {
            "id": "k8s-microservices/product-srv-deployment",
            "metadata": [
              {
                "annotations": {},
                "generate_name": "",
                "generation": 2,
                "labels": {
                  "app": "product-service"
                },
                "name": "product-srv-deployment",
                "namespace": "k8s-microservices",
                "resource_version": "21499",
                "uid": "62c939f6-9bc6-4470-9988-65560b516265"
              }
            ],
            "spec": [
              {
                "min_ready_seconds": 0,
                "paused": false,
                "progress_deadline_seconds": 600,
                "replicas": "1",
                "revision_history_limit": 10,
                "selector": [
                  {
                    "match_expressions": [],
                    "match_labels": {
                      "app": "product-service"
                    }
                  }
                ],
                "strategy": [
                  {
                    "rolling_update": [
                      {
                        "max_surge": "25%",
                        "max_unavailable": "25%"
                      }
                    ],
                    "type": "RollingUpdate"
                  }
                ],
                "template": [
                  {
                    "metadata": [
                      {
                        "annotations": {},
                        "generate_name": "",
                        "generation": 0,
                        "labels": {
                          "app": "product-service"
                        },
                        "name": "",
                        "namespace": "",
                        "resource_version": "",
                        "uid": ""
                      }
                    ],
                    "spec": [
                      {
                        "active_deadline_seconds": 0,
                        "affinity": [],
                        "automount_service_account_token": true,
                        "container": [
                          {
                            "args": [],
                            "command": [],
                            "env": [
                              {
                                "name": "PORT",
                                "value": ":50054",
                                "value_from": []
                              },
                              {
                                "name": "DB_URL",
                                "value": "postgres://erwin:password@product-database.k8s-microservices:5237/product",
                                "value_from": []
                              }
                            ],
                            "env_from": [],
                            "image": "erwinsalas42/go-grpc-product-svc:v1.1",
                            "image_pull_policy": "IfNotPresent",
                            "lifecycle": [],
                            "liveness_probe": [],
                            "name": "product-service",
                            "port": [
                              {
                                "container_port": 50054,
                                "host_ip": "",
                                "host_port": 0,
                                "name": "",
                                "protocol": "TCP"
                              }
                            ],
                            "readiness_probe": [],
                            "resources": [
                              {
                                "limits": {
                                  "cpu": "500m",
                                  "memory": "512Mi"
                                },
                                "requests": {
                                  "cpu": "250m",
                                  "memory": "50Mi"
                                }
                              }
                            ],
                            "security_context": [],
                            "startup_probe": [],
                            "stdin": false,
                            "stdin_once": false,
                            "termination_message_path": "/dev/termination-log",
                            "termination_message_policy": "File",
                            "tty": false,
                            "volume_mount": [],
                            "working_dir": ""
                          }
                        ],
                        "dns_config": [],
                        "dns_policy": "ClusterFirst",
                        "enable_service_links": true,
                        "host_aliases": [],
                        "host_ipc": false,
                        "host_network": false,
                        "host_pid": false,
                        "hostname": "",
                        "image_pull_secrets": [],
                        "init_container": [],
                        "node_name": "",
                        "node_selector": {},
                        "priority_class_name": "",
                        "readiness_gate": [],
                        "restart_policy": "Always",
                        "security_context": [],
                        "service_account_name": "",
                        "share_process_namespace": false,
                        "subdomain": "",
                        "termination_grace_period_seconds": 30,
                        "toleration": [],
                        "topology_spread_constraint": [],
                        "volume": []
                      }
                    ]
                  }
                ]
              }
            ],
            "timeouts": null,
            "wait_for_rollout": true
          },
          "sensitive_attributes": [],
          "private": "eyJlMmJmYjczMC1lY2FhLTExZTYtOGY4OC0zNDM2M2JjN2M0YzAiOnsiY3JlYXRlIjo2MDAwMDAwMDAwMDAsImRlbGV0ZSI6NjAwMDAwMDAwMDAwLCJ1cGRhdGUiOjYwMDAwMDAwMDAwMH0sInNjaGVtYV92ZXJzaW9uIjoiMSJ9",
          "dependencies": [
            "data.google_client_config.current",
            "kubernetes_namespace.main",
            "module.gcp_gke.data.google_container_engine_versions.gke_version",
            "module.gcp_gke.google_container_cluster.primary",
            "module.gcp_gke.google_container_node_pool.primary_nodes",
            "module.gcp_vpc.google_compute_network.vpc",
            "module.gcp_vpc.google_compute_subnetwork.subnet",
            "module.products.kubernetes_service.product-db-service",
            "module.products.kubernetes_stateful_set_v1.product-db-statefulset"
          ]
        }
      ]
    },
    {
      "module": "module.products",
      "mode": "managed",
      "type": "kubernetes_service",
      "name": "product-db-service",
      "provider": "provider[\"registry.terraform.io/hashicorp/kubernetes\"]",
      "instances": [
        {
          "schema_version": 1,
          "attributes": {
            "id": "k8s-microservices/product-database",
            "metadata": [
              {
                "annotations": {},
                "generate_name": "",
                "generation": 0,
                "labels": {
                  "app": "product-database"
                },
                "name": "product-database",
                "namespace": "k8s-microservices",
                "resource_version": "11994",
                "uid": "fa931278-e129-47fc-84cf-c0adad3b7071"
              }
            ],
            "spec": [
              {
                "cluster_ip": "10.175.238.123",
                "external_ips": [],
                "external_name": "",
                "external_traffic_policy": "",
                "health_check_node_port": 0,
                "ip_families": [
                  "IPv4"
                ],
                "ip_family_policy": "SingleStack",
                "load_balancer_ip": "",
                "load_balancer_source_ranges": [],
                "port": [
                  {
                    "app_protocol": "",
                    "name": "",
                    "node_port": 0,
                    "port": 5237,
                    "protocol": "TCP",
                    "target_port": "5237"
                  }
                ],
                "publish_not_ready_addresses": false,
                "selector": {
                  "app": "product-database"
                },
                "session_affinity": "None",
                "type": "ClusterIP"
              }
            ],
            "status": [
              {
                "load_balancer": [
                  {
                    "ingress": []
                  }
                ]
              }
            ],
            "timeouts": null,
            "wait_for_load_balancer": true
          },
          "sensitive_attributes": [],
          "private": "eyJlMmJmYjczMC1lY2FhLTExZTYtOGY4OC0zNDM2M2JjN2M0YzAiOnsiY3JlYXRlIjo2MDAwMDAwMDAwMDB9LCJzY2hlbWFfdmVyc2lvbiI6IjEifQ==",
          "dependencies": [
            "data.google_client_config.current",
            "kubernetes_namespace.main",
            "module.gcp_gke.data.google_container_engine_versions.gke_version",
            "module.gcp_gke.google_container_cluster.primary",
            "module.gcp_gke.google_container_node_pool.primary_nodes",
            "module.gcp_vpc.google_compute_network.vpc",
            "module.gcp_vpc.google_compute_subnetwork.subnet",
            "module.products.kubernetes_stateful_set_v1.product-db-statefulset"
          ]
        }
      ]
    },
    {
      "module": "module.products",
      "mode": "managed",
      "type": "kubernetes_service",
      "name": "product-service",
      "provider": "provider[\"registry.terraform.io/hashicorp/kubernetes\"]",
      "instances": [
        {
          "schema_version": 1,
          "attributes": {
            "id": "k8s-microservices/product-service",
            "metadata": [
              {
                "annotations": {},
                "generate_name": "",
                "generation": 0,
                "labels": {},
                "name": "product-service",
                "namespace": "k8s-microservices",
                "resource_version": "11943",
                "uid": "f34e206e-38fc-43a1-b2cd-e0512586ae12"
              }
            ],
            "spec": [
              {
                "cluster_ip": "10.175.227.243",
                "external_ips": [],
                "external_name": "",
                "external_traffic_policy": "",
                "health_check_node_port": 0,
                "ip_families": [
                  "IPv4"
                ],
                "ip_family_policy": "SingleStack",
                "load_balancer_ip": "",
                "load_balancer_source_ranges": [],
                "port": [
                  {
                    "app_protocol": "",
                    "name": "grpc",
                    "node_port": 0,
                    "port": 82,
                    "protocol": "TCP",
                    "target_port": "50054"
                  }
                ],
                "publish_not_ready_addresses": false,
                "selector": {
                  "app": "product-service"
                },
                "session_affinity": "None",
                "type": "ClusterIP"
              }
            ],
            "status": [
              {
                "load_balancer": [
                  {
                    "ingress": []
                  }
                ]
              }
            ],
            "timeouts": null,
            "wait_for_load_balancer": true
          },
          "sensitive_attributes": [],
          "private": "eyJlMmJmYjczMC1lY2FhLTExZTYtOGY4OC0zNDM2M2JjN2M0YzAiOnsiY3JlYXRlIjo2MDAwMDAwMDAwMDB9LCJzY2hlbWFfdmVyc2lvbiI6IjEifQ==",
          "dependencies": [
            "data.google_client_config.current",
            "kubernetes_namespace.main",
            "module.gcp_gke.data.google_container_engine_versions.gke_version",
            "module.gcp_gke.google_container_cluster.primary",
            "module.gcp_gke.google_container_node_pool.primary_nodes",
            "module.gcp_vpc.google_compute_network.vpc",
            "module.gcp_vpc.google_compute_subnetwork.subnet",
            "module.products.kubernetes_deployment.product-srv-deployment",
            "module.products.kubernetes_service.product-db-service",
            "module.products.kubernetes_stateful_set_v1.product-db-statefulset"
          ]
        }
      ]
    },
    {
      "module": "module.products",
      "mode": "managed",
      "type": "kubernetes_stateful_set_v1",
      "name": "product-db-statefulset",
      "provider": "provider[\"registry.terraform.io/hashicorp/kubernetes\"]",
      "instances": [
        {
          "schema_version": 1,
          "attributes": {
            "id": "k8s-microservices/product-db-statefulset",
            "metadata": [
              {
                "annotations": {},
                "generate_name": "",
                "generation": 2,
                "labels": {
                  "app": "product-database"
                },
                "name": "product-db-statefulset",
                "namespace": "k8s-microservices",
                "resource_version": "12002",
                "uid": "7d7db192-9652-42ac-8e68-0c0d5a92ab84"
              }
            ],
            "spec": [
              {
                "pod_management_policy": "OrderedReady",
                "replicas": "1",
                "revision_history_limit": 0,
                "selector": [
                  {
                    "match_expressions": [],
                    "match_labels": {
                      "app": "product-database"
                    }
                  }
                ],
                "service_name": "product-db-statefulset",
                "template": [
                  {
                    "metadata": [
                      {
                        "annotations": {},
                        "generate_name": "",
                        "generation": 0,
                        "labels": {
                          "app": "product-database"
                        },
                        "name": "",
                        "resource_version": "",
                        "uid": ""
                      }
                    ],
                    "spec": [
                      {
                        "active_deadline_seconds": 0,
                        "affinity": [],
                        "automount_service_account_token": true,
                        "container": [
                          {
                            "args": [
                              "-p",
                              "5237"
                            ],
                            "command": [],
                            "env": [
                              {
                                "name": "POSTGRES_USER",
                                "value": "erwin",
                                "value_from": []
                              },
                              {
                                "name": "POSTGRES_PASSWORD",
                                "value": "password",
                                "value_from": []
                              },
                              {
                                "name": "POSTGRES_DB",
                                "value": "product",
                                "value_from": []
                              }
                            ],
                            "env_from": [],
                            "image": "postgres:latest",
                            "image_pull_policy": "Always",
                            "lifecycle": [],
                            "liveness_probe": [],
                            "name": "product-database",
                            "port": [
                              {
                                "container_port": 5237,
                                "host_ip": "",
                                "host_port": 0,
                                "name": "",
                                "protocol": "TCP"
                              }
                            ],
                            "readiness_probe": [],
                            "resources": [
                              {
                                "limits": {
                                  "cpu": "500m",
                                  "memory": "512Mi"
                                },
                                "requests": {
                                  "cpu": "250m",
                                  "memory": "50Mi"
                                }
                              }
                            ],
                            "security_context": [],
                            "startup_probe": [],
                            "stdin": false,
                            "stdin_once": false,
                            "termination_message_path": "/dev/termination-log",
                            "termination_message_policy": "File",
                            "tty": false,
                            "volume_mount": [],
                            "working_dir": ""
                          }
                        ],
                        "dns_config": [],
                        "dns_policy": "ClusterFirst",
                        "enable_service_links": true,
                        "host_aliases": [],
                        "host_ipc": false,
                        "host_network": false,
                        "host_pid": false,
                        "hostname": "",
                        "image_pull_secrets": [],
                        "init_container": [],
                        "node_name": "",
                        "node_selector": {},
                        "priority_class_name": "",
                        "readiness_gate": [],
                        "restart_policy": "Always",
                        "security_context": [],
                        "service_account_name": "",
                        "share_process_namespace": false,
                        "subdomain": "",
                        "termination_grace_period_seconds": 30,
                        "toleration": [],
                        "topology_spread_constraint": [],
                        "volume": []
                      }
                    ]
                  }
                ],
                "update_strategy": [],
                "volume_claim_template": []
              }
            ],
            "timeouts": null,
            "wait_for_rollout": true
          },
          "sensitive_attributes": [],
          "private": "eyJlMmJmYjczMC1lY2FhLTExZTYtOGY4OC0zNDM2M2JjN2M0YzAiOnsiY3JlYXRlIjo2MDAwMDAwMDAwMDAsImRlbGV0ZSI6NjAwMDAwMDAwMDAwLCJyZWFkIjo2MDAwMDAwMDAwMDAsInVwZGF0ZSI6NjAwMDAwMDAwMDAwfSwic2NoZW1hX3ZlcnNpb24iOiIxIn0=",
          "dependencies": [
            "data.google_client_config.current",
            "kubernetes_namespace.main",
            "module.gcp_gke.data.google_container_engine_versions.gke_version",
            "module.gcp_gke.google_container_cluster.primary",
            "module.gcp_gke.google_container_node_pool.primary_nodes",
            "module.gcp_vpc.google_compute_network.vpc",
            "module.gcp_vpc.google_compute_subnetwork.subnet"
          ]
        }
      ]
    }
  ],
  "check_results": null
}
