{
  "version": 4,
  "terraform_version": "1.5.7",
  "serial": 129,
  "lineage": "369dad42-d270-56fc-7e0d-16afedb9ca34",
  "outputs": {
    "lb_ip": {
      "value": "34.73.131.55",
      "type": "string"
    }
  },
  "resources": [
    {
      "mode": "data",
      "type": "google_client_config",
      "name": "current",
      "provider": "provider[\"registry.terraform.io/hashicorp/google\"]",
      "instances": [
        {
          "schema_version": 0,
          "attributes": {
            "access_token": "ya29.c.c0AY_VpZhDvOtMFtwmgAINCx4I-3zSy_8zyuCcv_Q0sA8O31ia6o7e5D0JUUAjgYS2A-CB9SMqR_LCyQ9hWFpX8b-mNIcrhq1U2BM9LlBtDMsLQLhcByOMvrFc5YvLTtsFxBLxfAahBS8mlfpr1Ly7SwqCukYUMFoBQhSOUL8JOtczgCLWrBHmORjIsNiaffFUCUKpwiEPVI_8beN4uAgCxwHxolB_YX4_nhNkmeJdo7RHaFK0QR05Sitozln2q8RCuRIwBpGJ3yiTCL-Jf4otnlOjErtoSExIowGfGoYrhVs7guPX391GHEs3ru6cJo3RaKYVhLZm_X2aPRO0x6BEYX2RN0EGITjexigjYuL5ksZl7MieCjb9KeetN385KdcXkw-wviyZjrlXZ4-jqWFcqrhgahSvSqQtuyzmthdV31Xz5xOB6fqUiph8kelYBR1bihq_ypUqRcg74talIsr4i2cQZUggfr2wnqsckBeu2Ilfbi3blXgvnOogM8S9oVJ5hpS0b-e0p5rwwSttqUthzeW47t8v01yhwxqoz-U52joaekXu0_6Oc4iSX20Yysq36R2MYVf3g51ctyQ_c1hjYR-jSXj3FlmmnQaMs5rRO9odRaegtFazeR3b5b-1eO02tp62keWsQ2z3RcQWdyQ6SyJi4lteUm6RVts6F-QiS0neozp3itka8_yRjSudRon1fQyiF6xwVococVeI70oUgIRVjxdtYs7zYW3rexnxsb1i1OznM2aYRlvXR90qct1u1762Q7Z6256geJcRZ0QwIRV7yjbcWRqqb31egZy0Qphe9c4eYkyiMd5IXqQ2rS32f7wmkatQhW4_9J7Yk3W0q8Uo-y_5VnwxVsUypjre_YMw9ZceFzmuxmszenloVavt5JWw5hj7_ke843gqBY4xpkbtqUStalSIwFyfkkZ9Ir2hiwSYRpglRZjbXcReyX1Bq912SlgwXzsixziai1F7Zt3IhY3jM7jZ0x36jpIIqb-YIfaap6iV03j",
            "id": "projects/\"hashicorp-393022\"/regions/\"us-east1\"/zones/\"us-east1-b\"",
            "project": "hashicorp-393022",
            "region": "us-east1",
            "zone": "us-east1-b"
          },
          "sensitive_attributes": []
        }
      ]
    },
    {
      "mode": "managed",
      "type": "kubernetes_namespace",
      "name": "ingress",
      "provider": "provider[\"registry.terraform.io/hashicorp/kubernetes\"]",
      "instances": [
        {
          "schema_version": 0,
          "attributes": {
            "id": "istio-ingress",
            "metadata": [
              {
                "annotations": {},
                "generate_name": "",
                "generation": 0,
                "labels": {},
                "name": "istio-ingress",
                "resource_version": "10827",
                "uid": "53b2c496-4c97-4273-822f-081b623c7236"
              }
            ],
            "timeouts": null
          },
          "sensitive_attributes": [],
          "private": "eyJlMmJmYjczMC1lY2FhLTExZTYtOGY4OC0zNDM2M2JjN2M0YzAiOnsiZGVsZXRlIjozMDAwMDAwMDAwMDB9fQ==",
          "dependencies": [
            "data.google_client_config.current",
            "module.gcp_gke.data.google_container_engine_versions.gke_version",
            "module.gcp_gke.google_container_cluster.primary",
            "module.gcp_gke.google_container_node_pool.primary_nodes",
            "module.gcp_vpc.google_compute_firewall.allow-http",
            "module.gcp_vpc.google_compute_network.vpc",
            "module.gcp_vpc.google_compute_subnetwork.subnet"
          ]
        }
      ]
    },
    {
      "mode": "managed",
      "type": "kubernetes_namespace",
      "name": "istiosystem",
      "provider": "provider[\"registry.terraform.io/hashicorp/kubernetes\"]",
      "instances": [
        {
          "schema_version": 0,
          "attributes": {
            "id": "istio-system",
            "metadata": [
              {
                "annotations": {},
                "generate_name": "",
                "generation": 0,
                "labels": {},
                "name": "istio-system",
                "resource_version": "10825",
                "uid": "f38b42cf-08c2-4e15-bfa2-7a5b43c38181"
              }
            ],
            "timeouts": null
          },
          "sensitive_attributes": [],
          "private": "eyJlMmJmYjczMC1lY2FhLTExZTYtOGY4OC0zNDM2M2JjN2M0YzAiOnsiZGVsZXRlIjozMDAwMDAwMDAwMDB9fQ==",
          "dependencies": [
            "data.google_client_config.current",
            "module.gcp_gke.data.google_container_engine_versions.gke_version",
            "module.gcp_gke.google_container_cluster.primary",
            "module.gcp_gke.google_container_node_pool.primary_nodes",
            "module.gcp_vpc.google_compute_firewall.allow-http",
            "module.gcp_vpc.google_compute_network.vpc",
            "module.gcp_vpc.google_compute_subnetwork.subnet"
          ]
        }
      ]
    },
    {
      "mode": "managed",
      "type": "kubernetes_namespace",
      "name": "main",
      "provider": "provider[\"registry.terraform.io/hashicorp/kubernetes\"]",
      "instances": [
        {
          "schema_version": 0,
          "attributes": {
            "id": "k8s-microservices",
            "metadata": [
              {
                "annotations": {},
                "generate_name": "",
                "generation": 0,
                "labels": {
                  "istio-injection": "enabled"
                },
                "name": "k8s-microservices",
                "resource_version": "10826",
                "uid": "fcaaaaf6-9d34-4cf8-8cbc-4d1a5646bfbc"
              }
            ],
            "timeouts": null
          },
          "sensitive_attributes": [],
          "private": "eyJlMmJmYjczMC1lY2FhLTExZTYtOGY4OC0zNDM2M2JjN2M0YzAiOnsiZGVsZXRlIjozMDAwMDAwMDAwMDB9fQ==",
          "dependencies": [
            "data.google_client_config.current",
            "module.gcp_gke.data.google_container_engine_versions.gke_version",
            "module.gcp_gke.google_container_cluster.primary",
            "module.gcp_gke.google_container_node_pool.primary_nodes",
            "module.gcp_vpc.google_compute_firewall.allow-http",
            "module.gcp_vpc.google_compute_network.vpc",
            "module.gcp_vpc.google_compute_subnetwork.subnet"
          ]
        }
      ]
    },
    {
      "module": "module.api",
      "mode": "managed",
      "type": "kubernetes_deployment",
      "name": "api-gateway-deployment",
      "provider": "provider[\"registry.terraform.io/hashicorp/kubernetes\"]",
      "instances": [
        {
          "schema_version": 1,
          "attributes": {
            "id": "k8s-microservices/grpc-api-gateway",
            "metadata": [
              {
                "annotations": {},
                "generate_name": "",
                "generation": 1,
                "labels": {
                  "app": "api-gateway"
                },
                "name": "grpc-api-gateway",
                "namespace": "k8s-microservices",
                "resource_version": "10938",
                "uid": "52812b61-1e2a-4921-a1fd-db3eef6237f3"
              }
            ],
            "spec": [
              {
                "min_ready_seconds": 0,
                "paused": false,
                "progress_deadline_seconds": 600,
                "replicas": "1",
                "revision_history_limit": 10,
                "selector": [
                  {
                    "match_expressions": [],
                    "match_labels": {
                      "app": "api-gateway"
                    }
                  }
                ],
                "strategy": [
                  {
                    "rolling_update": [
                      {
                        "max_surge": "25%",
                        "max_unavailable": "25%"
                      }
                    ],
                    "type": "RollingUpdate"
                  }
                ],
                "template": [
                  {
                    "metadata": [
                      {
                        "annotations": {},
                        "generate_name": "",
                        "generation": 0,
                        "labels": {
                          "app": "api-gateway"
                        },
                        "name": "",
                        "namespace": "",
                        "resource_version": "",
                        "uid": ""
                      }
                    ],
                    "spec": [
                      {
                        "active_deadline_seconds": 0,
                        "affinity": [],
                        "automount_service_account_token": true,
                        "container": [
                          {
                            "args": [],
                            "command": [],
                            "env": [
                              {
                                "name": "PORT",
                                "value": ":3000",
                                "value_from": []
                              },
                              {
                                "name": "AUTH_SVC_URL",
                                "value": "auth-service.k8s-microservices:83",
                                "value_from": []
                              },
                              {
                                "name": "PRODUCT_SVC_URL",
                                "value": "product-service.k8s-microservices:82",
                                "value_from": []
                              },
                              {
                                "name": "ORDER_SVC_URL",
                                "value": "order-service.k8s-microservices:81",
                                "value_from": []
                              }
                            ],
                            "env_from": [],
                            "image": "erwinsalas42/go-grpc-api-gateway:v1",
                            "image_pull_policy": "IfNotPresent",
                            "lifecycle": [],
                            "liveness_probe": [],
                            "name": "go-grpc-api-gateway",
                            "port": [
                              {
                                "container_port": 3000,
                                "host_ip": "",
                                "host_port": 0,
                                "name": "",
                                "protocol": "TCP"
                              }
                            ],
                            "readiness_probe": [],
                            "resources": [
                              {
                                "limits": {
                                  "cpu": "500m",
                                  "memory": "512Mi"
                                },
                                "requests": {
                                  "cpu": "250m",
                                  "memory": "50Mi"
                                }
                              }
                            ],
                            "security_context": [],
                            "startup_probe": [],
                            "stdin": false,
                            "stdin_once": false,
                            "termination_message_path": "/dev/termination-log",
                            "termination_message_policy": "File",
                            "tty": false,
                            "volume_mount": [],
                            "working_dir": ""
                          }
                        ],
                        "dns_config": [],
                        "dns_policy": "ClusterFirst",
                        "enable_service_links": true,
                        "host_aliases": [],
                        "host_ipc": false,
                        "host_network": false,
                        "host_pid": false,
                        "hostname": "",
                        "image_pull_secrets": [],
                        "init_container": [],
                        "node_name": "",
                        "node_selector": {},
                        "priority_class_name": "",
                        "readiness_gate": [],
                        "restart_policy": "Always",
                        "security_context": [],
                        "service_account_name": "",
                        "share_process_namespace": false,
                        "subdomain": "",
                        "termination_grace_period_seconds": 30,
                        "toleration": [],
                        "topology_spread_constraint": [],
                        "volume": []
                      }
                    ]
                  }
                ]
              }
            ],
            "timeouts": null,
            "wait_for_rollout": true
          },
          "sensitive_attributes": [],
          "private": "eyJlMmJmYjczMC1lY2FhLTExZTYtOGY4OC0zNDM2M2JjN2M0YzAiOnsiY3JlYXRlIjo2MDAwMDAwMDAwMDAsImRlbGV0ZSI6NjAwMDAwMDAwMDAwLCJ1cGRhdGUiOjYwMDAwMDAwMDAwMH0sInNjaGVtYV92ZXJzaW9uIjoiMSJ9",
          "dependencies": [
            "data.google_client_config.current",
            "kubernetes_namespace.main",
            "module.gcp_gke.data.google_container_engine_versions.gke_version",
            "module.gcp_gke.google_container_cluster.primary",
            "module.gcp_gke.google_container_node_pool.primary_nodes",
            "module.gcp_vpc.google_compute_firewall.allow-http",
            "module.gcp_vpc.google_compute_network.vpc",
            "module.gcp_vpc.google_compute_subnetwork.subnet"
          ]
        }
      ]
    },
    {
      "module": "module.api",
      "mode": "managed",
      "type": "kubernetes_service",
      "name": "api-gateway-service",
      "provider": "provider[\"registry.terraform.io/hashicorp/kubernetes\"]",
      "instances": [
        {
          "schema_version": 1,
          "attributes": {
            "id": "k8s-microservices/api-gateway-service",
            "metadata": [
              {
                "annotations": {},
                "generate_name": "",
                "generation": 0,
                "labels": {},
                "name": "api-gateway-service",
                "namespace": "k8s-microservices",
                "resource_version": "14501",
                "uid": "22d5869f-2c73-42b9-9e6f-2d91d7804d9f"
              }
            ],
            "spec": [
              {
                "cluster_ip": "10.142.33.79",
                "external_ips": [],
                "external_name": "",
                "external_traffic_policy": "Cluster",
                "health_check_node_port": 0,
                "ip_families": [
                  "IPv4"
                ],
                "ip_family_policy": "SingleStack",
                "load_balancer_ip": "",
                "load_balancer_source_ranges": [],
                "port": [
                  {
                    "app_protocol": "",
                    "name": "",
                    "node_port": 30622,
                    "port": 8580,
                    "protocol": "TCP",
                    "target_port": "3000"
                  }
                ],
                "publish_not_ready_addresses": false,
                "selector": {
                  "app": "api-gateway"
                },
                "session_affinity": "None",
                "type": "NodePort"
              }
            ],
            "status": [
              {
                "load_balancer": [
                  {
                    "ingress": []
                  }
                ]
              }
            ],
            "timeouts": null,
            "wait_for_load_balancer": true
          },
          "sensitive_attributes": [],
          "private": "eyJlMmJmYjczMC1lY2FhLTExZTYtOGY4OC0zNDM2M2JjN2M0YzAiOnsiY3JlYXRlIjo2MDAwMDAwMDAwMDB9LCJzY2hlbWFfdmVyc2lvbiI6IjEifQ==",
          "dependencies": [
            "data.google_client_config.current",
            "kubernetes_namespace.main",
            "module.gcp_gke.data.google_container_engine_versions.gke_version",
            "module.gcp_gke.google_container_cluster.primary",
            "module.gcp_gke.google_container_node_pool.primary_nodes",
            "module.gcp_vpc.google_compute_firewall.allow-http",
            "module.gcp_vpc.google_compute_network.vpc",
            "module.gcp_vpc.google_compute_subnetwork.subnet"
          ]
        }
      ]
    },
    {
      "module": "module.auth",
      "mode": "managed",
      "type": "kubernetes_deployment",
      "name": "auth-srv-deployment",
      "provider": "provider[\"registry.terraform.io/hashicorp/kubernetes\"]",
      "instances": [
        {
          "schema_version": 1,
          "attributes": {
            "id": "k8s-microservices/auth-srv-deployment",
            "metadata": [
              {
                "annotations": {},
                "generate_name": "",
                "generation": 1,
                "labels": {
                  "app": "auth-service"
                },
                "name": "auth-srv-deployment",
                "namespace": "k8s-microservices",
                "resource_version": "11215",
                "uid": "82d6b010-d6e0-4d80-8143-f096d9b453ba"
              }
            ],
            "spec": [
              {
                "min_ready_seconds": 0,
                "paused": false,
                "progress_deadline_seconds": 600,
                "replicas": "1",
                "revision_history_limit": 10,
                "selector": [
                  {
                    "match_expressions": [],
                    "match_labels": {
                      "app": "auth-service"
                    }
                  }
                ],
                "strategy": [
                  {
                    "rolling_update": [
                      {
                        "max_surge": "25%",
                        "max_unavailable": "25%"
                      }
                    ],
                    "type": "RollingUpdate"
                  }
                ],
                "template": [
                  {
                    "metadata": [
                      {
                        "annotations": {},
                        "generate_name": "",
                        "generation": 0,
                        "labels": {
                          "app": "auth-service"
                        },
                        "name": "",
                        "namespace": "",
                        "resource_version": "",
                        "uid": ""
                      }
                    ],
                    "spec": [
                      {
                        "active_deadline_seconds": 0,
                        "affinity": [],
                        "automount_service_account_token": true,
                        "container": [
                          {
                            "args": [],
                            "command": [],
                            "env": [
                              {
                                "name": "PORT",
                                "value": ":50051",
                                "value_from": []
                              },
                              {
                                "name": "DB_URL",
                                "value": "postgres://erwin:password@auth-database.k8s-microservices:5235/auth",
                                "value_from": []
                              },
                              {
                                "name": "JWT_SECRET_KEY",
                                "value": "r43t18sc",
                                "value_from": []
                              },
                              {
                                "name": "API_SECRET",
                                "value": "98hbun98h",
                                "value_from": []
                              }
                            ],
                            "env_from": [],
                            "image": "erwinsalas42/go-grpc-auth-svc:v1.1",
                            "image_pull_policy": "IfNotPresent",
                            "lifecycle": [],
                            "liveness_probe": [],
                            "name": "go-grpc-auth-svc",
                            "port": [
                              {
                                "container_port": 50051,
                                "host_ip": "",
                                "host_port": 0,
                                "name": "",
                                "protocol": "TCP"
                              }
                            ],
                            "readiness_probe": [],
                            "resources": [
                              {
                                "limits": {
                                  "cpu": "500m",
                                  "memory": "512Mi"
                                },
                                "requests": {
                                  "cpu": "250m",
                                  "memory": "50Mi"
                                }
                              }
                            ],
                            "security_context": [],
                            "startup_probe": [],
                            "stdin": false,
                            "stdin_once": false,
                            "termination_message_path": "/dev/termination-log",
                            "termination_message_policy": "File",
                            "tty": false,
                            "volume_mount": [],
                            "working_dir": ""
                          }
                        ],
                        "dns_config": [],
                        "dns_policy": "ClusterFirst",
                        "enable_service_links": true,
                        "host_aliases": [],
                        "host_ipc": false,
                        "host_network": false,
                        "host_pid": false,
                        "hostname": "",
                        "image_pull_secrets": [],
                        "init_container": [],
                        "node_name": "",
                        "node_selector": {},
                        "priority_class_name": "",
                        "readiness_gate": [],
                        "restart_policy": "Always",
                        "security_context": [],
                        "service_account_name": "",
                        "share_process_namespace": false,
                        "subdomain": "",
                        "termination_grace_period_seconds": 30,
                        "toleration": [],
                        "topology_spread_constraint": [],
                        "volume": []
                      }
                    ]
                  }
                ]
              }
            ],
            "timeouts": null,
            "wait_for_rollout": true
          },
          "sensitive_attributes": [],
          "private": "eyJlMmJmYjczMC1lY2FhLTExZTYtOGY4OC0zNDM2M2JjN2M0YzAiOnsiY3JlYXRlIjo2MDAwMDAwMDAwMDAsImRlbGV0ZSI6NjAwMDAwMDAwMDAwLCJ1cGRhdGUiOjYwMDAwMDAwMDAwMH0sInNjaGVtYV92ZXJzaW9uIjoiMSJ9",
          "dependencies": [
            "data.google_client_config.current",
            "kubernetes_namespace.main",
            "module.auth.kubernetes_service.auth-db-service",
            "module.auth.kubernetes_stateful_set_v1.auth-db-statefulset",
            "module.gcp_gke.data.google_container_engine_versions.gke_version",
            "module.gcp_gke.google_container_cluster.primary",
            "module.gcp_gke.google_container_node_pool.primary_nodes",
            "module.gcp_vpc.google_compute_firewall.allow-http",
            "module.gcp_vpc.google_compute_network.vpc",
            "module.gcp_vpc.google_compute_subnetwork.subnet"
          ]
        }
      ]
    },
    {
      "module": "module.auth",
      "mode": "managed",
      "type": "kubernetes_service",
      "name": "auth-db-service",
      "provider": "provider[\"registry.terraform.io/hashicorp/kubernetes\"]",
      "instances": [
        {
          "schema_version": 1,
          "attributes": {
            "id": "k8s-microservices/auth-database",
            "metadata": [
              {
                "annotations": {},
                "generate_name": "",
                "generation": 0,
                "labels": {
                  "app": "auth-database"
                },
                "name": "auth-database",
                "namespace": "k8s-microservices",
                "resource_version": "14503",
                "uid": "e672374b-5e37-48fa-b5ba-7c18b1ed2d51"
              }
            ],
            "spec": [
              {
                "cluster_ip": "10.142.40.97",
                "external_ips": [],
                "external_name": "",
                "external_traffic_policy": "",
                "health_check_node_port": 0,
                "ip_families": [
                  "IPv4"
                ],
                "ip_family_policy": "SingleStack",
                "load_balancer_ip": "",
                "load_balancer_source_ranges": [],
                "port": [
                  {
                    "app_protocol": "",
                    "name": "",
                    "node_port": 0,
                    "port": 5235,
                    "protocol": "TCP",
                    "target_port": "5235"
                  }
                ],
                "publish_not_ready_addresses": false,
                "selector": {
                  "app": "auth-database"
                },
                "session_affinity": "None",
                "type": "ClusterIP"
              }
            ],
            "status": [
              {
                "load_balancer": [
                  {
                    "ingress": []
                  }
                ]
              }
            ],
            "timeouts": null,
            "wait_for_load_balancer": true
          },
          "sensitive_attributes": [],
          "private": "eyJlMmJmYjczMC1lY2FhLTExZTYtOGY4OC0zNDM2M2JjN2M0YzAiOnsiY3JlYXRlIjo2MDAwMDAwMDAwMDB9LCJzY2hlbWFfdmVyc2lvbiI6IjEifQ==",
          "dependencies": [
            "data.google_client_config.current",
            "kubernetes_namespace.main",
            "module.auth.kubernetes_stateful_set_v1.auth-db-statefulset",
            "module.gcp_gke.data.google_container_engine_versions.gke_version",
            "module.gcp_gke.google_container_cluster.primary",
            "module.gcp_gke.google_container_node_pool.primary_nodes",
            "module.gcp_vpc.google_compute_firewall.allow-http",
            "module.gcp_vpc.google_compute_network.vpc",
            "module.gcp_vpc.google_compute_subnetwork.subnet"
          ]
        }
      ]
    },
    {
      "module": "module.auth",
      "mode": "managed",
      "type": "kubernetes_service",
      "name": "auth-service",
      "provider": "provider[\"registry.terraform.io/hashicorp/kubernetes\"]",
      "instances": [
        {
          "schema_version": 1,
          "attributes": {
            "id": "k8s-microservices/auth-service",
            "metadata": [
              {
                "annotations": {},
                "generate_name": "",
                "generation": 0,
                "labels": {},
                "name": "auth-service",
                "namespace": "k8s-microservices",
                "resource_version": "14498",
                "uid": "9e392ed6-ca06-4e5b-97d4-16a7afbad0c5"
              }
            ],
            "spec": [
              {
                "cluster_ip": "10.142.47.82",
                "external_ips": [],
                "external_name": "",
                "external_traffic_policy": "",
                "health_check_node_port": 0,
                "ip_families": [
                  "IPv4"
                ],
                "ip_family_policy": "SingleStack",
                "load_balancer_ip": "",
                "load_balancer_source_ranges": [],
                "port": [
                  {
                    "app_protocol": "",
                    "name": "grpc",
                    "node_port": 0,
                    "port": 83,
                    "protocol": "TCP",
                    "target_port": "50051"
                  }
                ],
                "publish_not_ready_addresses": false,
                "selector": {
                  "app": "auth-service"
                },
                "session_affinity": "None",
                "type": "ClusterIP"
              }
            ],
            "status": [
              {
                "load_balancer": [
                  {
                    "ingress": []
                  }
                ]
              }
            ],
            "timeouts": null,
            "wait_for_load_balancer": true
          },
          "sensitive_attributes": [],
          "private": "eyJlMmJmYjczMC1lY2FhLTExZTYtOGY4OC0zNDM2M2JjN2M0YzAiOnsiY3JlYXRlIjo2MDAwMDAwMDAwMDB9LCJzY2hlbWFfdmVyc2lvbiI6IjEifQ==",
          "dependencies": [
            "data.google_client_config.current",
            "kubernetes_namespace.main",
            "module.auth.kubernetes_deployment.auth-srv-deployment",
            "module.auth.kubernetes_service.auth-db-service",
            "module.auth.kubernetes_stateful_set_v1.auth-db-statefulset",
            "module.gcp_gke.data.google_container_engine_versions.gke_version",
            "module.gcp_gke.google_container_cluster.primary",
            "module.gcp_gke.google_container_node_pool.primary_nodes",
            "module.gcp_vpc.google_compute_firewall.allow-http",
            "module.gcp_vpc.google_compute_network.vpc",
            "module.gcp_vpc.google_compute_subnetwork.subnet"
          ]
        }
      ]
    },
    {
      "module": "module.auth",
      "mode": "managed",
      "type": "kubernetes_stateful_set_v1",
      "name": "auth-db-statefulset",
      "provider": "provider[\"registry.terraform.io/hashicorp/kubernetes\"]",
      "instances": [
        {
          "schema_version": 1,
          "attributes": {
            "id": "k8s-microservices/auth-db-statefulset",
            "metadata": [
              {
                "annotations": {},
                "generate_name": "",
                "generation": 1,
                "labels": {
                  "app": "auth-database"
                },
                "name": "auth-db-statefulset",
                "namespace": "k8s-microservices",
                "resource_version": "11059",
                "uid": "62647e06-f1e8-47d0-a812-ee3ec1330da3"
              }
            ],
            "spec": [
              {
                "pod_management_policy": "OrderedReady",
                "replicas": "1",
                "revision_history_limit": 0,
                "selector": [
                  {
                    "match_expressions": [],
                    "match_labels": {
                      "app": "auth-database"
                    }
                  }
                ],
                "service_name": "auth-db-statefulset",
                "template": [
                  {
                    "metadata": [
                      {
                        "annotations": {},
                        "generate_name": "",
                        "generation": 0,
                        "labels": {
                          "app": "auth-database"
                        },
                        "name": "",
                        "resource_version": "",
                        "uid": ""
                      }
                    ],
                    "spec": [
                      {
                        "active_deadline_seconds": 0,
                        "affinity": [],
                        "automount_service_account_token": true,
                        "container": [
                          {
                            "args": [
                              "-p",
                              "5235"
                            ],
                            "command": [],
                            "env": [
                              {
                                "name": "POSTGRES_USER",
                                "value": "erwin",
                                "value_from": []
                              },
                              {
                                "name": "POSTGRES_PASSWORD",
                                "value": "password",
                                "value_from": []
                              },
                              {
                                "name": "POSTGRES_DB",
                                "value": "auth",
                                "value_from": []
                              }
                            ],
                            "env_from": [],
                            "image": "postgres:latest",
                            "image_pull_policy": "Always",
                            "lifecycle": [],
                            "liveness_probe": [],
                            "name": "auth-database",
                            "port": [
                              {
                                "container_port": 5235,
                                "host_ip": "",
                                "host_port": 0,
                                "name": "",
                                "protocol": "TCP"
                              }
                            ],
                            "readiness_probe": [],
                            "resources": [
                              {
                                "limits": {
                                  "cpu": "500m",
                                  "memory": "512Mi"
                                },
                                "requests": {
                                  "cpu": "250m",
                                  "memory": "50Mi"
                                }
                              }
                            ],
                            "security_context": [],
                            "startup_probe": [],
                            "stdin": false,
                            "stdin_once": false,
                            "termination_message_path": "/dev/termination-log",
                            "termination_message_policy": "File",
                            "tty": false,
                            "volume_mount": [],
                            "working_dir": ""
                          }
                        ],
                        "dns_config": [],
                        "dns_policy": "ClusterFirst",
                        "enable_service_links": true,
                        "host_aliases": [],
                        "host_ipc": false,
                        "host_network": false,
                        "host_pid": false,
                        "hostname": "",
                        "image_pull_secrets": [],
                        "init_container": [],
                        "node_name": "",
                        "node_selector": {},
                        "priority_class_name": "",
                        "readiness_gate": [],
                        "restart_policy": "Always",
                        "security_context": [],
                        "service_account_name": "",
                        "share_process_namespace": false,
                        "subdomain": "",
                        "termination_grace_period_seconds": 30,
                        "toleration": [],
                        "topology_spread_constraint": [],
                        "volume": []
                      }
                    ]
                  }
                ],
                "update_strategy": [],
                "volume_claim_template": []
              }
            ],
            "timeouts": null,
            "wait_for_rollout": true
          },
          "sensitive_attributes": [],
          "private": "eyJlMmJmYjczMC1lY2FhLTExZTYtOGY4OC0zNDM2M2JjN2M0YzAiOnsiY3JlYXRlIjo2MDAwMDAwMDAwMDAsImRlbGV0ZSI6NjAwMDAwMDAwMDAwLCJyZWFkIjo2MDAwMDAwMDAwMDAsInVwZGF0ZSI6NjAwMDAwMDAwMDAwfSwic2NoZW1hX3ZlcnNpb24iOiIxIn0=",
          "dependencies": [
            "data.google_client_config.current",
            "kubernetes_namespace.main",
            "module.gcp_gke.data.google_container_engine_versions.gke_version",
            "module.gcp_gke.google_container_cluster.primary",
            "module.gcp_gke.google_container_node_pool.primary_nodes",
            "module.gcp_vpc.google_compute_firewall.allow-http",
            "module.gcp_vpc.google_compute_network.vpc",
            "module.gcp_vpc.google_compute_subnetwork.subnet"
          ]
        }
      ]
    },
    {
      "module": "module.gcp_gke",
      "mode": "data",
      "type": "google_container_engine_versions",
      "name": "gke_version",
      "provider": "provider[\"registry.terraform.io/hashicorp/google\"]",
      "instances": [
        {
          "schema_version": 0,
          "attributes": {
            "default_cluster_version": "1.27.8-gke.1067004",
            "id": "2024-03-18 05:37:46.089743 +0000 UTC",
            "latest_master_version": "1.27.11-gke.1118000",
            "latest_node_version": "1.27.11-gke.1118000",
            "location": "us-east1",
            "project": null,
            "release_channel_default_version": {
              "RAPID": "1.29.1-gke.1589017",
              "REGULAR": "1.27.8-gke.1067004",
              "STABLE": "1.27.8-gke.1067004"
            },
            "release_channel_latest_version": {
              "RAPID": "1.27.11-gke.1118000",
              "REGULAR": "1.27.10-gke.1055000",
              "STABLE": "1.27.8-gke.1067004"
            },
            "valid_master_versions": [
              "1.27.11-gke.1118000",
              "1.27.11-gke.1062000",
              "1.27.10-gke.1055000",
              "1.27.9-gke.1092000",
              "1.27.8-gke.1067004",
              "1.27.7-gke.1121002",
              "1.27.3-gke.100"
            ],
            "valid_node_versions": [
              "1.27.11-gke.1118000",
              "1.27.11-gke.1062000",
              "1.27.11-gke.1018000",
              "1.27.10-gke.1207000",
              "1.27.10-gke.1152000",
              "1.27.10-gke.1055000",
              "1.27.9-gke.1092000",
              "1.27.8-gke.1067004",
              "1.27.8-gke.1067000",
              "1.27.7-gke.1293000",
              "1.27.7-gke.1121002",
              "1.27.7-gke.1121000",
              "1.27.7-gke.1088000",
              "1.27.7-gke.1056000",
              "1.27.7-gke.1038000",
              "1.27.6-gke.1506000",
              "1.27.6-gke.1445000",
              "1.27.6-gke.1248000",
              "1.27.5-gke.200",
              "1.27.4-gke.900",
              "1.27.3-gke.1700",
              "1.27.3-gke.100",
              "1.27.2-gke.2100",
              "1.27.2-gke.1200"
            ],
            "version_prefix": "1.27."
          },
          "sensitive_attributes": []
        }
      ]
    },
    {
      "module": "module.gcp_gke",
      "mode": "managed",
      "type": "google_container_cluster",
      "name": "primary",
      "provider": "provider[\"registry.terraform.io/hashicorp/google\"]",
      "instances": [
        {
          "schema_version": 2,
          "attributes": {
            "addons_config": [
              {
                "cloudrun_config": [],
                "config_connector_config": [],
                "dns_cache_config": [],
                "gce_persistent_disk_csi_driver_config": [
                  {
                    "enabled": true
                  }
                ],
                "gcp_filestore_csi_driver_config": [],
                "gcs_fuse_csi_driver_config": [],
                "gke_backup_agent_config": [],
                "horizontal_pod_autoscaling": [],
                "http_load_balancing": [],
                "network_policy_config": [
                  {
                    "disabled": true
                  }
                ]
              }
            ],
            "allow_net_admin": null,
            "authenticator_groups_config": [],
            "binary_authorization": [
              {
                "enabled": false,
                "evaluation_mode": ""
              }
            ],
            "cluster_autoscaling": [
              {
                "auto_provisioning_defaults": [],
                "autoscaling_profile": "BALANCED",
                "enabled": false,
                "resource_limits": []
              }
            ],
            "cluster_ipv4_cidr": "10.20.0.0/14",
            "confidential_nodes": [],
            "cost_management_config": [],
            "database_encryption": [
              {
                "key_name": "",
                "state": "DECRYPTED"
              }
            ],
            "datapath_provider": "",
            "default_max_pods_per_node": 110,
            "default_snat_status": [
              {
                "disabled": false
              }
            ],
            "deletion_protection": false,
            "description": "",
            "dns_config": [],
            "enable_autopilot": false,
            "enable_intranode_visibility": false,
            "enable_k8s_beta_apis": [],
            "enable_kubernetes_alpha": false,
            "enable_l4_ilb_subsetting": false,
            "enable_legacy_abac": false,
            "enable_shielded_nodes": true,
            "enable_tpu": false,
            "endpoint": "35.231.91.15",
            "fleet": [],
            "gateway_api_config": [],
            "id": "projects/hashicorp-393022/locations/us-east1/clusters/hashicorp-393022-gke",
            "identity_service_config": [],
            "initial_node_count": 1,
            "ip_allocation_policy": [
              {
                "additional_pod_ranges_config": [],
                "cluster_ipv4_cidr_block": "10.20.0.0/14",
                "cluster_secondary_range_name": "gke-hashicorp-393022-gke-pods-d6518c81",
                "pod_cidr_overprovision_config": [
                  {
                    "disabled": false
                  }
                ],
                "services_ipv4_cidr_block": "10.142.32.0/20",
                "services_secondary_range_name": "gke-hashicorp-393022-gke-services-d6518c81",
                "stack_type": "IPV4"
              }
            ],
            "label_fingerprint": "a9dc16a7",
            "location": "us-east1",
            "logging_config": [
              {
                "enable_components": [
                  "SYSTEM_COMPONENTS",
                  "WORKLOADS"
                ]
              }
            ],
            "logging_service": "logging.googleapis.com/kubernetes",
            "maintenance_policy": [],
            "master_auth": [
              {
                "client_certificate": "",
                "client_certificate_config": [
                  {
                    "issue_client_certificate": false
                  }
                ],
                "client_key": "",
                "cluster_ca_certificate": "LS0tLS1CRUdJTiBDRVJUSUZJQ0FURS0tLS0tCk1JSUVMRENDQXBTZ0F3SUJBZ0lRWThsb3pGcVJSVUVlbWFZVE1YbzBNREFOQmdrcWhraUc5dzBCQVFzRkFEQXYKTVMwd0t3WURWUVFERXlSaE1tUTJaRGsyWlMwM1ltSXpMVFF5WkRndE9UWTVOaTB4T1ROak9HVTVabUZoWW1JdwpJQmNOTWpRd016RTRNREUxTXpVM1doZ1BNakExTkRBek1URXdNalV6TlRkYU1DOHhMVEFyQmdOVkJBTVRKR0V5ClpEWmtPVFpsTFRkaVlqTXROREprT0MwNU5qazJMVEU1TTJNNFpUbG1ZV0ZpWWpDQ0FhSXdEUVlKS29aSWh2Y04KQVFFQkJRQURnZ0dQQURDQ0FZb0NnZ0dCQUxYVHJ1aUMrMjAwODRmTnRFaW0yeUZnV0ZaRlJPY2wvbDF6cWpyeApYOFRMNHF0OTJmUGxIVmRVT1g3c3BZYk5HTG9ibytFTG54RWRQWkh2RmJIWmdNYXFQY0Y0YUdXSy9oUXNKMnNSCldoUmxPNzJaR3FTYUgvMk5zRyttaEdkdFFQcDBua3NpT3dLa3p5WVFzVWVTNlBBV21BQmJzOHl0ZVF3NHpPbEEKWndoRm5XRHRnajFtdFVMOGpLTWo3Mk9GQ1ZkSHBpV0pEZFRvVlM5RVEyTGpPRXFSajRaT3k2L3ZhSkFybm0zcwo4T2RkUFdRbkM5MGRJcy8yQjhuZ1ZnU2tYVVVkbGZLTWtZVDljaDB3VlI3enJZdUltRkt6RDBhL2N5VGdnZkZCCnBMYjJxOThyS0FEMW00aVV2ZDFoUEpGMlo3WVFjY3ZKODcxdUZHZjQ5TGtsSTVHUDByaGpUSnpTM3d3dXdNeE0KL0dKanFtNldwSnNkN3pDM0hob3R2L2xmZWlqbENWZjgvLzM1OFVKdG15LzBsQXFKbUF4YkZSQ01LMjNBKytYUApGdk14d2lEUit5cXFzcEkvelIxdFNrYXpoT3lvTCtFaEFtWlZOc2VFaklZL1ZQZDVKeXVMcXl6LzF2N3c2K2hhCndReDRPZnUyVXBOcnFPSTRvV1N5VzB1dnF3SURBUUFCbzBJd1FEQU9CZ05WSFE4QkFmOEVCQU1DQWdRd0R3WUQKVlIwVEFRSC9CQVV3QXdFQi96QWRCZ05WSFE0RUZnUVVpcmFxdU9pS1dwN2NieGppc2p2YWlXK05xUnd3RFFZSgpLb1pJaHZjTkFRRUxCUUFEZ2dHQkFBYUd5ZVArekNkL1RmTkxEanFySFgrTHVMSXNxV3I5SXRmUGVtWGVrREh2CkptVzhxUTZpTVZNeXNGTERqUUxlR0hkVG1ZQXQzZENRa1RsYTNNVTU5ZHh5N3F0b2x5UlFjWS81aFJPWDdObWQKTW1OZnJMSHJoRVc4MTVqdENFWFJ6eGNpblR2Z2l0VUR6ZU5qVHp1V2pxMG80OU5IN3g3b29NL2pudEQrNjc5OApHTFFZWFpZS3hnTEhUaS95N0lPb2ZrMnZUNkVsUjVQcWJrVXluRnpLVk40aUxxQVN3ZUd1T3dKUTllZEJPanVsCmZieEZPWWVWQ2dUSlFmQWJiU2VSRnZTYVIycm1jNUNqSkN4cWpiMzhVUm9VZVRUd2lGTy84SWlEMFpiWFk4L2gKMzhaSDU4SHl0bXArbnNIWFVUcXgyNDhQUWZOTGVvakVrc2RFT21CTkgzNHpNZGNrZWVad3VINjlSSGhpeDlmUQpsZm9RdHFsTjVwaHVLZGtzQ01CZlZQK0d4MGNEeDVpUFEwKytWOVF6UENZY1lMb3dzTjZ6RThWSk03Mlp3ZkhMCnlJbWlKMjBTNFZGMWpoUUpRTWpaenVtSjlkd0VaVld1UXJxa3ZreklMWDFnSHdRenI5Yy83TkNvL0FSMmVoVngKMC9oTlhxWU10bU44NVZ0cE5oVS90Zz09Ci0tLS0tRU5EIENFUlRJRklDQVRFLS0tLS0K"
              }
            ],
            "master_authorized_networks_config": [],
            "master_version": "1.27.8-gke.1067004",
            "mesh_certificates": [],
            "min_master_version": null,
            "monitoring_config": [
              {
                "advanced_datapath_observability_config": [
                  {
                    "enable_metrics": false,
                    "enable_relay": false,
                    "relay_mode": "DISABLED"
                  }
                ],
                "enable_components": [
                  "SYSTEM_COMPONENTS"
                ],
                "managed_prometheus": [
                  {
                    "enabled": true
                  }
                ]
              }
            ],
            "monitoring_service": "monitoring.googleapis.com/kubernetes",
            "name": "hashicorp-393022-gke",
            "network": "projects/hashicorp-393022/global/networks/hashicorp-393022-vpc",
            "network_policy": [
              {
                "enabled": false,
                "provider": "PROVIDER_UNSPECIFIED"
              }
            ],
            "networking_mode": "VPC_NATIVE",
            "node_config": [
              {
                "advanced_machine_features": [],
                "boot_disk_kms_key": "",
                "confidential_nodes": [],
                "disk_size_gb": 10,
                "disk_type": "pd-balanced",
                "effective_taints": [],
                "enable_confidential_storage": false,
                "ephemeral_storage_local_ssd_config": [],
                "fast_socket": [],
                "gcfs_config": [],
                "guest_accelerator": [],
                "gvnic": [],
                "host_maintenance_policy": [],
                "image_type": "COS_CONTAINERD",
                "kubelet_config": [],
                "labels": {
                  "env": "hashicorp-393022"
                },
                "linux_node_config": [],
                "local_nvme_ssd_block_config": [],
                "local_ssd_count": 0,
                "logging_variant": "DEFAULT",
                "machine_type": "n1-standard-2",
                "metadata": {
                  "disable-legacy-endpoints": "true"
                },
                "min_cpu_platform": "",
                "node_group": "",
                "oauth_scopes": [
                  "https://www.googleapis.com/auth/logging.write",
                  "https://www.googleapis.com/auth/monitoring"
                ],
                "preemptible": true,
                "reservation_affinity": [],
                "resource_labels": {},
                "resource_manager_tags": {},
                "service_account": "default",
                "shielded_instance_config": [
                  {
                    "enable_integrity_monitoring": true,
                    "enable_secure_boot": false
                  }
                ],
                "sole_tenant_config": [],
                "spot": false,
                "tags": [
                  "gke-node",
                  "hashicorp-393022-gke"
                ],
                "taint": [],
                "workload_metadata_config": []
              }
            ],
            "node_locations": [
              "us-east1-b",
              "us-east1-c",
              "us-east1-d"
            ],
            "node_pool": [
              {
                "autoscaling": [],
                "initial_node_count": 2,
                "instance_group_urls": [
                  "https://www.googleapis.com/compute/v1/projects/hashicorp-393022/zones/us-east1-b/instanceGroupManagers/gke-hashicorp-393022-hashicorp-393022-7f7ca71b-grp"
                ],
                "managed_instance_group_urls": [
                  "https://www.googleapis.com/compute/v1/projects/hashicorp-393022/zones/us-east1-b/instanceGroups/gke-hashicorp-393022-hashicorp-393022-7f7ca71b-grp"
                ],
                "management": [
                  {
                    "auto_repair": true,
                    "auto_upgrade": true
                  }
                ],
                "max_pods_per_node": 110,
                "name": "hashicorp-393022-gke",
                "name_prefix": "",
                "network_config": [
                  {
                    "create_pod_range": false,
                    "enable_private_nodes": false,
                    "network_performance_config": [],
                    "pod_cidr_overprovision_config": [],
                    "pod_ipv4_cidr_block": "10.20.0.0/14",
                    "pod_range": "gke-hashicorp-393022-gke-pods-d6518c81"
                  }
                ],
                "node_config": [
                  {
                    "advanced_machine_features": [],
                    "boot_disk_kms_key": "",
                    "confidential_nodes": [],
                    "disk_size_gb": 10,
                    "disk_type": "pd-balanced",
                    "effective_taints": [],
                    "enable_confidential_storage": false,
                    "ephemeral_storage_local_ssd_config": [],
                    "fast_socket": [],
                    "gcfs_config": [],
                    "guest_accelerator": [],
                    "gvnic": [],
                    "host_maintenance_policy": [],
                    "image_type": "COS_CONTAINERD",
                    "kubelet_config": [],
                    "labels": {
                      "env": "hashicorp-393022"
                    },
                    "linux_node_config": [],
                    "local_nvme_ssd_block_config": [],
                    "local_ssd_count": 0,
                    "logging_variant": "DEFAULT",
                    "machine_type": "n1-standard-2",
                    "metadata": {
                      "disable-legacy-endpoints": "true"
                    },
                    "min_cpu_platform": "",
                    "node_group": "",
                    "oauth_scopes": [
                      "https://www.googleapis.com/auth/logging.write",
                      "https://www.googleapis.com/auth/monitoring"
                    ],
                    "preemptible": true,
                    "reservation_affinity": [],
                    "resource_labels": {},
                    "resource_manager_tags": {},
                    "service_account": "default",
                    "shielded_instance_config": [
                      {
                        "enable_integrity_monitoring": true,
                        "enable_secure_boot": false
                      }
                    ],
                    "sole_tenant_config": [],
                    "spot": false,
                    "tags": [
                      "gke-node",
                      "hashicorp-393022-gke"
                    ],
                    "taint": [],
                    "workload_metadata_config": []
                  }
                ],
                "node_count": 2,
                "node_locations": [
                  "us-east1-b"
                ],
                "placement_policy": [],
                "upgrade_settings": [
                  {
                    "blue_green_settings": [],
                    "max_surge": 1,
                    "max_unavailable": 0,
                    "strategy": "SURGE"
                  }
                ],
                "version": "1.27.8-gke.1067004"
              }
            ],
            "node_pool_auto_config": [],
            "node_pool_defaults": [
              {
                "node_config_defaults": [
                  {
                    "logging_variant": "DEFAULT"
                  }
                ]
              }
            ],
            "node_version": "1.27.8-gke.1067004",
            "notification_config": [
              {
                "pubsub": [
                  {
                    "enabled": false,
                    "filter": [],
                    "topic": ""
                  }
                ]
              }
            ],
            "operation": null,
            "private_cluster_config": [
              {
                "enable_private_endpoint": false,
                "enable_private_nodes": false,
                "master_global_access_config": [
                  {
                    "enabled": false
                  }
                ],
                "master_ipv4_cidr_block": "",
                "peering_name": "",
                "private_endpoint": "10.10.0.2",
                "private_endpoint_subnetwork": "",
                "public_endpoint": "35.231.91.15"
              }
            ],
            "private_ipv6_google_access": "",
            "project": "hashicorp-393022",
            "release_channel": [
              {
                "channel": "REGULAR"
              }
            ],
            "remove_default_node_pool": true,
            "resource_labels": {},
            "resource_usage_export_config": [],
            "security_posture_config": [
              {
                "mode": "BASIC",
                "vulnerability_mode": "VULNERABILITY_MODE_UNSPECIFIED"
              }
            ],
            "self_link": "https://container.googleapis.com/v1/projects/hashicorp-393022/locations/us-east1/clusters/hashicorp-393022-gke",
            "service_external_ips_config": [
              {
                "enabled": false
              }
            ],
            "services_ipv4_cidr": "10.142.32.0/20",
            "subnetwork": "projects/hashicorp-393022/regions/us-east1/subnetworks/hashicorp-393022-subnet",
            "timeouts": null,
            "tpu_ipv4_cidr_block": "",
            "vertical_pod_autoscaling": [],
            "workload_identity_config": []
          },
          "sensitive_attributes": [],
          "private": "eyJlMmJmYjczMC1lY2FhLTExZTYtOGY4OC0zNDM2M2JjN2M0YzAiOnsiY3JlYXRlIjoyNDAwMDAwMDAwMDAwLCJkZWxldGUiOjI0MDAwMDAwMDAwMDAsInJlYWQiOjI0MDAwMDAwMDAwMDAsInVwZGF0ZSI6MzYwMDAwMDAwMDAwMH0sInNjaGVtYV92ZXJzaW9uIjoiMiJ9",
          "dependencies": [
            "module.gcp_vpc.google_compute_firewall.allow-http",
            "module.gcp_vpc.google_compute_network.vpc",
            "module.gcp_vpc.google_compute_subnetwork.subnet"
          ]
        }
      ]
    },
    {
      "module": "module.gcp_gke",
      "mode": "managed",
      "type": "google_container_node_pool",
      "name": "primary_nodes",
      "provider": "provider[\"registry.terraform.io/hashicorp/google\"]",
      "instances": [
        {
          "schema_version": 1,
          "attributes": {
            "autoscaling": [],
            "cluster": "hashicorp-393022-gke",
            "id": "projects/hashicorp-393022/locations/us-east1/clusters/hashicorp-393022-gke/nodePools/hashicorp-393022-gke",
            "initial_node_count": 2,
            "instance_group_urls": [
              "https://www.googleapis.com/compute/v1/projects/hashicorp-393022/zones/us-east1-b/instanceGroupManagers/gke-hashicorp-393022-hashicorp-393022-7f7ca71b-grp"
            ],
            "location": "us-east1",
            "managed_instance_group_urls": [
              "https://www.googleapis.com/compute/v1/projects/hashicorp-393022/zones/us-east1-b/instanceGroups/gke-hashicorp-393022-hashicorp-393022-7f7ca71b-grp"
            ],
            "management": [
              {
                "auto_repair": true,
                "auto_upgrade": true
              }
            ],
            "max_pods_per_node": 110,
            "name": "hashicorp-393022-gke",
            "name_prefix": "",
            "network_config": [
              {
                "create_pod_range": false,
                "enable_private_nodes": false,
                "network_performance_config": [],
                "pod_cidr_overprovision_config": [],
                "pod_ipv4_cidr_block": "10.20.0.0/14",
                "pod_range": "gke-hashicorp-393022-gke-pods-d6518c81"
              }
            ],
            "node_config": [
              {
                "advanced_machine_features": [],
                "boot_disk_kms_key": "",
                "confidential_nodes": [],
                "disk_size_gb": 10,
                "disk_type": "pd-balanced",
                "effective_taints": [],
                "enable_confidential_storage": false,
                "ephemeral_storage_local_ssd_config": [],
                "fast_socket": [],
                "gcfs_config": [],
                "guest_accelerator": [],
                "gvnic": [],
                "host_maintenance_policy": [],
                "image_type": "COS_CONTAINERD",
                "kubelet_config": [],
                "labels": {
                  "env": "hashicorp-393022"
                },
                "linux_node_config": [],
                "local_nvme_ssd_block_config": [],
                "local_ssd_count": 0,
                "logging_variant": "DEFAULT",
                "machine_type": "n1-standard-2",
                "metadata": {
                  "disable-legacy-endpoints": "true"
                },
                "min_cpu_platform": "",
                "node_group": "",
                "oauth_scopes": [
                  "https://www.googleapis.com/auth/logging.write",
                  "https://www.googleapis.com/auth/monitoring"
                ],
                "preemptible": true,
                "reservation_affinity": [],
                "resource_labels": {},
                "resource_manager_tags": {},
                "service_account": "default",
                "shielded_instance_config": [
                  {
                    "enable_integrity_monitoring": true,
                    "enable_secure_boot": false
                  }
                ],
                "sole_tenant_config": [],
                "spot": false,
                "tags": [
                  "gke-node",
                  "hashicorp-393022-gke"
                ],
                "taint": [],
                "workload_metadata_config": []
              }
            ],
            "node_count": 2,
            "node_locations": [
              "us-east1-b"
            ],
            "operation": null,
            "placement_policy": [],
            "project": "hashicorp-393022",
            "timeouts": null,
            "upgrade_settings": [
              {
                "blue_green_settings": [],
                "max_surge": 1,
                "max_unavailable": 0,
                "strategy": "SURGE"
              }
            ],
            "version": "1.27.8-gke.1067004"
          },
          "sensitive_attributes": [],
          "private": "eyJlMmJmYjczMC1lY2FhLTExZTYtOGY4OC0zNDM2M2JjN2M0YzAiOnsiY3JlYXRlIjoxODAwMDAwMDAwMDAwLCJkZWxldGUiOjE4MDAwMDAwMDAwMDAsInVwZGF0ZSI6MTgwMDAwMDAwMDAwMH0sInNjaGVtYV92ZXJzaW9uIjoiMSJ9",
          "dependencies": [
            "module.gcp_gke.data.google_container_engine_versions.gke_version",
            "module.gcp_gke.google_container_cluster.primary",
            "module.gcp_vpc.google_compute_firewall.allow-http",
            "module.gcp_vpc.google_compute_network.vpc",
            "module.gcp_vpc.google_compute_subnetwork.subnet"
          ]
        }
      ]
    },
    {
      "module": "module.gcp_vpc",
      "mode": "managed",
      "type": "google_compute_firewall",
      "name": "allow-http",
      "provider": "provider[\"registry.terraform.io/hashicorp/google\"]",
      "instances": [
        {
          "schema_version": 1,
          "attributes": {
            "allow": [
              {
                "ports": [
                  "80",
                  "20001",
                  "20002"
                ],
                "protocol": "tcp"
              }
            ],
            "creation_timestamp": "2024-03-17T21:41:57.522-07:00",
            "deny": [],
            "description": "",
            "destination_ranges": [],
            "direction": "INGRESS",
            "disabled": false,
            "enable_logging": null,
            "id": "projects/hashicorp-393022/global/firewalls/allow-http",
            "log_config": [],
            "name": "allow-http",
            "network": "https://www.googleapis.com/compute/v1/projects/hashicorp-393022/global/networks/hashicorp-393022-vpc",
            "priority": 1000,
            "project": "hashicorp-393022",
            "self_link": "https://www.googleapis.com/compute/v1/projects/hashicorp-393022/global/firewalls/allow-http",
            "source_ranges": [
              "0.0.0.0/0"
            ],
            "source_service_accounts": [],
            "source_tags": [],
            "target_service_accounts": [],
            "target_tags": [],
            "timeouts": null
          },
          "sensitive_attributes": [],
          "private": "eyJlMmJmYjczMC1lY2FhLTExZTYtOGY4OC0zNDM2M2JjN2M0YzAiOnsiY3JlYXRlIjoxMjAwMDAwMDAwMDAwLCJkZWxldGUiOjEyMDAwMDAwMDAwMDAsInVwZGF0ZSI6MTIwMDAwMDAwMDAwMH0sInNjaGVtYV92ZXJzaW9uIjoiMSJ9",
          "dependencies": [
            "module.gcp_vpc.google_compute_network.vpc"
          ]
        }
      ]
    },
    {
      "module": "module.gcp_vpc",
      "mode": "managed",
      "type": "google_compute_network",
      "name": "vpc",
      "provider": "provider[\"registry.terraform.io/hashicorp/google\"]",
      "instances": [
        {
          "schema_version": 0,
          "attributes": {
            "auto_create_subnetworks": false,
            "delete_default_routes_on_create": false,
            "description": "",
            "enable_ula_internal_ipv6": false,
            "gateway_ipv4": "",
            "id": "projects/hashicorp-393022/global/networks/hashicorp-393022-vpc",
            "internal_ipv6_range": "",
            "mtu": 0,
            "name": "hashicorp-393022-vpc",
            "network_firewall_policy_enforcement_order": "AFTER_CLASSIC_FIREWALL",
            "numeric_id": "699543170846429773",
            "project": "hashicorp-393022",
            "routing_mode": "REGIONAL",
            "self_link": "https://www.googleapis.com/compute/v1/projects/hashicorp-393022/global/networks/hashicorp-393022-vpc",
            "timeouts": null
          },
          "sensitive_attributes": [],
          "private": "eyJlMmJmYjczMC1lY2FhLTExZTYtOGY4OC0zNDM2M2JjN2M0YzAiOnsiY3JlYXRlIjoxMjAwMDAwMDAwMDAwLCJkZWxldGUiOjEyMDAwMDAwMDAwMDAsInVwZGF0ZSI6MTIwMDAwMDAwMDAwMH19"
        }
      ]
    },
    {
      "module": "module.gcp_vpc",
      "mode": "managed",
      "type": "google_compute_subnetwork",
      "name": "subnet",
      "provider": "provider[\"registry.terraform.io/hashicorp/google\"]",
      "instances": [
        {
          "schema_version": 0,
          "attributes": {
            "creation_timestamp": "2024-03-17T19:53:44.931-07:00",
            "description": "",
            "external_ipv6_prefix": "",
            "fingerprint": null,
            "gateway_address": "10.10.0.1",
            "id": "projects/hashicorp-393022/regions/us-east1/subnetworks/hashicorp-393022-subnet",
            "internal_ipv6_prefix": "",
            "ip_cidr_range": "10.10.0.0/24",
            "ipv6_access_type": "",
            "ipv6_cidr_range": "",
            "log_config": [],
            "name": "hashicorp-393022-subnet",
            "network": "https://www.googleapis.com/compute/v1/projects/hashicorp-393022/global/networks/hashicorp-393022-vpc",
            "private_ip_google_access": true,
            "private_ipv6_google_access": "DISABLE_GOOGLE_ACCESS",
            "project": "hashicorp-393022",
            "purpose": "PRIVATE",
            "region": "us-east1",
            "role": "",
            "secondary_ip_range": [
              {
                "ip_cidr_range": "10.142.32.0/20",
                "range_name": "gke-hashicorp-393022-gke-services-d6518c81"
              },
              {
                "ip_cidr_range": "10.20.0.0/14",
                "range_name": "gke-hashicorp-393022-gke-pods-d6518c81"
              }
            ],
            "self_link": "https://www.googleapis.com/compute/v1/projects/hashicorp-393022/regions/us-east1/subnetworks/hashicorp-393022-subnet",
            "stack_type": "IPV4_ONLY",
            "timeouts": null
          },
          "sensitive_attributes": [],
          "private": "eyJlMmJmYjczMC1lY2FhLTExZTYtOGY4OC0zNDM2M2JjN2M0YzAiOnsiY3JlYXRlIjoxMjAwMDAwMDAwMDAwLCJkZWxldGUiOjEyMDAwMDAwMDAwMDAsInVwZGF0ZSI6MTIwMDAwMDAwMDAwMH19",
          "dependencies": [
            "module.gcp_vpc.google_compute_network.vpc"
          ]
        }
      ]
    },
    {
      "module": "module.istio",
      "mode": "managed",
      "type": "helm_release",
      "name": "istiobase",
      "provider": "provider[\"registry.terraform.io/hashicorp/helm\"]",
      "instances": [
        {
          "schema_version": 1,
          "attributes": {
            "atomic": false,
            "chart": "base",
            "cleanup_on_fail": false,
            "create_namespace": true,
            "dependency_update": false,
            "description": null,
            "devel": null,
            "disable_crd_hooks": false,
            "disable_openapi_validation": false,
            "disable_webhooks": false,
            "force_update": false,
            "id": "istiobase",
            "keyring": null,
            "lint": false,
            "manifest": null,
            "max_history": 0,
            "metadata": [
              {
                "app_version": "1.21.0",
                "chart": "base",
                "name": "istiobase",
                "namespace": "istio-system",
                "revision": 1,
                "values": "{}",
                "version": "1.21.0"
              }
            ],
            "name": "istiobase",
            "namespace": "istio-system",
            "pass_credentials": false,
            "postrender": [],
            "recreate_pods": false,
            "render_subchart_notes": true,
            "replace": false,
            "repository": "https://istio-release.storage.googleapis.com/charts",
            "repository_ca_file": null,
            "repository_cert_file": null,
            "repository_key_file": null,
            "repository_password": null,
            "repository_username": null,
            "reset_values": false,
            "reuse_values": false,
            "set": [],
            "set_list": [],
            "set_sensitive": [],
            "skip_crds": false,
            "status": "deployed",
            "timeout": 300,
            "values": null,
            "verify": false,
            "version": "1.21.0",
            "wait": true,
            "wait_for_jobs": false
          },
          "sensitive_attributes": [],
          "private": "eyJzY2hlbWFfdmVyc2lvbiI6IjEifQ==",
          "dependencies": [
            "data.google_client_config.current",
            "kubernetes_namespace.istiosystem",
            "module.gcp_gke.data.google_container_engine_versions.gke_version",
            "module.gcp_gke.google_container_cluster.primary",
            "module.gcp_gke.google_container_node_pool.primary_nodes",
            "module.gcp_vpc.google_compute_firewall.allow-http",
            "module.gcp_vpc.google_compute_network.vpc",
            "module.gcp_vpc.google_compute_subnetwork.subnet"
          ]
        }
      ]
    },
    {
      "module": "module.istio",
      "mode": "managed",
      "type": "helm_release",
      "name": "istiod",
      "provider": "provider[\"registry.terraform.io/hashicorp/helm\"]",
      "instances": [
        {
          "schema_version": 1,
          "attributes": {
            "atomic": false,
            "chart": "istiod",
            "cleanup_on_fail": false,
            "create_namespace": true,
            "dependency_update": false,
            "description": null,
            "devel": null,
            "disable_crd_hooks": false,
            "disable_openapi_validation": false,
            "disable_webhooks": false,
            "force_update": false,
            "id": "istiod",
            "keyring": null,
            "lint": false,
            "manifest": null,
            "max_history": 0,
            "metadata": [
              {
                "app_version": "1.21.0",
                "chart": "istiod",
                "name": "istiod",
                "namespace": "istio-system",
                "revision": 1,
                "values": "{\"global\":{\"tracer\":{\"zipkin\":{\"address\":\"zipkin:9411\"}}},\"meshConfig\":{\"defaultConfig\":{\"tracing\":{\"sampling\":100},\"tracingServiceName\":\"zipkin\"}}}",
                "version": "1.21.0"
              }
            ],
            "name": "istiod",
            "namespace": "istio-system",
            "pass_credentials": false,
            "postrender": [],
            "recreate_pods": false,
            "render_subchart_notes": true,
            "replace": false,
            "repository": "https://istio-release.storage.googleapis.com/charts",
            "repository_ca_file": null,
            "repository_cert_file": null,
            "repository_key_file": null,
            "repository_password": null,
            "repository_username": null,
            "reset_values": false,
            "reuse_values": false,
            "set": [],
            "set_list": [],
            "set_sensitive": [],
            "skip_crds": false,
            "status": "deployed",
            "timeout": 300,
            "values": [
              "global:\n  tracer:\n    zipkin:\n      address: zipkin:9411\n\nmeshConfig:\n  defaultConfig:\n    tracing:\n      # tlsSettings: ISTIO_MUTUAL\n      sampling: 100.0\n    tracingServiceName: zipkin\n  # enableAutoMtls: true\n  # outboundTrafficPolicy: \n  #   mode: REGISTRY_ONLY"
            ],
            "verify": false,
            "version": "1.21.0",
            "wait": true,
            "wait_for_jobs": false
          },
          "sensitive_attributes": [],
          "private": "eyJzY2hlbWFfdmVyc2lvbiI6IjEifQ==",
          "dependencies": [
            "data.google_client_config.current",
            "kubernetes_namespace.istiosystem",
            "module.gcp_gke.data.google_container_engine_versions.gke_version",
            "module.gcp_gke.google_container_cluster.primary",
            "module.gcp_gke.google_container_node_pool.primary_nodes",
            "module.gcp_vpc.google_compute_firewall.allow-http",
            "module.gcp_vpc.google_compute_network.vpc",
            "module.gcp_vpc.google_compute_subnetwork.subnet",
            "module.istio.helm_release.istiobase"
          ]
        }
      ]
    },
    {
      "module": "module.istio-ingressgateway",
      "mode": "data",
      "type": "kubernetes_service",
      "name": "lb",
      "provider": "provider[\"registry.terraform.io/hashicorp/kubernetes\"]",
      "instances": [
        {
          "schema_version": 0,
          "attributes": {
            "id": "istio-ingress/istio-ingressgateway",
            "metadata": [
              {
                "annotations": {
                  "cloud.google.com/neg": "{\"ingress\":true}",
                  "meta.helm.sh/release-name": "istio-ingressgateway",
                  "meta.helm.sh/release-namespace": "istio-ingress"
                },
                "generation": 0,
                "labels": {
                  "app": "istio-ingressgateway",
                  "app.kubernetes.io/managed-by": "Helm",
                  "app.kubernetes.io/name": "istio-ingressgateway",
                  "app.kubernetes.io/version": "1.21.0",
                  "helm.sh/chart": "gateway-1.21.0",
                  "istio": "ingressgateway"
                },
                "name": "istio-ingressgateway",
                "namespace": "istio-ingress",
                "resource_version": "11962",
                "uid": "838eae6d-72d8-490c-a884-e653ae45c6ee"
              }
            ],
            "spec": [
              {
                "cluster_ip": "10.142.39.226",
                "external_ips": [],
                "external_name": "",
                "external_traffic_policy": "Cluster",
                "health_check_node_port": 0,
                "ip_families": [
                  "IPv4"
                ],
                "ip_family_policy": "SingleStack",
                "load_balancer_ip": "",
                "load_balancer_source_ranges": [],
                "port": [
                  {
                    "app_protocol": "",
                    "name": "status-port",
                    "node_port": 31413,
                    "port": 15021,
                    "protocol": "TCP",
                    "target_port": "15021"
                  },
                  {
                    "app_protocol": "",
                    "name": "http2",
                    "node_port": 30135,
                    "port": 80,
                    "protocol": "TCP",
                    "target_port": "80"
                  },
                  {
                    "app_protocol": "",
                    "name": "https",
                    "node_port": 30430,
                    "port": 443,
                    "protocol": "TCP",
                    "target_port": "443"
                  },
                  {
                    "app_protocol": "",
                    "name": "kiali",
                    "node_port": 31179,
                    "port": 20001,
                    "protocol": "TCP",
                    "target_port": "20001"
                  },
                  {
                    "app_protocol": "",
                    "name": "api",
                    "node_port": 32657,
                    "port": 20002,
                    "protocol": "TCP",
                    "target_port": "83"
                  }
                ],
                "publish_not_ready_addresses": false,
                "selector": {
                  "app": "istio-ingressgateway",
                  "istio": "ingressgateway"
                },
                "session_affinity": "None",
                "type": "LoadBalancer"
              }
            ],
            "status": [
              {
                "load_balancer": [
                  {
                    "ingress": [
                      {
                        "hostname": "",
                        "ip": "34.73.131.55"
                      }
                    ]
                  }
                ]
              }
            ]
          },
          "sensitive_attributes": []
        }
      ]
    },
    {
      "module": "module.istio-ingressgateway",
      "mode": "managed",
      "type": "helm_release",
      "name": "istio-ingress",
      "provider": "provider[\"registry.terraform.io/hashicorp/helm\"]",
      "instances": [
        {
          "schema_version": 1,
          "attributes": {
            "atomic": false,
            "chart": "gateway",
            "cleanup_on_fail": false,
            "create_namespace": false,
            "dependency_update": false,
            "description": null,
            "devel": null,
            "disable_crd_hooks": false,
            "disable_openapi_validation": false,
            "disable_webhooks": false,
            "force_update": false,
            "id": "istio-ingressgateway",
            "keyring": null,
            "lint": false,
            "manifest": null,
            "max_history": 0,
            "metadata": [
              {
                "app_version": "1.21.0",
                "chart": "gateway",
                "name": "istio-ingressgateway",
                "namespace": "istio-ingress",
                "revision": 3,
                "values": "{\"istio-ingressgateway\":{\"tls\":[{\"hosts\":[\"*\"],\"secretName\":\"my-tls-secret\"}]},\"service\":{\"ports\":[{\"name\":\"status-port\",\"port\":15021,\"protocol\":\"TCP\",\"targetPort\":15021},{\"name\":\"http2\",\"port\":80,\"protocol\":\"TCP\",\"targetPort\":80},{\"name\":\"https\",\"port\":443,\"protocol\":\"TCP\",\"targetPort\":443},{\"name\":\"kiali\",\"port\":20001,\"protocol\":\"TCP\",\"targetPort\":20001},{\"name\":\"api\",\"port\":20002,\"protocol\":\"TCP\",\"targetPort\":83}],\"type\":\"LoadBalancer\"}}",
                "version": "1.21.0"
              }
            ],
            "name": "istio-ingressgateway",
            "namespace": "istio-ingress",
            "pass_credentials": false,
            "postrender": [],
            "recreate_pods": false,
            "render_subchart_notes": true,
            "replace": false,
            "repository": "https://istio-release.storage.googleapis.com/charts",
            "repository_ca_file": null,
            "repository_cert_file": null,
            "repository_key_file": null,
            "repository_password": null,
            "repository_username": null,
            "reset_values": false,
            "reuse_values": false,
            "set": [],
            "set_list": [],
            "set_sensitive": [],
            "skip_crds": false,
            "status": "deployed",
            "timeout": 300,
            "values": [
              "istio-ingressgateway:\n    tls:\n      - secretName: \"my-tls-secret\"\n        hosts:\n          - \"*\"\nservice:\n  type: LoadBalancer\n  ports:\n  - name: status-port\n    port: 15021\n    protocol: TCP\n    targetPort: 15021\n  - name: http2\n    port: 80\n    protocol: TCP\n    targetPort: 80\n  - name: https\n    port: 443\n    protocol: TCP\n    targetPort: 443\n  - name: kiali\n    port: 20001\n    targetPort: 20001\n    protocol: TCP\n  - name: api\n    port: 20002\n    targetPort: 83\n    protocol: TCP"
            ],
            "verify": false,
            "version": "1.21.0",
            "wait": true,
            "wait_for_jobs": false
          },
          "sensitive_attributes": [],
          "private": "eyJzY2hlbWFfdmVyc2lvbiI6IjEifQ==",
          "dependencies": [
            "data.google_client_config.current",
            "kubernetes_namespace.ingress",
            "kubernetes_namespace.istiosystem",
            "module.gcp_gke.data.google_container_engine_versions.gke_version",
            "module.gcp_gke.google_container_cluster.primary",
            "module.gcp_gke.google_container_node_pool.primary_nodes",
            "module.gcp_vpc.google_compute_firewall.allow-http",
            "module.gcp_vpc.google_compute_network.vpc",
            "module.gcp_vpc.google_compute_subnetwork.subnet",
            "module.istio.helm_release.istiobase",
            "module.istio.helm_release.istiod"
          ]
        }
      ]
    },
    {
      "module": "module.istio-ingressgateway",
      "mode": "managed",
      "type": "kubernetes_secret",
      "name": "my_tls_secret",
      "provider": "provider[\"registry.terraform.io/hashicorp/kubernetes\"]",
      "instances": [
        {
          "schema_version": 0,
          "attributes": {
            "binary_data": null,
            "data": {
              "tls.crt": "-----BEGIN CERTIFICATE-----\nMIIEqjCCApKgAwIBAgIQeqvOn4UBzcGTLdwb7uhqrTANBgkqhkiG9w0BAQsFADAA\nMB4XDTI0MDMxODA1MTIzM1oXDTI1MDMxODA1MTIzM1owADCCAiIwDQYJKoZIhvcN\nAQEBBQADggIPADCCAgoCggIBAOuTGgzozlIw1l0+HSseSrwpaXYQWnwFGjNIdf7+\naMM+x2VYbRTp1k63hakuq0vQDX8tt/G5hemsRN81w+NQXhfO/bE4vgc8YfHJ0yIv\nh176jZiz+tBZZUnA8t6KFd0wuAJgDVbmXShmEwa13kqb0JCAPROFD/xa6gt+BNGs\nNcx7BiDgK5OF9Guk5I5hvuXIWy9tJu0bZk2pVWJtAGtWQ3Z0VWjbNdNaskYiCmdV\n/oApD8Ly4mUTdZSZKKZ73c4Uz66vu/c47htDVF61gjIC4aQRyp1/SUkl08qgzFNJ\n2mDz4kfPloL8YQMPI3sHhcUzLKBxgxeIYNey9STnxAaGdf69N0ijvZPicu+BAJEU\nWaxvtOjmxyy02EOQeeePkfq/j8DoAAUxqnCX+WjyBmim7UlKkaI8spg8kbpqji5O\nnwmctSjjKUav0oPVgU8DiHWZxaOxGOHyWgp/RxyUxouJ9u77mnjQ/lfgAVuvjuqv\nVKkeAxht1qZ52IPqkIurAQpCe61dXVXD38eQSVUqiqVmlfBSWxxPON42GXVLygKo\nNF+NGnP5GoKLRAJr1+6ciV42SX5qGVfCFr+bWDxc6PvO20pxxOv2eEIdAK+vH/kD\ny8JL937pWe8yEKeV9yLx+t9+tqr8xpJuaN2OVMl4nh4ExQejEvblu/bQwyCj+btZ\nvxizAgMBAAGjIDAeMA4GA1UdDwEB/wQEAwIFoDAMBgNVHRMBAf8EAjAAMA0GCSqG\nSIb3DQEBCwUAA4ICAQBdSN9V+dtDj7EB6pRI5U4XMWZo1iQhXadzX+j7hR0kMdY/\n0K1XAQZeCdJcgg5P3KbI/BOuPxDhPbFbWwnBelaMwxfxniEsbdc3SKWwMMx/Mzq2\nNDHR4YWh4yk1mzFex5Jpq2PFQyWfZAtZspLZFhi5lPuADE8L4BgLQ2sZuASmhz27\n1BV73SOqMQKC/LsUsaGLTyOGnhq6pOvWHv8A5YA6Sut0rq1wu7SGNi5q5gc6UTTy\n6uP/3aWO/kPrh0b8T1/f3Woxf+xHH5NVfyN0Ke+y2qY5V+P+4f5or82FwQq4dg7+\nk2r/p6nfxLJmh18A8+41jmQzHrvDetl6wExNh4fmpbDEgvtx93Ula4j2drs0P9iK\npwCVgIw9+U9Zl/J1uT0y+yj9dRdtlb+6//IGDiPgE5z+UA40y+OI4kbk3EEvtdrw\nXPUkSxTmFrAse3nYoutROXAmcTNce/f8Oazj1a1Pu47+Ybz5jzQLT7EsmJaDEz3K\nSQ/y2Ea2c+6+PwKO2rEP3+WqnmWCmIO2a+7FtLYbce5vMM7iK5OXeSIVZH6vDe04\nXg7m9gwjlwO+LSVizDaS39n5E8u06vMqzC9OAA9jUjZynREDrGwpNmtwA/icszNJ\nFNFEd0iS4VxS+QNCsmYGbW8RHxathwaWr3KSbcvm1Azd4Ks2XH1rrqpKeRRKDQ==\n-----END CERTIFICATE-----\n",
              "tls.key": "-----BEGIN RSA PRIVATE KEY-----\nMIIJJwIBAAKCAgEA65MaDOjOUjDWXT4dKx5KvClpdhBafAUaM0h1/v5owz7HZVht\nFOnWTreFqS6rS9ANfy238bmF6axE3zXD41BeF879sTi+Bzxh8cnTIi+HXvqNmLP6\n0FllScDy3ooV3TC4AmANVuZdKGYTBrXeSpvQkIA9E4UP/FrqC34E0aw1zHsGIOAr\nk4X0a6TkjmG+5chbL20m7RtmTalVYm0Aa1ZDdnRVaNs101qyRiIKZ1X+gCkPwvLi\nZRN1lJkopnvdzhTPrq+79zjuG0NUXrWCMgLhpBHKnX9JSSXTyqDMU0naYPPiR8+W\ngvxhAw8jeweFxTMsoHGDF4hg17L1JOfEBoZ1/r03SKO9k+Jy74EAkRRZrG+06ObH\nLLTYQ5B554+R+r+PwOgABTGqcJf5aPIGaKbtSUqRojyymDyRumqOLk6fCZy1KOMp\nRq/Sg9WBTwOIdZnFo7EY4fJaCn9HHJTGi4n27vuaeND+V+ABW6+O6q9UqR4DGG3W\npnnYg+qQi6sBCkJ7rV1dVcPfx5BJVSqKpWaV8FJbHE843jYZdUvKAqg0X40ac/ka\ngotEAmvX7pyJXjZJfmoZV8IWv5tYPFzo+87bSnHE6/Z4Qh0Ar68f+QPLwkv3fulZ\n7zIQp5X3IvH63362qvzGkm5o3Y5UyXieHgTFB6MS9uW79tDDIKP5u1m/GLMCAwEA\nAQKCAgBtvprdNrufeJb021H1W2hPni8+TEILEslw6KnnwBeIFcAIi5hNrN4kz8RZ\n2577c5JGFENkPhyPjqyLG94FENS03L49CIUmk8/BN1e/zkqPScQbRoVq+KqCIHxE\nhinHYMHogVzVhf4SKvNkJefH9CzGlKdfZ5bZ5nSwI+YU09hASXPCbwx97mK+nxPG\n7Oxk2eD5CC2hOil/topLjyIp3wcQsQN1FOJPcyooGAWmvF4S0I5CMKqdkeIt9ugE\nHyJmtjVGWSIE+yWZ19T/RinAKK17pLoygzDd/dxbwmtNxdMRZayd7axdmzuKlEvg\nLdH4221H1XnPxb3v3rPrnHkq3QssW5CCZQpHRcLRgOHvgYjCxmS7+UIoEb9o3AD7\n2wP4MOjNH1Ag7tRj6GbHmL8rt0Abn5NXRtq3hF+5TR9oI0Uxfvh69VcBsueVQSV7\noAmU3tchdfI2FJQ1fnv5eFhGJ+29IS8OtBrz+1sPqfmW0Qv3jsVoRrrL6Tf/hKhy\nlUNBQED6b3VCu6Yis+BdKdrxib1jWywFu6dnmbiUWUNG+vyYZneOE6sxalzvKvmt\niirsDsWvCy9h4YWbpsiSx2/BoH9xxuPkRPBK244y4E5WikK/DWBMdt9ty7vDO4Lt\neN1qA6pEavhBSFEtzmTqqz/8pTwe74gNvSXsSN+UYQSGulV7IQKCAQEA/BGE57gM\nMY2L/T5riCBiYA2OI+sM+psOtn3HkT7H+nbgs1UMfqiMo5Uu9WLOy6brIigwXn50\nEnfBIR1+P2/c0CcwIFq8ROy81BJWjkVK1pKcvSd5kL1JnpXZua/of+OVeS6h77rt\n4k8+DphA2lbjeDg8eNry9QfHxgx3kjnh2mChtfD4MpZWBa2mOJ86Xr/IxicUW2So\nevVsYgixF61STQU57K6U+Ex7o6NJcFHLQoLblGHFUBtxOKf32IDgm32jy992PZkS\nBvwkWyak1Ts1ikNhJwtFDRt1nXYXNXy9yx8ES3E4fRvT+qFjEqa1xGuKLUzKvGYA\nwmHqR2GSLKOYMQKCAQEA7z+5gjXXYYYMyr3O8+atsIF6DcLh8Jgxy8HIrENkGXMU\nnEuD9vkL6z8Fy3JaPJMxBkTP9Brqk3kFAqHJotK7s609XAh67Ehss8huYRQArM/D\nki+bWuB2BzEqRL+7Omg6zfWc6eLLOnPZYjNFd7Gwy+kabGi1Tf7arM4Bnm0zOjI/\ny9D/7O1BuwODdX6wAfNxNFnsXmiUM+6yoA4J4TGsWomnutNfQI6Vsxf9V2mN/a5B\nF8ljszqgriJZIJRnO6Qh3rlFHb7/9TUDi/mbWRt6GWPft7Ff63DhpjaQD3qtliRm\nU/yg3aa0aBFnHjYPa27pgK7X6HkOirZkhAM/Le1qIwKCAQBwaq/HWAG4J9SDAM+c\nSjUVeXYm9rE3IugQ40+Zq1Islc/oqsmDw0/VtLbYoVRw5uR+u0W3HtZNVjM/vZOM\nXysvegqwo0bLxnkAa51GngieYYydn3lL399xZotPkPAz+R+0h+OYstlc0NJwV960\ngYO5Hft6OsuYE/w4i17YTBA6AFaeefV3OizrI2K6Zej2ULoOBWfCysWI8OOBZTb1\nxEqsJuSKdeHiStnpRO1/tjrcUtfy+ReyfkqkZeTXHcMOFZ5zUhm9pwKvMsxUCowA\nvQNHwn0VmKUXD2QI8Z2wMQ3EBPU5YCk9QqfrYwZ4TvlJvFxHj7PrCeLUzi5Z3139\noohBAoIBACoHftZSEREv1GV1bLrKJm8gf8mVF84FXpIV6+PfPuF9pvxCA9/KJn7g\nJmt0HkgP74fTZNjUNatMkkXBGEQDUzggUewuDTIfEwGOT128ftXc9dVjiZ4wWmuv\nBmbna8O59cKiyDsKPXt6SJEIwsZhL9bSj3LF/jvCbrX2xrAHLP2nQC/U+nCryWVK\nG7jzVYYyNwvkVDLNmmN5JmYZsUCfUlDhZ9bZNR2JLuE0cKv/fhM3nnXISjx9KycM\nH64qg+wlTFHtKCgumpaABqx7YAAKZKu7MNz7Swd4YBur8CjX+1Cp+lP8yGHH3F9/\n1yamhpTv+hNCI+nSAmz517SdQWcXExMCggEAEY3DYQIb1DcFDjp2VZNyn59iTyKD\nI1cawQpprrNgtRadDk0d0Uc5dUj5wYUzFi+3gmEhdi/sJABs244ppiwvNoApEc4H\nleSlyH++mNb4baQ2dAdQ5wSJopok0O+2Cl7WanOpuzkSw6ldVVm3dauMxy91sgvY\noBr9qKpXAF+apLg+PzGfcm1z7OCGEP6HmM6PQJ8zMLkEX4GCgIsg7JeyxL3+jN6r\nf7ZxNbCpAwKGnXsK54APS/EocWmPUKj95ZpWKpdSIXkad4W+eisXTcDTFvPSbuMp\nsk1NO6y4srOFuBaBri7Y/3jO6RJ2buZLdzJKzNENpyTHqFWqkvnKfHa2dw==\n-----END RSA PRIVATE KEY-----\n"
            },
            "id": "istio-ingress/my-tls-secret",
            "immutable": false,
            "metadata": [
              {
                "annotations": {},
                "generate_name": "",
                "generation": 0,
                "labels": {},
                "name": "my-tls-secret",
                "namespace": "istio-ingress",
                "resource_version": "78066",
                "uid": "8521196c-833e-453c-8939-20d9f2b9b26e"
              }
            ],
            "type": "Opaque"
          },
          "sensitive_attributes": [
            [
              {
                "type": "get_attr",
                "value": "data"
              },
              {
                "type": "index",
                "value": {
                  "value": "tls.key",
                  "type": "string"
                }
              }
            ]
          ],
          "private": "bnVsbA==",
          "dependencies": [
            "data.google_client_config.current",
            "kubernetes_namespace.ingress",
            "kubernetes_namespace.istiosystem",
            "module.gcp_gke.data.google_container_engine_versions.gke_version",
            "module.gcp_gke.google_container_cluster.primary",
            "module.gcp_gke.google_container_node_pool.primary_nodes",
            "module.gcp_vpc.google_compute_firewall.allow-http",
            "module.gcp_vpc.google_compute_network.vpc",
            "module.gcp_vpc.google_compute_subnetwork.subnet",
            "module.istio-ingressgateway.tls_private_key.my_private_key",
            "module.istio-ingressgateway.tls_self_signed_cert.my_self_signed_cert",
            "module.istio.helm_release.istiobase",
            "module.istio.helm_release.istiod"
          ]
        }
      ]
    },
    {
      "module": "module.istio-ingressgateway",
      "mode": "managed",
      "type": "tls_private_key",
      "name": "my_private_key",
      "provider": "provider[\"registry.terraform.io/hashicorp/tls\"]",
      "instances": [
        {
          "schema_version": 1,
          "attributes": {
            "algorithm": "RSA",
            "ecdsa_curve": "P224",
            "id": "16c1230edfd4c69aa0df0d67cae32c4238046966",
            "private_key_openssh": "-----BEGIN OPENSSH PRIVATE KEY-----\nb3BlbnNzaC1rZXktdjEAAAAABG5vbmUAAAAEbm9uZQAAAAAAAAABAAACFwAAAAdz\nc2gtcnNhAAAAAwEAAQAAAgEA65MaDOjOUjDWXT4dKx5KvClpdhBafAUaM0h1/v5o\nwz7HZVhtFOnWTreFqS6rS9ANfy238bmF6axE3zXD41BeF879sTi+Bzxh8cnTIi+H\nXvqNmLP60FllScDy3ooV3TC4AmANVuZdKGYTBrXeSpvQkIA9E4UP/FrqC34E0aw1\nzHsGIOArk4X0a6TkjmG+5chbL20m7RtmTalVYm0Aa1ZDdnRVaNs101qyRiIKZ1X+\ngCkPwvLiZRN1lJkopnvdzhTPrq+79zjuG0NUXrWCMgLhpBHKnX9JSSXTyqDMU0na\nYPPiR8+WgvxhAw8jeweFxTMsoHGDF4hg17L1JOfEBoZ1/r03SKO9k+Jy74EAkRRZ\nrG+06ObHLLTYQ5B554+R+r+PwOgABTGqcJf5aPIGaKbtSUqRojyymDyRumqOLk6f\nCZy1KOMpRq/Sg9WBTwOIdZnFo7EY4fJaCn9HHJTGi4n27vuaeND+V+ABW6+O6q9U\nqR4DGG3WpnnYg+qQi6sBCkJ7rV1dVcPfx5BJVSqKpWaV8FJbHE843jYZdUvKAqg0\nX40ac/kagotEAmvX7pyJXjZJfmoZV8IWv5tYPFzo+87bSnHE6/Z4Qh0Ar68f+QPL\nwkv3fulZ7zIQp5X3IvH63362qvzGkm5o3Y5UyXieHgTFB6MS9uW79tDDIKP5u1m/\nGLMAAAc4q82nCKvNpwgAAAAHc3NoLXJzYQAAAgEA65MaDOjOUjDWXT4dKx5KvClp\ndhBafAUaM0h1/v5owz7HZVhtFOnWTreFqS6rS9ANfy238bmF6axE3zXD41BeF879\nsTi+Bzxh8cnTIi+HXvqNmLP60FllScDy3ooV3TC4AmANVuZdKGYTBrXeSpvQkIA9\nE4UP/FrqC34E0aw1zHsGIOArk4X0a6TkjmG+5chbL20m7RtmTalVYm0Aa1ZDdnRV\naNs101qyRiIKZ1X+gCkPwvLiZRN1lJkopnvdzhTPrq+79zjuG0NUXrWCMgLhpBHK\nnX9JSSXTyqDMU0naYPPiR8+WgvxhAw8jeweFxTMsoHGDF4hg17L1JOfEBoZ1/r03\nSKO9k+Jy74EAkRRZrG+06ObHLLTYQ5B554+R+r+PwOgABTGqcJf5aPIGaKbtSUqR\nojyymDyRumqOLk6fCZy1KOMpRq/Sg9WBTwOIdZnFo7EY4fJaCn9HHJTGi4n27vua\neND+V+ABW6+O6q9UqR4DGG3WpnnYg+qQi6sBCkJ7rV1dVcPfx5BJVSqKpWaV8FJb\nHE843jYZdUvKAqg0X40ac/kagotEAmvX7pyJXjZJfmoZV8IWv5tYPFzo+87bSnHE\n6/Z4Qh0Ar68f+QPLwkv3fulZ7zIQp5X3IvH63362qvzGkm5o3Y5UyXieHgTFB6MS\n9uW79tDDIKP5u1m/GLMAAAADAQABAAACAG2+mt02u594lvTbUfVbaE+eLz5MQgsS\nyXDoqefAF4gVwAiLmE2s3iTPxFnbnvtzkkYUQ2Q+HI+OrIsb3gUQ1LTcvj0IhSaT\nz8E3V7/OSo9JxBtGhWr4qoIgfESGKcdgweiBXNWF/hIq82Ql58f0LMaUp19nltnm\ndLAj5hTT2EBJc8JvDH3uYr6fE8bs7GTZ4PkILaE6KX+2ikuPIinfBxCxA3UU4k9z\nKigYBaa8XhLQjkIwqp2R4i326AQfIma2NUZZIgT7JZnX1P9GKcAorXukujKDMN39\n3FvCa03F0xFlrJ3trF2bO4qUS+At0fjbbUfVec/Fve/es+uceSrdCyxbkIJlCkdF\nwtGA4e+BiMLGZLv5QigRv2jcAPvbA/gw6M0fUCDu1GPoZseYvyu3QBufk1dG2reE\nX7lNH2gjRTF++Hr1VwGy55VBJXugCZTe1yF18jYUlDV+e/l4WEYn7b0hLw60GvP7\nWw+p+ZbRC/eOxWhGusvpN/+EqHKVQ0FAQPpvdUK7piKz4F0p2vGJvWNbLAW7p2eZ\nuJRZQ0b6/Jhmd44TqzFqXO8q+a2KKuwOxa8LL2HhhZumyJLHb8Ggf3HG4+RE8Erb\njjLgTlaKQr8NYEx2323Lu8M7gu143WoDqkRq+EFIUS3OZOqrP/ylPB7viA29JexI\n35RhBIa6VXshAAABABGNw2ECG9Q3BQ46dlWTcp+fYk8igyNXGsEKaa6zYLUWnQ5N\nHdFHOXVI+cGFMxYvt4JhIXYv7CQAbNuOKaYsLzaAKRHOB5Xkpch/vpjW+G2kNnQH\nUOcEiaKaJNDvtgpe1mpzqbs5EsOpXVVZt3WrjMcvdbIL2KAa/aiqVwBfmqS4Pj8x\nn3Jtc+zghhD+h5jOj0CfMzC5BF+BgoCLIOyXssS9/ozeq3+2cTWwqQMChp17CueA\nD0vxKHFpj1Co/eWaViqXUiF5GneFvnorF03A0xbz0m7jKbJNTTusuLKzhbgWga4u\n2P94zukSdm7mS3cySszRDackx6hVqpL5ynx2tncAAAEBAPwRhOe4DDGNi/0+a4gg\nYmANjiPrDPqbDrZ9x5E+x/p24LNVDH6ojKOVLvVizsum6yIoMF5+dBJ3wSEdfj9v\n3NAnMCBavETsvNQSVo5FStaSnL0neZC9SZ6V2bmv6H/jlXkuoe+67eJPPg6YQNpW\n43g4PHja8vUHx8YMd5I54dpgobXw+DKWVgWtpjifOl6/yMYnFFtkqHr1bGIIsRet\nUk0FOeyulPhMe6OjSXBRy0KC25RhxVAbcTin99iA4Jt9o8vfdj2ZEgb8JFsmpNU7\nNYpDYScLRQ0bdZ12FzV8vcsfBEtxOH0b0/qhYxKmtcRrii1MyrxmAMJh6kdhkiyj\nmDEAAAEBAO8/uYI112GGDMq9zvPmrbCBeg3C4fCYMcvByKxDZBlzFJxLg/b5C+s/\nBctyWjyTMQZEz/Qa6pN5BQKhyaLSu7OtPVwIeuxIbLPIbmEUAKzPw5Ivm1rgdgcx\nKkS/uzpoOs31nOniyzpz2WIzRXexsMvpGmxotU3+2qzOAZ5tMzoyP8vQ/+ztQbsD\ng3V+sAHzcTRZ7F5olDPusqAOCeExrFqJp7rTX0COlbMX/Vdpjf2uQRfJY7M6oK4i\nWSCUZzukId65RR2+//U1A4v5m1kbehlj37exX+tw4aY2kA96rZYkZlP8oN2mtGgR\nZx42D2tu6YCu1+h5Doq2ZIQDPy3taiMAAAAAAQID\n-----END OPENSSH PRIVATE KEY-----\n",
            "private_key_pem": "-----BEGIN RSA PRIVATE KEY-----\nMIIJJwIBAAKCAgEA65MaDOjOUjDWXT4dKx5KvClpdhBafAUaM0h1/v5owz7HZVht\nFOnWTreFqS6rS9ANfy238bmF6axE3zXD41BeF879sTi+Bzxh8cnTIi+HXvqNmLP6\n0FllScDy3ooV3TC4AmANVuZdKGYTBrXeSpvQkIA9E4UP/FrqC34E0aw1zHsGIOAr\nk4X0a6TkjmG+5chbL20m7RtmTalVYm0Aa1ZDdnRVaNs101qyRiIKZ1X+gCkPwvLi\nZRN1lJkopnvdzhTPrq+79zjuG0NUXrWCMgLhpBHKnX9JSSXTyqDMU0naYPPiR8+W\ngvxhAw8jeweFxTMsoHGDF4hg17L1JOfEBoZ1/r03SKO9k+Jy74EAkRRZrG+06ObH\nLLTYQ5B554+R+r+PwOgABTGqcJf5aPIGaKbtSUqRojyymDyRumqOLk6fCZy1KOMp\nRq/Sg9WBTwOIdZnFo7EY4fJaCn9HHJTGi4n27vuaeND+V+ABW6+O6q9UqR4DGG3W\npnnYg+qQi6sBCkJ7rV1dVcPfx5BJVSqKpWaV8FJbHE843jYZdUvKAqg0X40ac/ka\ngotEAmvX7pyJXjZJfmoZV8IWv5tYPFzo+87bSnHE6/Z4Qh0Ar68f+QPLwkv3fulZ\n7zIQp5X3IvH63362qvzGkm5o3Y5UyXieHgTFB6MS9uW79tDDIKP5u1m/GLMCAwEA\nAQKCAgBtvprdNrufeJb021H1W2hPni8+TEILEslw6KnnwBeIFcAIi5hNrN4kz8RZ\n2577c5JGFENkPhyPjqyLG94FENS03L49CIUmk8/BN1e/zkqPScQbRoVq+KqCIHxE\nhinHYMHogVzVhf4SKvNkJefH9CzGlKdfZ5bZ5nSwI+YU09hASXPCbwx97mK+nxPG\n7Oxk2eD5CC2hOil/topLjyIp3wcQsQN1FOJPcyooGAWmvF4S0I5CMKqdkeIt9ugE\nHyJmtjVGWSIE+yWZ19T/RinAKK17pLoygzDd/dxbwmtNxdMRZayd7axdmzuKlEvg\nLdH4221H1XnPxb3v3rPrnHkq3QssW5CCZQpHRcLRgOHvgYjCxmS7+UIoEb9o3AD7\n2wP4MOjNH1Ag7tRj6GbHmL8rt0Abn5NXRtq3hF+5TR9oI0Uxfvh69VcBsueVQSV7\noAmU3tchdfI2FJQ1fnv5eFhGJ+29IS8OtBrz+1sPqfmW0Qv3jsVoRrrL6Tf/hKhy\nlUNBQED6b3VCu6Yis+BdKdrxib1jWywFu6dnmbiUWUNG+vyYZneOE6sxalzvKvmt\niirsDsWvCy9h4YWbpsiSx2/BoH9xxuPkRPBK244y4E5WikK/DWBMdt9ty7vDO4Lt\neN1qA6pEavhBSFEtzmTqqz/8pTwe74gNvSXsSN+UYQSGulV7IQKCAQEA/BGE57gM\nMY2L/T5riCBiYA2OI+sM+psOtn3HkT7H+nbgs1UMfqiMo5Uu9WLOy6brIigwXn50\nEnfBIR1+P2/c0CcwIFq8ROy81BJWjkVK1pKcvSd5kL1JnpXZua/of+OVeS6h77rt\n4k8+DphA2lbjeDg8eNry9QfHxgx3kjnh2mChtfD4MpZWBa2mOJ86Xr/IxicUW2So\nevVsYgixF61STQU57K6U+Ex7o6NJcFHLQoLblGHFUBtxOKf32IDgm32jy992PZkS\nBvwkWyak1Ts1ikNhJwtFDRt1nXYXNXy9yx8ES3E4fRvT+qFjEqa1xGuKLUzKvGYA\nwmHqR2GSLKOYMQKCAQEA7z+5gjXXYYYMyr3O8+atsIF6DcLh8Jgxy8HIrENkGXMU\nnEuD9vkL6z8Fy3JaPJMxBkTP9Brqk3kFAqHJotK7s609XAh67Ehss8huYRQArM/D\nki+bWuB2BzEqRL+7Omg6zfWc6eLLOnPZYjNFd7Gwy+kabGi1Tf7arM4Bnm0zOjI/\ny9D/7O1BuwODdX6wAfNxNFnsXmiUM+6yoA4J4TGsWomnutNfQI6Vsxf9V2mN/a5B\nF8ljszqgriJZIJRnO6Qh3rlFHb7/9TUDi/mbWRt6GWPft7Ff63DhpjaQD3qtliRm\nU/yg3aa0aBFnHjYPa27pgK7X6HkOirZkhAM/Le1qIwKCAQBwaq/HWAG4J9SDAM+c\nSjUVeXYm9rE3IugQ40+Zq1Islc/oqsmDw0/VtLbYoVRw5uR+u0W3HtZNVjM/vZOM\nXysvegqwo0bLxnkAa51GngieYYydn3lL399xZotPkPAz+R+0h+OYstlc0NJwV960\ngYO5Hft6OsuYE/w4i17YTBA6AFaeefV3OizrI2K6Zej2ULoOBWfCysWI8OOBZTb1\nxEqsJuSKdeHiStnpRO1/tjrcUtfy+ReyfkqkZeTXHcMOFZ5zUhm9pwKvMsxUCowA\nvQNHwn0VmKUXD2QI8Z2wMQ3EBPU5YCk9QqfrYwZ4TvlJvFxHj7PrCeLUzi5Z3139\noohBAoIBACoHftZSEREv1GV1bLrKJm8gf8mVF84FXpIV6+PfPuF9pvxCA9/KJn7g\nJmt0HkgP74fTZNjUNatMkkXBGEQDUzggUewuDTIfEwGOT128ftXc9dVjiZ4wWmuv\nBmbna8O59cKiyDsKPXt6SJEIwsZhL9bSj3LF/jvCbrX2xrAHLP2nQC/U+nCryWVK\nG7jzVYYyNwvkVDLNmmN5JmYZsUCfUlDhZ9bZNR2JLuE0cKv/fhM3nnXISjx9KycM\nH64qg+wlTFHtKCgumpaABqx7YAAKZKu7MNz7Swd4YBur8CjX+1Cp+lP8yGHH3F9/\n1yamhpTv+hNCI+nSAmz517SdQWcXExMCggEAEY3DYQIb1DcFDjp2VZNyn59iTyKD\nI1cawQpprrNgtRadDk0d0Uc5dUj5wYUzFi+3gmEhdi/sJABs244ppiwvNoApEc4H\nleSlyH++mNb4baQ2dAdQ5wSJopok0O+2Cl7WanOpuzkSw6ldVVm3dauMxy91sgvY\noBr9qKpXAF+apLg+PzGfcm1z7OCGEP6HmM6PQJ8zMLkEX4GCgIsg7JeyxL3+jN6r\nf7ZxNbCpAwKGnXsK54APS/EocWmPUKj95ZpWKpdSIXkad4W+eisXTcDTFvPSbuMp\nsk1NO6y4srOFuBaBri7Y/3jO6RJ2buZLdzJKzNENpyTHqFWqkvnKfHa2dw==\n-----END RSA PRIVATE KEY-----\n",
            "private_key_pem_pkcs8": "-----BEGIN PRIVATE KEY-----\nMIIJQQIBADANBgkqhkiG9w0BAQEFAASCCSswggknAgEAAoICAQDrkxoM6M5SMNZd\nPh0rHkq8KWl2EFp8BRozSHX+/mjDPsdlWG0U6dZOt4WpLqtL0A1/LbfxuYXprETf\nNcPjUF4Xzv2xOL4HPGHxydMiL4de+o2Ys/rQWWVJwPLeihXdMLgCYA1W5l0oZhMG\ntd5Km9CQgD0ThQ/8WuoLfgTRrDXMewYg4CuThfRrpOSOYb7lyFsvbSbtG2ZNqVVi\nbQBrVkN2dFVo2zXTWrJGIgpnVf6AKQ/C8uJlE3WUmSime93OFM+ur7v3OO4bQ1Re\ntYIyAuGkEcqdf0lJJdPKoMxTSdpg8+JHz5aC/GEDDyN7B4XFMyygcYMXiGDXsvUk\n58QGhnX+vTdIo72T4nLvgQCRFFmsb7To5scstNhDkHnnj5H6v4/A6AAFMapwl/lo\n8gZopu1JSpGiPLKYPJG6ao4uTp8JnLUo4ylGr9KD1YFPA4h1mcWjsRjh8loKf0cc\nlMaLifbu+5p40P5X4AFbr47qr1SpHgMYbdamediD6pCLqwEKQnutXV1Vw9/HkElV\nKoqlZpXwUlscTzjeNhl1S8oCqDRfjRpz+RqCi0QCa9funIleNkl+ahlXwha/m1g8\nXOj7zttKccTr9nhCHQCvrx/5A8vCS/d+6VnvMhCnlfci8frffraq/MaSbmjdjlTJ\neJ4eBMUHoxL25bv20MMgo/m7Wb8YswIDAQABAoICAG2+mt02u594lvTbUfVbaE+e\nLz5MQgsSyXDoqefAF4gVwAiLmE2s3iTPxFnbnvtzkkYUQ2Q+HI+OrIsb3gUQ1LTc\nvj0IhSaTz8E3V7/OSo9JxBtGhWr4qoIgfESGKcdgweiBXNWF/hIq82Ql58f0LMaU\np19nltnmdLAj5hTT2EBJc8JvDH3uYr6fE8bs7GTZ4PkILaE6KX+2ikuPIinfBxCx\nA3UU4k9zKigYBaa8XhLQjkIwqp2R4i326AQfIma2NUZZIgT7JZnX1P9GKcAorXuk\nujKDMN393FvCa03F0xFlrJ3trF2bO4qUS+At0fjbbUfVec/Fve/es+uceSrdCyxb\nkIJlCkdFwtGA4e+BiMLGZLv5QigRv2jcAPvbA/gw6M0fUCDu1GPoZseYvyu3QBuf\nk1dG2reEX7lNH2gjRTF++Hr1VwGy55VBJXugCZTe1yF18jYUlDV+e/l4WEYn7b0h\nLw60GvP7Ww+p+ZbRC/eOxWhGusvpN/+EqHKVQ0FAQPpvdUK7piKz4F0p2vGJvWNb\nLAW7p2eZuJRZQ0b6/Jhmd44TqzFqXO8q+a2KKuwOxa8LL2HhhZumyJLHb8Ggf3HG\n4+RE8ErbjjLgTlaKQr8NYEx2323Lu8M7gu143WoDqkRq+EFIUS3OZOqrP/ylPB7v\niA29JexI35RhBIa6VXshAoIBAQD8EYTnuAwxjYv9PmuIIGJgDY4j6wz6mw62fceR\nPsf6duCzVQx+qIyjlS71Ys7LpusiKDBefnQSd8EhHX4/b9zQJzAgWrxE7LzUElaO\nRUrWkpy9J3mQvUmeldm5r+h/45V5LqHvuu3iTz4OmEDaVuN4ODx42vL1B8fGDHeS\nOeHaYKG18PgyllYFraY4nzpev8jGJxRbZKh69WxiCLEXrVJNBTnsrpT4THujo0lw\nUctCgtuUYcVQG3E4p/fYgOCbfaPL33Y9mRIG/CRbJqTVOzWKQ2EnC0UNG3Wddhc1\nfL3LHwRLcTh9G9P6oWMSprXEa4otTMq8ZgDCYepHYZIso5gxAoIBAQDvP7mCNddh\nhgzKvc7z5q2wgXoNwuHwmDHLwcisQ2QZcxScS4P2+QvrPwXLclo8kzEGRM/0GuqT\neQUCocmi0ruzrT1cCHrsSGyzyG5hFACsz8OSL5ta4HYHMSpEv7s6aDrN9Zzp4ss6\nc9liM0V3sbDL6RpsaLVN/tqszgGebTM6Mj/L0P/s7UG7A4N1frAB83E0WexeaJQz\n7rKgDgnhMaxaiae6019AjpWzF/1XaY39rkEXyWOzOqCuIlkglGc7pCHeuUUdvv/1\nNQOL+ZtZG3oZY9+3sV/rcOGmNpAPeq2WJGZT/KDdprRoEWceNg9rbumArtfoeQ6K\ntmSEAz8t7WojAoIBAHBqr8dYAbgn1IMAz5xKNRV5dib2sTci6BDjT5mrUiyVz+iq\nyYPDT9W0ttihVHDm5H67Rbce1k1WMz+9k4xfKy96CrCjRsvGeQBrnUaeCJ5hjJ2f\neUvf33Fmi0+Q8DP5H7SH45iy2VzQ0nBX3rSBg7kd+3o6y5gT/DiLXthMEDoAVp55\n9Xc6LOsjYrpl6PZQug4FZ8LKxYjw44FlNvXESqwm5Ip14eJK2elE7X+2OtxS1/L5\nF7J+SqRl5Ncdww4VnnNSGb2nAq8yzFQKjAC9A0fCfRWYpRcPZAjxnbAxDcQE9Tlg\nKT1Cp+tjBnhO+Um8XEePs+sJ4tTOLlnfXf2iiEECggEAKgd+1lIRES/UZXVsusom\nbyB/yZUXzgVekhXr498+4X2m/EID38omfuAma3QeSA/vh9Nk2NQ1q0ySRcEYRANT\nOCBR7C4NMh8TAY5PXbx+1dz11WOJnjBaa68GZudrw7n1wqLIOwo9e3pIkQjCxmEv\n1tKPcsX+O8JutfbGsAcs/adAL9T6cKvJZUobuPNVhjI3C+RUMs2aY3kmZhmxQJ9S\nUOFn1tk1HYku4TRwq/9+EzeedchKPH0rJwwfriqD7CVMUe0oKC6aloAGrHtgAApk\nq7sw3PtLB3hgG6vwKNf7UKn6U/zIYcfcX3/XJqaGlO/6E0Ij6dICbPnXtJ1BZxcT\nEwKCAQARjcNhAhvUNwUOOnZVk3Kfn2JPIoMjVxrBCmmus2C1Fp0OTR3RRzl1SPnB\nhTMWL7eCYSF2L+wkAGzbjimmLC82gCkRzgeV5KXIf76Y1vhtpDZ0B1DnBImimiTQ\n77YKXtZqc6m7ORLDqV1VWbd1q4zHL3WyC9igGv2oqlcAX5qkuD4/MZ9ybXPs4IYQ\n/oeYzo9AnzMwuQRfgYKAiyDsl7LEvf6M3qt/tnE1sKkDAoadewrngA9L8ShxaY9Q\nqP3lmlYql1IheRp3hb56KxdNwNMW89Ju4ymyTU07rLiys4W4FoGuLtj/eM7pEnZu\n5kt3MkrM0Q2nJMeoVaqS+cp8drZ3\n-----END PRIVATE KEY-----\n",
            "public_key_fingerprint_md5": "08:8c:bc:26:9b:70:e9:a2:a3:1b:3a:97:56:a4:45:5a",
            "public_key_fingerprint_sha256": "SHA256:EL4VPMuZafklyHMeAs0OLDYyP26/iEM3IC8JmT62p/4",
            "public_key_openssh": "ssh-rsa AAAAB3NzaC1yc2EAAAADAQABAAACAQDrkxoM6M5SMNZdPh0rHkq8KWl2EFp8BRozSHX+/mjDPsdlWG0U6dZOt4WpLqtL0A1/LbfxuYXprETfNcPjUF4Xzv2xOL4HPGHxydMiL4de+o2Ys/rQWWVJwPLeihXdMLgCYA1W5l0oZhMGtd5Km9CQgD0ThQ/8WuoLfgTRrDXMewYg4CuThfRrpOSOYb7lyFsvbSbtG2ZNqVVibQBrVkN2dFVo2zXTWrJGIgpnVf6AKQ/C8uJlE3WUmSime93OFM+ur7v3OO4bQ1RetYIyAuGkEcqdf0lJJdPKoMxTSdpg8+JHz5aC/GEDDyN7B4XFMyygcYMXiGDXsvUk58QGhnX+vTdIo72T4nLvgQCRFFmsb7To5scstNhDkHnnj5H6v4/A6AAFMapwl/lo8gZopu1JSpGiPLKYPJG6ao4uTp8JnLUo4ylGr9KD1YFPA4h1mcWjsRjh8loKf0cclMaLifbu+5p40P5X4AFbr47qr1SpHgMYbdamediD6pCLqwEKQnutXV1Vw9/HkElVKoqlZpXwUlscTzjeNhl1S8oCqDRfjRpz+RqCi0QCa9funIleNkl+ahlXwha/m1g8XOj7zttKccTr9nhCHQCvrx/5A8vCS/d+6VnvMhCnlfci8frffraq/MaSbmjdjlTJeJ4eBMUHoxL25bv20MMgo/m7Wb8Ysw==\n",
            "public_key_pem": "-----BEGIN PUBLIC KEY-----\nMIICIjANBgkqhkiG9w0BAQEFAAOCAg8AMIICCgKCAgEA65MaDOjOUjDWXT4dKx5K\nvClpdhBafAUaM0h1/v5owz7HZVhtFOnWTreFqS6rS9ANfy238bmF6axE3zXD41Be\nF879sTi+Bzxh8cnTIi+HXvqNmLP60FllScDy3ooV3TC4AmANVuZdKGYTBrXeSpvQ\nkIA9E4UP/FrqC34E0aw1zHsGIOArk4X0a6TkjmG+5chbL20m7RtmTalVYm0Aa1ZD\ndnRVaNs101qyRiIKZ1X+gCkPwvLiZRN1lJkopnvdzhTPrq+79zjuG0NUXrWCMgLh\npBHKnX9JSSXTyqDMU0naYPPiR8+WgvxhAw8jeweFxTMsoHGDF4hg17L1JOfEBoZ1\n/r03SKO9k+Jy74EAkRRZrG+06ObHLLTYQ5B554+R+r+PwOgABTGqcJf5aPIGaKbt\nSUqRojyymDyRumqOLk6fCZy1KOMpRq/Sg9WBTwOIdZnFo7EY4fJaCn9HHJTGi4n2\n7vuaeND+V+ABW6+O6q9UqR4DGG3WpnnYg+qQi6sBCkJ7rV1dVcPfx5BJVSqKpWaV\n8FJbHE843jYZdUvKAqg0X40ac/kagotEAmvX7pyJXjZJfmoZV8IWv5tYPFzo+87b\nSnHE6/Z4Qh0Ar68f+QPLwkv3fulZ7zIQp5X3IvH63362qvzGkm5o3Y5UyXieHgTF\nB6MS9uW79tDDIKP5u1m/GLMCAwEAAQ==\n-----END PUBLIC KEY-----\n",
            "rsa_bits": 4096
          },
          "sensitive_attributes": [],
          "dependencies": [
            "data.google_client_config.current",
            "kubernetes_namespace.ingress",
            "kubernetes_namespace.istiosystem",
            "module.gcp_gke.data.google_container_engine_versions.gke_version",
            "module.gcp_gke.google_container_cluster.primary",
            "module.gcp_gke.google_container_node_pool.primary_nodes",
            "module.gcp_vpc.google_compute_firewall.allow-http",
            "module.gcp_vpc.google_compute_network.vpc",
            "module.gcp_vpc.google_compute_subnetwork.subnet",
            "module.istio.helm_release.istiobase",
            "module.istio.helm_release.istiod"
          ]
        }
      ]
    },
    {
      "module": "module.istio-ingressgateway",
      "mode": "managed",
      "type": "tls_self_signed_cert",
      "name": "my_self_signed_cert",
      "provider": "provider[\"registry.terraform.io/hashicorp/tls\"]",
      "instances": [
        {
          "schema_version": 0,
          "attributes": {
            "allowed_uses": [
              "digital_signature",
              "key_encipherment"
            ],
            "cert_pem": "-----BEGIN CERTIFICATE-----\nMIIEqjCCApKgAwIBAgIQeqvOn4UBzcGTLdwb7uhqrTANBgkqhkiG9w0BAQsFADAA\nMB4XDTI0MDMxODA1MTIzM1oXDTI1MDMxODA1MTIzM1owADCCAiIwDQYJKoZIhvcN\nAQEBBQADggIPADCCAgoCggIBAOuTGgzozlIw1l0+HSseSrwpaXYQWnwFGjNIdf7+\naMM+x2VYbRTp1k63hakuq0vQDX8tt/G5hemsRN81w+NQXhfO/bE4vgc8YfHJ0yIv\nh176jZiz+tBZZUnA8t6KFd0wuAJgDVbmXShmEwa13kqb0JCAPROFD/xa6gt+BNGs\nNcx7BiDgK5OF9Guk5I5hvuXIWy9tJu0bZk2pVWJtAGtWQ3Z0VWjbNdNaskYiCmdV\n/oApD8Ly4mUTdZSZKKZ73c4Uz66vu/c47htDVF61gjIC4aQRyp1/SUkl08qgzFNJ\n2mDz4kfPloL8YQMPI3sHhcUzLKBxgxeIYNey9STnxAaGdf69N0ijvZPicu+BAJEU\nWaxvtOjmxyy02EOQeeePkfq/j8DoAAUxqnCX+WjyBmim7UlKkaI8spg8kbpqji5O\nnwmctSjjKUav0oPVgU8DiHWZxaOxGOHyWgp/RxyUxouJ9u77mnjQ/lfgAVuvjuqv\nVKkeAxht1qZ52IPqkIurAQpCe61dXVXD38eQSVUqiqVmlfBSWxxPON42GXVLygKo\nNF+NGnP5GoKLRAJr1+6ciV42SX5qGVfCFr+bWDxc6PvO20pxxOv2eEIdAK+vH/kD\ny8JL937pWe8yEKeV9yLx+t9+tqr8xpJuaN2OVMl4nh4ExQejEvblu/bQwyCj+btZ\nvxizAgMBAAGjIDAeMA4GA1UdDwEB/wQEAwIFoDAMBgNVHRMBAf8EAjAAMA0GCSqG\nSIb3DQEBCwUAA4ICAQBdSN9V+dtDj7EB6pRI5U4XMWZo1iQhXadzX+j7hR0kMdY/\n0K1XAQZeCdJcgg5P3KbI/BOuPxDhPbFbWwnBelaMwxfxniEsbdc3SKWwMMx/Mzq2\nNDHR4YWh4yk1mzFex5Jpq2PFQyWfZAtZspLZFhi5lPuADE8L4BgLQ2sZuASmhz27\n1BV73SOqMQKC/LsUsaGLTyOGnhq6pOvWHv8A5YA6Sut0rq1wu7SGNi5q5gc6UTTy\n6uP/3aWO/kPrh0b8T1/f3Woxf+xHH5NVfyN0Ke+y2qY5V+P+4f5or82FwQq4dg7+\nk2r/p6nfxLJmh18A8+41jmQzHrvDetl6wExNh4fmpbDEgvtx93Ula4j2drs0P9iK\npwCVgIw9+U9Zl/J1uT0y+yj9dRdtlb+6//IGDiPgE5z+UA40y+OI4kbk3EEvtdrw\nXPUkSxTmFrAse3nYoutROXAmcTNce/f8Oazj1a1Pu47+Ybz5jzQLT7EsmJaDEz3K\nSQ/y2Ea2c+6+PwKO2rEP3+WqnmWCmIO2a+7FtLYbce5vMM7iK5OXeSIVZH6vDe04\nXg7m9gwjlwO+LSVizDaS39n5E8u06vMqzC9OAA9jUjZynREDrGwpNmtwA/icszNJ\nFNFEd0iS4VxS+QNCsmYGbW8RHxathwaWr3KSbcvm1Azd4Ks2XH1rrqpKeRRKDQ==\n-----END CERTIFICATE-----\n",
            "dns_names": null,
            "early_renewal_hours": 0,
            "id": "163057889063389070918894664716592376493",
            "ip_addresses": null,
            "is_ca_certificate": false,
            "key_algorithm": "RSA",
            "private_key_pem": "-----BEGIN RSA PRIVATE KEY-----\nMIIJJwIBAAKCAgEA65MaDOjOUjDWXT4dKx5KvClpdhBafAUaM0h1/v5owz7HZVht\nFOnWTreFqS6rS9ANfy238bmF6axE3zXD41BeF879sTi+Bzxh8cnTIi+HXvqNmLP6\n0FllScDy3ooV3TC4AmANVuZdKGYTBrXeSpvQkIA9E4UP/FrqC34E0aw1zHsGIOAr\nk4X0a6TkjmG+5chbL20m7RtmTalVYm0Aa1ZDdnRVaNs101qyRiIKZ1X+gCkPwvLi\nZRN1lJkopnvdzhTPrq+79zjuG0NUXrWCMgLhpBHKnX9JSSXTyqDMU0naYPPiR8+W\ngvxhAw8jeweFxTMsoHGDF4hg17L1JOfEBoZ1/r03SKO9k+Jy74EAkRRZrG+06ObH\nLLTYQ5B554+R+r+PwOgABTGqcJf5aPIGaKbtSUqRojyymDyRumqOLk6fCZy1KOMp\nRq/Sg9WBTwOIdZnFo7EY4fJaCn9HHJTGi4n27vuaeND+V+ABW6+O6q9UqR4DGG3W\npnnYg+qQi6sBCkJ7rV1dVcPfx5BJVSqKpWaV8FJbHE843jYZdUvKAqg0X40ac/ka\ngotEAmvX7pyJXjZJfmoZV8IWv5tYPFzo+87bSnHE6/Z4Qh0Ar68f+QPLwkv3fulZ\n7zIQp5X3IvH63362qvzGkm5o3Y5UyXieHgTFB6MS9uW79tDDIKP5u1m/GLMCAwEA\nAQKCAgBtvprdNrufeJb021H1W2hPni8+TEILEslw6KnnwBeIFcAIi5hNrN4kz8RZ\n2577c5JGFENkPhyPjqyLG94FENS03L49CIUmk8/BN1e/zkqPScQbRoVq+KqCIHxE\nhinHYMHogVzVhf4SKvNkJefH9CzGlKdfZ5bZ5nSwI+YU09hASXPCbwx97mK+nxPG\n7Oxk2eD5CC2hOil/topLjyIp3wcQsQN1FOJPcyooGAWmvF4S0I5CMKqdkeIt9ugE\nHyJmtjVGWSIE+yWZ19T/RinAKK17pLoygzDd/dxbwmtNxdMRZayd7axdmzuKlEvg\nLdH4221H1XnPxb3v3rPrnHkq3QssW5CCZQpHRcLRgOHvgYjCxmS7+UIoEb9o3AD7\n2wP4MOjNH1Ag7tRj6GbHmL8rt0Abn5NXRtq3hF+5TR9oI0Uxfvh69VcBsueVQSV7\noAmU3tchdfI2FJQ1fnv5eFhGJ+29IS8OtBrz+1sPqfmW0Qv3jsVoRrrL6Tf/hKhy\nlUNBQED6b3VCu6Yis+BdKdrxib1jWywFu6dnmbiUWUNG+vyYZneOE6sxalzvKvmt\niirsDsWvCy9h4YWbpsiSx2/BoH9xxuPkRPBK244y4E5WikK/DWBMdt9ty7vDO4Lt\neN1qA6pEavhBSFEtzmTqqz/8pTwe74gNvSXsSN+UYQSGulV7IQKCAQEA/BGE57gM\nMY2L/T5riCBiYA2OI+sM+psOtn3HkT7H+nbgs1UMfqiMo5Uu9WLOy6brIigwXn50\nEnfBIR1+P2/c0CcwIFq8ROy81BJWjkVK1pKcvSd5kL1JnpXZua/of+OVeS6h77rt\n4k8+DphA2lbjeDg8eNry9QfHxgx3kjnh2mChtfD4MpZWBa2mOJ86Xr/IxicUW2So\nevVsYgixF61STQU57K6U+Ex7o6NJcFHLQoLblGHFUBtxOKf32IDgm32jy992PZkS\nBvwkWyak1Ts1ikNhJwtFDRt1nXYXNXy9yx8ES3E4fRvT+qFjEqa1xGuKLUzKvGYA\nwmHqR2GSLKOYMQKCAQEA7z+5gjXXYYYMyr3O8+atsIF6DcLh8Jgxy8HIrENkGXMU\nnEuD9vkL6z8Fy3JaPJMxBkTP9Brqk3kFAqHJotK7s609XAh67Ehss8huYRQArM/D\nki+bWuB2BzEqRL+7Omg6zfWc6eLLOnPZYjNFd7Gwy+kabGi1Tf7arM4Bnm0zOjI/\ny9D/7O1BuwODdX6wAfNxNFnsXmiUM+6yoA4J4TGsWomnutNfQI6Vsxf9V2mN/a5B\nF8ljszqgriJZIJRnO6Qh3rlFHb7/9TUDi/mbWRt6GWPft7Ff63DhpjaQD3qtliRm\nU/yg3aa0aBFnHjYPa27pgK7X6HkOirZkhAM/Le1qIwKCAQBwaq/HWAG4J9SDAM+c\nSjUVeXYm9rE3IugQ40+Zq1Islc/oqsmDw0/VtLbYoVRw5uR+u0W3HtZNVjM/vZOM\nXysvegqwo0bLxnkAa51GngieYYydn3lL399xZotPkPAz+R+0h+OYstlc0NJwV960\ngYO5Hft6OsuYE/w4i17YTBA6AFaeefV3OizrI2K6Zej2ULoOBWfCysWI8OOBZTb1\nxEqsJuSKdeHiStnpRO1/tjrcUtfy+ReyfkqkZeTXHcMOFZ5zUhm9pwKvMsxUCowA\nvQNHwn0VmKUXD2QI8Z2wMQ3EBPU5YCk9QqfrYwZ4TvlJvFxHj7PrCeLUzi5Z3139\noohBAoIBACoHftZSEREv1GV1bLrKJm8gf8mVF84FXpIV6+PfPuF9pvxCA9/KJn7g\nJmt0HkgP74fTZNjUNatMkkXBGEQDUzggUewuDTIfEwGOT128ftXc9dVjiZ4wWmuv\nBmbna8O59cKiyDsKPXt6SJEIwsZhL9bSj3LF/jvCbrX2xrAHLP2nQC/U+nCryWVK\nG7jzVYYyNwvkVDLNmmN5JmYZsUCfUlDhZ9bZNR2JLuE0cKv/fhM3nnXISjx9KycM\nH64qg+wlTFHtKCgumpaABqx7YAAKZKu7MNz7Swd4YBur8CjX+1Cp+lP8yGHH3F9/\n1yamhpTv+hNCI+nSAmz517SdQWcXExMCggEAEY3DYQIb1DcFDjp2VZNyn59iTyKD\nI1cawQpprrNgtRadDk0d0Uc5dUj5wYUzFi+3gmEhdi/sJABs244ppiwvNoApEc4H\nleSlyH++mNb4baQ2dAdQ5wSJopok0O+2Cl7WanOpuzkSw6ldVVm3dauMxy91sgvY\noBr9qKpXAF+apLg+PzGfcm1z7OCGEP6HmM6PQJ8zMLkEX4GCgIsg7JeyxL3+jN6r\nf7ZxNbCpAwKGnXsK54APS/EocWmPUKj95ZpWKpdSIXkad4W+eisXTcDTFvPSbuMp\nsk1NO6y4srOFuBaBri7Y/3jO6RJ2buZLdzJKzNENpyTHqFWqkvnKfHa2dw==\n-----END RSA PRIVATE KEY-----\n",
            "ready_for_renewal": false,
            "set_authority_key_id": false,
            "set_subject_key_id": false,
            "subject": [],
            "uris": null,
            "validity_end_time": "2025-03-17T23:12:33.142545-06:00",
            "validity_period_hours": 8760,
            "validity_start_time": "2024-03-17T23:12:33.142545-06:00"
          },
          "sensitive_attributes": [
            [
              {
                "type": "get_attr",
                "value": "private_key_pem"
              }
            ]
          ],
          "dependencies": [
            "data.google_client_config.current",
            "kubernetes_namespace.ingress",
            "kubernetes_namespace.istiosystem",
            "module.gcp_gke.data.google_container_engine_versions.gke_version",
            "module.gcp_gke.google_container_cluster.primary",
            "module.gcp_gke.google_container_node_pool.primary_nodes",
            "module.gcp_vpc.google_compute_firewall.allow-http",
            "module.gcp_vpc.google_compute_network.vpc",
            "module.gcp_vpc.google_compute_subnetwork.subnet",
            "module.istio-ingressgateway.tls_private_key.my_private_key",
            "module.istio.helm_release.istiobase",
            "module.istio.helm_release.istiod"
          ]
        }
      ]
    },
    {
      "module": "module.kiali",
      "mode": "managed",
      "type": "helm_release",
      "name": "kiali",
      "provider": "provider[\"registry.terraform.io/hashicorp/helm\"]",
      "instances": [
        {
          "schema_version": 1,
          "attributes": {
            "atomic": false,
            "chart": "kiali-server",
            "cleanup_on_fail": false,
            "create_namespace": false,
            "dependency_update": false,
            "description": null,
            "devel": null,
            "disable_crd_hooks": false,
            "disable_openapi_validation": false,
            "disable_webhooks": false,
            "force_update": false,
            "id": "kiali-server",
            "keyring": null,
            "lint": false,
            "manifest": null,
            "max_history": 0,
            "metadata": [
              {
                "app_version": "v1.81.0",
                "chart": "kiali-server",
                "name": "kiali-server",
                "namespace": "istio-system",
                "revision": 2,
                "values": "{\"auth\":{\"strategy\":\"anonymous\"},\"external_services\":{\"istio\":{\"gateway_host\":\"istio-ingressgateway.istio-ingress.svc.cluster.local\",\"ingress_gateway\":{\"service_address\":\"34.73.131.55\",\"service_name\":\"istio-ingressgateway\",\"service_port\":80},\"root_namespace\":\"istio-system\"}}}",
                "version": "1.81.0"
              }
            ],
            "name": "kiali-server",
            "namespace": "istio-system",
            "pass_credentials": false,
            "postrender": [],
            "recreate_pods": false,
            "render_subchart_notes": true,
            "replace": false,
            "repository": "https://kiali.org/helm-charts",
            "repository_ca_file": null,
            "repository_cert_file": null,
            "repository_key_file": null,
            "repository_password": null,
            "repository_username": null,
            "reset_values": false,
            "reuse_values": false,
            "set": [],
            "set_list": [],
            "set_sensitive": [],
            "skip_crds": false,
            "status": "deployed",
            "timeout": 300,
            "values": [
              "auth:\n  strategy: anonymous\n\nexternal_services:\n  istio:\n    root_namespace: istio-system\n    ingress_gateway:\n      service_name: istio-ingressgateway\n      service_port: 80\n      service_address: 34.73.131.55\n    gateway_host: istio-ingressgateway.istio-ingress.svc.cluster.local\n"
            ],
            "verify": false,
            "version": "1.81.0",
            "wait": true,
            "wait_for_jobs": false
          },
          "sensitive_attributes": [],
          "private": "eyJzY2hlbWFfdmVyc2lvbiI6IjEifQ==",
          "dependencies": [
            "data.google_client_config.current",
            "kubernetes_namespace.ingress",
            "kubernetes_namespace.istiosystem",
            "module.gcp_gke.data.google_container_engine_versions.gke_version",
            "module.gcp_gke.google_container_cluster.primary",
            "module.gcp_gke.google_container_node_pool.primary_nodes",
            "module.gcp_vpc.google_compute_firewall.allow-http",
            "module.gcp_vpc.google_compute_network.vpc",
            "module.gcp_vpc.google_compute_subnetwork.subnet",
            "module.istio-ingressgateway.data.kubernetes_service.lb",
            "module.istio-ingressgateway.helm_release.istio-ingress",
            "module.istio-ingressgateway.kubernetes_secret.my_tls_secret",
            "module.istio-ingressgateway.tls_private_key.my_private_key",
            "module.istio-ingressgateway.tls_self_signed_cert.my_self_signed_cert",
            "module.istio.helm_release.istiobase",
            "module.istio.helm_release.istiod"
          ]
        }
      ]
    },
    {
      "module": "module.kiali",
      "mode": "managed",
      "type": "kubernetes_manifest",
      "name": "kiali_vs",
      "provider": "provider[\"registry.terraform.io/hashicorp/kubernetes\"]",
      "instances": [
        {
          "schema_version": 1,
          "attributes": {
            "computed_fields": null,
            "field_manager": [],
            "manifest": {
              "value": {
                "apiVersion": "networking.istio.io/v1alpha3",
                "kind": "VirtualService",
                "metadata": {
                  "name": "kiali",
                  "namespace": "istio-system"
                },
                "spec": {
                  "gateways": [
                    "istio-ingressgateway"
                  ],
                  "hosts": [
                    "*"
                  ],
                  "http": [
                    {
                      "route": [
                        {
                          "destination": {
                            "host": "kiali.istio-system.svc.cluster.local",
                            "port": {
                              "number": 20001
                            }
                          }
                        }
                      ]
                    }
                  ]
                }
              },
              "type": [
                "object",
                {
                  "apiVersion": "string",
                  "kind": "string",
                  "metadata": [
                    "object",
                    {
                      "name": "string",
                      "namespace": "string"
                    }
                  ],
                  "spec": [
                    "object",
                    {
                      "gateways": [
                        "tuple",
                        [
                          "string"
                        ]
                      ],
                      "hosts": [
                        "tuple",
                        [
                          "string"
                        ]
                      ],
                      "http": [
                        "tuple",
                        [
                          [
                            "object",
                            {
                              "route": [
                                "tuple",
                                [
                                  [
                                    "object",
                                    {
                                      "destination": [
                                        "object",
                                        {
                                          "host": "string",
                                          "port": [
                                            "object",
                                            {
                                              "number": "number"
                                            }
                                          ]
                                        }
                                      ]
                                    }
                                  ]
                                ]
                              ]
                            }
                          ]
                        ]
                      ]
                    }
                  ]
                }
              ]
            },
            "object": {
              "value": {
                "apiVersion": "networking.istio.io/v1alpha3",
                "kind": "VirtualService",
                "metadata": {
                  "annotations": null,
                  "creationTimestamp": null,
                  "deletionGracePeriodSeconds": null,
                  "deletionTimestamp": null,
                  "finalizers": null,
                  "generateName": null,
                  "generation": null,
                  "labels": null,
                  "managedFields": null,
                  "name": "kiali",
                  "namespace": "istio-system",
                  "ownerReferences": null,
                  "resourceVersion": null,
                  "selfLink": null,
                  "uid": null
                },
                "spec": {
                  "exportTo": null,
                  "gateways": [
                    "istio-ingressgateway"
                  ],
                  "hosts": [
                    "*"
                  ],
                  "http": [
                    {
                      "corsPolicy": {
                        "allowCredentials": null,
                        "allowHeaders": null,
                        "allowMethods": null,
                        "allowOrigin": null,
                        "allowOrigins": null,
                        "exposeHeaders": null,
                        "maxAge": null
                      },
                      "delegate": {
                        "name": null,
                        "namespace": null
                      },
                      "directResponse": {
                        "body": {
                          "bytes": null,
                          "string": null
                        },
                        "status": null
                      },
                      "fault": {
                        "abort": {
                          "grpcStatus": null,
                          "http2Error": null,
                          "httpStatus": null,
                          "percentage": {
                            "value": null
                          }
                        },
                        "delay": {
                          "exponentialDelay": null,
                          "fixedDelay": null,
                          "percent": null,
                          "percentage": {
                            "value": null
                          }
                        }
                      },
                      "headers": {
                        "request": {
                          "add": null,
                          "remove": null,
                          "set": null
                        },
                        "response": {
                          "add": null,
                          "remove": null,
                          "set": null
                        }
                      },
                      "match": null,
                      "mirror": {
                        "host": null,
                        "port": {
                          "number": null
                        },
                        "subset": null
                      },
                      "mirrorPercent": null,
                      "mirrorPercentage": {
                        "value": null
                      },
                      "mirror_percent": null,
                      "mirrors": null,
                      "name": null,
                      "redirect": {
                        "authority": null,
                        "derivePort": null,
                        "port": null,
                        "redirectCode": null,
                        "scheme": null,
                        "uri": null
                      },
                      "retries": {
                        "attempts": null,
                        "perTryTimeout": null,
                        "retryOn": null,
                        "retryRemoteLocalities": null
                      },
                      "rewrite": {
                        "authority": null,
                        "uri": null,
                        "uriRegexRewrite": {
                          "match": null,
                          "rewrite": null
                        }
                      },
                      "route": [
                        {
                          "destination": {
                            "host": "kiali.istio-system.svc.cluster.local",
                            "port": {
                              "number": 20001
                            },
                            "subset": null
                          },
                          "headers": {
                            "request": {
                              "add": null,
                              "remove": null,
                              "set": null
                            },
                            "response": {
                              "add": null,
                              "remove": null,
                              "set": null
                            }
                          },
                          "weight": null
                        }
                      ],
                      "timeout": null
                    }
                  ],
                  "tcp": null,
                  "tls": null
                }
              },
              "type": [
                "object",
                {
                  "apiVersion": "string",
                  "kind": "string",
                  "metadata": [
                    "object",
                    {
                      "annotations": [
                        "map",
                        "string"
                      ],
                      "creationTimestamp": "string",
                      "deletionGracePeriodSeconds": "number",
                      "deletionTimestamp": "string",
                      "finalizers": [
                        "list",
                        "string"
                      ],
                      "generateName": "string",
                      "generation": "number",
                      "labels": [
                        "map",
                        "string"
                      ],
                      "managedFields": [
                        "tuple",
                        [
                          [
                            "object",
                            {
                              "apiVersion": "string",
                              "fieldsType": "string",
                              "fieldsV1": "dynamic",
                              "manager": "string",
                              "operation": "string",
                              "subresource": "string",
                              "time": "string"
                            }
                          ]
                        ]
                      ],
                      "name": "string",
                      "namespace": "string",
                      "ownerReferences": [
                        "list",
                        [
                          "object",
                          {
                            "apiVersion": "string",
                            "blockOwnerDeletion": "bool",
                            "controller": "bool",
                            "kind": "string",
                            "name": "string",
                            "uid": "string"
                          }
                        ]
                      ],
                      "resourceVersion": "string",
                      "selfLink": "string",
                      "uid": "string"
                    }
                  ],
                  "spec": [
                    "object",
                    {
                      "exportTo": [
                        "list",
                        "string"
                      ],
                      "gateways": [
                        "list",
                        "string"
                      ],
                      "hosts": [
                        "list",
                        "string"
                      ],
                      "http": [
                        "list",
                        [
                          "object",
                          {
                            "corsPolicy": [
                              "object",
                              {
                                "allowCredentials": "bool",
                                "allowHeaders": [
                                  "list",
                                  "string"
                                ],
                                "allowMethods": [
                                  "list",
                                  "string"
                                ],
                                "allowOrigin": [
                                  "list",
                                  "string"
                                ],
                                "allowOrigins": [
                                  "list",
                                  [
                                    "object",
                                    {
                                      "exact": "string",
                                      "prefix": "string",
                                      "regex": "string"
                                    }
                                  ]
                                ],
                                "exposeHeaders": [
                                  "list",
                                  "string"
                                ],
                                "maxAge": "string"
                              }
                            ],
                            "delegate": [
                              "object",
                              {
                                "name": "string",
                                "namespace": "string"
                              }
                            ],
                            "directResponse": [
                              "object",
                              {
                                "body": [
                                  "object",
                                  {
                                    "bytes": "string",
                                    "string": "string"
                                  }
                                ],
                                "status": "number"
                              }
                            ],
                            "fault": [
                              "object",
                              {
                                "abort": [
                                  "object",
                                  {
                                    "grpcStatus": "string",
                                    "http2Error": "string",
                                    "httpStatus": "number",
                                    "percentage": [
                                      "object",
                                      {
                                        "value": "number"
                                      }
                                    ]
                                  }
                                ],
                                "delay": [
                                  "object",
                                  {
                                    "exponentialDelay": "string",
                                    "fixedDelay": "string",
                                    "percent": "number",
                                    "percentage": [
                                      "object",
                                      {
                                        "value": "number"
                                      }
                                    ]
                                  }
                                ]
                              }
                            ],
                            "headers": [
                              "object",
                              {
                                "request": [
                                  "object",
                                  {
                                    "add": [
                                      "map",
                                      "string"
                                    ],
                                    "remove": [
                                      "list",
                                      "string"
                                    ],
                                    "set": [
                                      "map",
                                      "string"
                                    ]
                                  }
                                ],
                                "response": [
                                  "object",
                                  {
                                    "add": [
                                      "map",
                                      "string"
                                    ],
                                    "remove": [
                                      "list",
                                      "string"
                                    ],
                                    "set": [
                                      "map",
                                      "string"
                                    ]
                                  }
                                ]
                              }
                            ],
                            "match": [
                              "list",
                              [
                                "object",
                                {
                                  "authority": [
                                    "object",
                                    {
                                      "exact": "string",
                                      "prefix": "string",
                                      "regex": "string"
                                    }
                                  ],
                                  "gateways": [
                                    "list",
                                    "string"
                                  ],
                                  "headers": [
                                    "map",
                                    [
                                      "object",
                                      {
                                        "exact": "string",
                                        "prefix": "string",
                                        "regex": "string"
                                      }
                                    ]
                                  ],
                                  "ignoreUriCase": "bool",
                                  "method": [
                                    "object",
                                    {
                                      "exact": "string",
                                      "prefix": "string",
                                      "regex": "string"
                                    }
                                  ],
                                  "name": "string",
                                  "port": "number",
                                  "queryParams": [
                                    "map",
                                    [
                                      "object",
                                      {
                                        "exact": "string",
                                        "prefix": "string",
                                        "regex": "string"
                                      }
                                    ]
                                  ],
                                  "scheme": [
                                    "object",
                                    {
                                      "exact": "string",
                                      "prefix": "string",
                                      "regex": "string"
                                    }
                                  ],
                                  "sourceLabels": [
                                    "map",
                                    "string"
                                  ],
                                  "sourceNamespace": "string",
                                  "statPrefix": "string",
                                  "uri": [
                                    "object",
                                    {
                                      "exact": "string",
                                      "prefix": "string",
                                      "regex": "string"
                                    }
                                  ],
                                  "withoutHeaders": [
                                    "map",
                                    [
                                      "object",
                                      {
                                        "exact": "string",
                                        "prefix": "string",
                                        "regex": "string"
                                      }
                                    ]
                                  ]
                                }
                              ]
                            ],
                            "mirror": [
                              "object",
                              {
                                "host": "string",
                                "port": [
                                  "object",
                                  {
                                    "number": "number"
                                  }
                                ],
                                "subset": "string"
                              }
                            ],
                            "mirrorPercent": "number",
                            "mirrorPercentage": [
                              "object",
                              {
                                "value": "number"
                              }
                            ],
                            "mirror_percent": "number",
                            "mirrors": [
                              "list",
                              [
                                "object",
                                {
                                  "destination": [
                                    "object",
                                    {
                                      "host": "string",
                                      "port": [
                                        "object",
                                        {
                                          "number": "number"
                                        }
                                      ],
                                      "subset": "string"
                                    }
                                  ],
                                  "percentage": [
                                    "object",
                                    {
                                      "value": "number"
                                    }
                                  ]
                                }
                              ]
                            ],
                            "name": "string",
                            "redirect": [
                              "object",
                              {
                                "authority": "string",
                                "derivePort": "string",
                                "port": "number",
                                "redirectCode": "number",
                                "scheme": "string",
                                "uri": "string"
                              }
                            ],
                            "retries": [
                              "object",
                              {
                                "attempts": "number",
                                "perTryTimeout": "string",
                                "retryOn": "string",
                                "retryRemoteLocalities": "bool"
                              }
                            ],
                            "rewrite": [
                              "object",
                              {
                                "authority": "string",
                                "uri": "string",
                                "uriRegexRewrite": [
                                  "object",
                                  {
                                    "match": "string",
                                    "rewrite": "string"
                                  }
                                ]
                              }
                            ],
                            "route": [
                              "list",
                              [
                                "object",
                                {
                                  "destination": [
                                    "object",
                                    {
                                      "host": "string",
                                      "port": [
                                        "object",
                                        {
                                          "number": "number"
                                        }
                                      ],
                                      "subset": "string"
                                    }
                                  ],
                                  "headers": [
                                    "object",
                                    {
                                      "request": [
                                        "object",
                                        {
                                          "add": [
                                            "map",
                                            "string"
                                          ],
                                          "remove": [
                                            "list",
                                            "string"
                                          ],
                                          "set": [
                                            "map",
                                            "string"
                                          ]
                                        }
                                      ],
                                      "response": [
                                        "object",
                                        {
                                          "add": [
                                            "map",
                                            "string"
                                          ],
                                          "remove": [
                                            "list",
                                            "string"
                                          ],
                                          "set": [
                                            "map",
                                            "string"
                                          ]
                                        }
                                      ]
                                    }
                                  ],
                                  "weight": "number"
                                }
                              ]
                            ],
                            "timeout": "string"
                          }
                        ]
                      ],
                      "tcp": [
                        "list",
                        [
                          "object",
                          {
                            "match": [
                              "list",
                              [
                                "object",
                                {
                                  "destinationSubnets": [
                                    "list",
                                    "string"
                                  ],
                                  "gateways": [
                                    "list",
                                    "string"
                                  ],
                                  "port": "number",
                                  "sourceLabels": [
                                    "map",
                                    "string"
                                  ],
                                  "sourceNamespace": "string",
                                  "sourceSubnet": "string"
                                }
                              ]
                            ],
                            "route": [
                              "list",
                              [
                                "object",
                                {
                                  "destination": [
                                    "object",
                                    {
                                      "host": "string",
                                      "port": [
                                        "object",
                                        {
                                          "number": "number"
                                        }
                                      ],
                                      "subset": "string"
                                    }
                                  ],
                                  "weight": "number"
                                }
                              ]
                            ]
                          }
                        ]
                      ],
                      "tls": [
                        "list",
                        [
                          "object",
                          {
                            "match": [
                              "list",
                              [
                                "object",
                                {
                                  "destinationSubnets": [
                                    "list",
                                    "string"
                                  ],
                                  "gateways": [
                                    "list",
                                    "string"
                                  ],
                                  "port": "number",
                                  "sniHosts": [
                                    "list",
                                    "string"
                                  ],
                                  "sourceLabels": [
                                    "map",
                                    "string"
                                  ],
                                  "sourceNamespace": "string"
                                }
                              ]
                            ],
                            "route": [
                              "list",
                              [
                                "object",
                                {
                                  "destination": [
                                    "object",
                                    {
                                      "host": "string",
                                      "port": [
                                        "object",
                                        {
                                          "number": "number"
                                        }
                                      ],
                                      "subset": "string"
                                    }
                                  ],
                                  "weight": "number"
                                }
                              ]
                            ]
                          }
                        ]
                      ]
                    }
                  ]
                }
              ]
            },
            "timeouts": [],
            "wait": [],
            "wait_for": null
          },
          "sensitive_attributes": [],
          "dependencies": [
            "data.google_client_config.current",
            "kubernetes_namespace.ingress",
            "kubernetes_namespace.istiosystem",
            "module.gcp_gke.google_container_cluster.primary",
            "module.gcp_vpc.google_compute_firewall.allow-http",
            "module.gcp_vpc.google_compute_network.vpc",
            "module.gcp_vpc.google_compute_subnetwork.subnet",
            "module.istio-ingressgateway.data.kubernetes_service.lb",
            "module.istio-ingressgateway.helm_release.istio-ingress",
            "module.istio-ingressgateway.kubernetes_secret.my_tls_secret",
            "module.istio-ingressgateway.tls_private_key.my_private_key",
            "module.istio-ingressgateway.tls_self_signed_cert.my_self_signed_cert",
            "module.istio.helm_release.istiobase",
            "module.istio.helm_release.istiod"
          ]
        }
      ]
    },
    {
      "module": "module.orders",
      "mode": "managed",
      "type": "kubernetes_deployment",
      "name": "order-srv-deployment",
      "provider": "provider[\"registry.terraform.io/hashicorp/kubernetes\"]",
      "instances": [
        {
          "schema_version": 1,
          "attributes": {
            "id": "k8s-microservices/order-srv-deployment",
            "metadata": [
              {
                "annotations": {},
                "generate_name": "",
                "generation": 1,
                "labels": {
                  "app": "order-service"
                },
                "name": "order-srv-deployment",
                "namespace": "k8s-microservices",
                "resource_version": "11198",
                "uid": "f9521204-74a5-46fb-b50d-32a3cbc65c4d"
              }
            ],
            "spec": [
              {
                "min_ready_seconds": 0,
                "paused": false,
                "progress_deadline_seconds": 600,
                "replicas": "1",
                "revision_history_limit": 10,
                "selector": [
                  {
                    "match_expressions": [],
                    "match_labels": {
                      "app": "order-service"
                    }
                  }
                ],
                "strategy": [
                  {
                    "rolling_update": [
                      {
                        "max_surge": "25%",
                        "max_unavailable": "25%"
                      }
                    ],
                    "type": "RollingUpdate"
                  }
                ],
                "template": [
                  {
                    "metadata": [
                      {
                        "annotations": {},
                        "generate_name": "",
                        "generation": 0,
                        "labels": {
                          "app": "order-service"
                        },
                        "name": "",
                        "namespace": "",
                        "resource_version": "",
                        "uid": ""
                      }
                    ],
                    "spec": [
                      {
                        "active_deadline_seconds": 0,
                        "affinity": [],
                        "automount_service_account_token": true,
                        "container": [
                          {
                            "args": [],
                            "command": [],
                            "env": [
                              {
                                "name": "PORT",
                                "value": ":50053",
                                "value_from": []
                              },
                              {
                                "name": "DB_URL",
                                "value": "postgres://erwin:password@order-database.k8s-microservices:5236/order",
                                "value_from": []
                              },
                              {
                                "name": "PRODUCT_SVC_URL",
                                "value": "product-service.k8s-microservices:82",
                                "value_from": []
                              }
                            ],
                            "env_from": [],
                            "image": "erwinsalas42/go-grpc-order-svc:v1",
                            "image_pull_policy": "IfNotPresent",
                            "lifecycle": [],
                            "liveness_probe": [],
                            "name": "go-grpc-order-svc",
                            "port": [
                              {
                                "container_port": 50053,
                                "host_ip": "",
                                "host_port": 0,
                                "name": "",
                                "protocol": "TCP"
                              }
                            ],
                            "readiness_probe": [],
                            "resources": [
                              {
                                "limits": {
                                  "cpu": "500m",
                                  "memory": "512Mi"
                                },
                                "requests": {
                                  "cpu": "250m",
                                  "memory": "50Mi"
                                }
                              }
                            ],
                            "security_context": [],
                            "startup_probe": [],
                            "stdin": false,
                            "stdin_once": false,
                            "termination_message_path": "/dev/termination-log",
                            "termination_message_policy": "File",
                            "tty": false,
                            "volume_mount": [],
                            "working_dir": ""
                          }
                        ],
                        "dns_config": [],
                        "dns_policy": "ClusterFirst",
                        "enable_service_links": true,
                        "host_aliases": [],
                        "host_ipc": false,
                        "host_network": false,
                        "host_pid": false,
                        "hostname": "",
                        "image_pull_secrets": [],
                        "init_container": [],
                        "node_name": "",
                        "node_selector": {},
                        "priority_class_name": "",
                        "readiness_gate": [],
                        "restart_policy": "Always",
                        "security_context": [],
                        "service_account_name": "",
                        "share_process_namespace": false,
                        "subdomain": "",
                        "termination_grace_period_seconds": 30,
                        "toleration": [],
                        "topology_spread_constraint": [],
                        "volume": []
                      }
                    ]
                  }
                ]
              }
            ],
            "timeouts": null,
            "wait_for_rollout": true
          },
          "sensitive_attributes": [],
          "private": "eyJlMmJmYjczMC1lY2FhLTExZTYtOGY4OC0zNDM2M2JjN2M0YzAiOnsiY3JlYXRlIjo2MDAwMDAwMDAwMDAsImRlbGV0ZSI6NjAwMDAwMDAwMDAwLCJ1cGRhdGUiOjYwMDAwMDAwMDAwMH0sInNjaGVtYV92ZXJzaW9uIjoiMSJ9",
          "dependencies": [
            "data.google_client_config.current",
            "kubernetes_namespace.main",
            "module.gcp_gke.data.google_container_engine_versions.gke_version",
            "module.gcp_gke.google_container_cluster.primary",
            "module.gcp_gke.google_container_node_pool.primary_nodes",
            "module.gcp_vpc.google_compute_firewall.allow-http",
            "module.gcp_vpc.google_compute_network.vpc",
            "module.gcp_vpc.google_compute_subnetwork.subnet",
            "module.orders.kubernetes_service.order-db-service",
            "module.orders.kubernetes_stateful_set_v1.order-db-statefulset"
          ]
        }
      ]
    },
    {
      "module": "module.orders",
      "mode": "managed",
      "type": "kubernetes_service",
      "name": "order-db-service",
      "provider": "provider[\"registry.terraform.io/hashicorp/kubernetes\"]",
      "instances": [
        {
          "schema_version": 1,
          "attributes": {
            "id": "k8s-microservices/order-database",
            "metadata": [
              {
                "annotations": {},
                "generate_name": "",
                "generation": 0,
                "labels": {
                  "app": "order-database"
                },
                "name": "order-database",
                "namespace": "k8s-microservices",
                "resource_version": "14496",
                "uid": "9504f22a-4d94-411b-a159-c8c4ac40cd30"
              }
            ],
            "spec": [
              {
                "cluster_ip": "10.142.34.175",
                "external_ips": [],
                "external_name": "",
                "external_traffic_policy": "",
                "health_check_node_port": 0,
                "ip_families": [
                  "IPv4"
                ],
                "ip_family_policy": "SingleStack",
                "load_balancer_ip": "",
                "load_balancer_source_ranges": [],
                "port": [
                  {
                    "app_protocol": "",
                    "name": "",
                    "node_port": 0,
                    "port": 5236,
                    "protocol": "TCP",
                    "target_port": "5236"
                  }
                ],
                "publish_not_ready_addresses": false,
                "selector": {
                  "app": "order-database"
                },
                "session_affinity": "None",
                "type": "ClusterIP"
              }
            ],
            "status": [
              {
                "load_balancer": [
                  {
                    "ingress": []
                  }
                ]
              }
            ],
            "timeouts": null,
            "wait_for_load_balancer": true
          },
          "sensitive_attributes": [],
          "private": "eyJlMmJmYjczMC1lY2FhLTExZTYtOGY4OC0zNDM2M2JjN2M0YzAiOnsiY3JlYXRlIjo2MDAwMDAwMDAwMDB9LCJzY2hlbWFfdmVyc2lvbiI6IjEifQ==",
          "dependencies": [
            "data.google_client_config.current",
            "kubernetes_namespace.main",
            "module.gcp_gke.data.google_container_engine_versions.gke_version",
            "module.gcp_gke.google_container_cluster.primary",
            "module.gcp_gke.google_container_node_pool.primary_nodes",
            "module.gcp_vpc.google_compute_firewall.allow-http",
            "module.gcp_vpc.google_compute_network.vpc",
            "module.gcp_vpc.google_compute_subnetwork.subnet",
            "module.orders.kubernetes_stateful_set_v1.order-db-statefulset"
          ]
        }
      ]
    },
    {
      "module": "module.orders",
      "mode": "managed",
      "type": "kubernetes_service",
      "name": "order-service",
      "provider": "provider[\"registry.terraform.io/hashicorp/kubernetes\"]",
      "instances": [
        {
          "schema_version": 1,
          "attributes": {
            "id": "k8s-microservices/order-service",
            "metadata": [
              {
                "annotations": {},
                "generate_name": "",
                "generation": 0,
                "labels": {},
                "name": "order-service",
                "namespace": "k8s-microservices",
                "resource_version": "14500",
                "uid": "37f0e68a-2cf9-4c8d-a2bb-88a58b456f43"
              }
            ],
            "spec": [
              {
                "cluster_ip": "10.142.43.215",
                "external_ips": [],
                "external_name": "",
                "external_traffic_policy": "",
                "health_check_node_port": 0,
                "ip_families": [
                  "IPv4"
                ],
                "ip_family_policy": "SingleStack",
                "load_balancer_ip": "",
                "load_balancer_source_ranges": [],
                "port": [
                  {
                    "app_protocol": "",
                    "name": "grpc",
                    "node_port": 0,
                    "port": 81,
                    "protocol": "TCP",
                    "target_port": "50053"
                  }
                ],
                "publish_not_ready_addresses": false,
                "selector": {
                  "app": "order-service"
                },
                "session_affinity": "None",
                "type": "ClusterIP"
              }
            ],
            "status": [
              {
                "load_balancer": [
                  {
                    "ingress": []
                  }
                ]
              }
            ],
            "timeouts": null,
            "wait_for_load_balancer": true
          },
          "sensitive_attributes": [],
          "private": "eyJlMmJmYjczMC1lY2FhLTExZTYtOGY4OC0zNDM2M2JjN2M0YzAiOnsiY3JlYXRlIjo2MDAwMDAwMDAwMDB9LCJzY2hlbWFfdmVyc2lvbiI6IjEifQ==",
          "dependencies": [
            "data.google_client_config.current",
            "kubernetes_namespace.main",
            "module.gcp_gke.data.google_container_engine_versions.gke_version",
            "module.gcp_gke.google_container_cluster.primary",
            "module.gcp_gke.google_container_node_pool.primary_nodes",
            "module.gcp_vpc.google_compute_firewall.allow-http",
            "module.gcp_vpc.google_compute_network.vpc",
            "module.gcp_vpc.google_compute_subnetwork.subnet",
            "module.orders.kubernetes_deployment.order-srv-deployment",
            "module.orders.kubernetes_service.order-db-service",
            "module.orders.kubernetes_stateful_set_v1.order-db-statefulset"
          ]
        }
      ]
    },
    {
      "module": "module.orders",
      "mode": "managed",
      "type": "kubernetes_stateful_set_v1",
      "name": "order-db-statefulset",
      "provider": "provider[\"registry.terraform.io/hashicorp/kubernetes\"]",
      "instances": [
        {
          "schema_version": 1,
          "attributes": {
            "id": "k8s-microservices/order-db-statefulset",
            "metadata": [
              {
                "annotations": {},
                "generate_name": "",
                "generation": 1,
                "labels": {
                  "app": "order-database"
                },
                "name": "order-db-statefulset",
                "namespace": "k8s-microservices",
                "resource_version": "11055",
                "uid": "96aa0852-301e-4681-a732-4b123f83e2a1"
              }
            ],
            "spec": [
              {
                "pod_management_policy": "OrderedReady",
                "replicas": "1",
                "revision_history_limit": 0,
                "selector": [
                  {
                    "match_expressions": [],
                    "match_labels": {
                      "app": "order-database"
                    }
                  }
                ],
                "service_name": "order-db-statefulset",
                "template": [
                  {
                    "metadata": [
                      {
                        "annotations": {},
                        "generate_name": "",
                        "generation": 0,
                        "labels": {
                          "app": "order-database"
                        },
                        "name": "",
                        "resource_version": "",
                        "uid": ""
                      }
                    ],
                    "spec": [
                      {
                        "active_deadline_seconds": 0,
                        "affinity": [],
                        "automount_service_account_token": true,
                        "container": [
                          {
                            "args": [
                              "-p",
                              "5236"
                            ],
                            "command": [],
                            "env": [
                              {
                                "name": "POSTGRES_USER",
                                "value": "erwin",
                                "value_from": []
                              },
                              {
                                "name": "POSTGRES_PASSWORD",
                                "value": "password",
                                "value_from": []
                              },
                              {
                                "name": "POSTGRES_DB",
                                "value": "order",
                                "value_from": []
                              }
                            ],
                            "env_from": [],
                            "image": "postgres:latest",
                            "image_pull_policy": "Always",
                            "lifecycle": [],
                            "liveness_probe": [],
                            "name": "order-database",
                            "port": [
                              {
                                "container_port": 5236,
                                "host_ip": "",
                                "host_port": 0,
                                "name": "",
                                "protocol": "TCP"
                              }
                            ],
                            "readiness_probe": [],
                            "resources": [
                              {
                                "limits": {
                                  "cpu": "500m",
                                  "memory": "512Mi"
                                },
                                "requests": {
                                  "cpu": "250m",
                                  "memory": "50Mi"
                                }
                              }
                            ],
                            "security_context": [],
                            "startup_probe": [],
                            "stdin": false,
                            "stdin_once": false,
                            "termination_message_path": "/dev/termination-log",
                            "termination_message_policy": "File",
                            "tty": false,
                            "volume_mount": [],
                            "working_dir": ""
                          }
                        ],
                        "dns_config": [],
                        "dns_policy": "ClusterFirst",
                        "enable_service_links": true,
                        "host_aliases": [],
                        "host_ipc": false,
                        "host_network": false,
                        "host_pid": false,
                        "hostname": "",
                        "image_pull_secrets": [],
                        "init_container": [],
                        "node_name": "",
                        "node_selector": {},
                        "priority_class_name": "",
                        "readiness_gate": [],
                        "restart_policy": "Always",
                        "security_context": [],
                        "service_account_name": "",
                        "share_process_namespace": false,
                        "subdomain": "",
                        "termination_grace_period_seconds": 30,
                        "toleration": [],
                        "topology_spread_constraint": [],
                        "volume": []
                      }
                    ]
                  }
                ],
                "update_strategy": [],
                "volume_claim_template": []
              }
            ],
            "timeouts": null,
            "wait_for_rollout": true
          },
          "sensitive_attributes": [],
          "private": "eyJlMmJmYjczMC1lY2FhLTExZTYtOGY4OC0zNDM2M2JjN2M0YzAiOnsiY3JlYXRlIjo2MDAwMDAwMDAwMDAsImRlbGV0ZSI6NjAwMDAwMDAwMDAwLCJyZWFkIjo2MDAwMDAwMDAwMDAsInVwZGF0ZSI6NjAwMDAwMDAwMDAwfSwic2NoZW1hX3ZlcnNpb24iOiIxIn0=",
          "dependencies": [
            "data.google_client_config.current",
            "kubernetes_namespace.main",
            "module.gcp_gke.data.google_container_engine_versions.gke_version",
            "module.gcp_gke.google_container_cluster.primary",
            "module.gcp_gke.google_container_node_pool.primary_nodes",
            "module.gcp_vpc.google_compute_firewall.allow-http",
            "module.gcp_vpc.google_compute_network.vpc",
            "module.gcp_vpc.google_compute_subnetwork.subnet"
          ]
        }
      ]
    },
    {
      "module": "module.products",
      "mode": "managed",
      "type": "kubernetes_deployment",
      "name": "product-srv-deployment",
      "provider": "provider[\"registry.terraform.io/hashicorp/kubernetes\"]",
      "instances": [
        {
          "schema_version": 1,
          "attributes": {
            "id": "k8s-microservices/product-srv-deployment",
            "metadata": [
              {
                "annotations": {},
                "generate_name": "",
                "generation": 1,
                "labels": {
                  "app": "product-service"
                },
                "name": "product-srv-deployment",
                "namespace": "k8s-microservices",
                "resource_version": "11219",
                "uid": "013d1a5d-7dff-4d9b-a222-a767fd0b4eda"
              }
            ],
            "spec": [
              {
                "min_ready_seconds": 0,
                "paused": false,
                "progress_deadline_seconds": 600,
                "replicas": "1",
                "revision_history_limit": 10,
                "selector": [
                  {
                    "match_expressions": [],
                    "match_labels": {
                      "app": "product-service"
                    }
                  }
                ],
                "strategy": [
                  {
                    "rolling_update": [
                      {
                        "max_surge": "25%",
                        "max_unavailable": "25%"
                      }
                    ],
                    "type": "RollingUpdate"
                  }
                ],
                "template": [
                  {
                    "metadata": [
                      {
                        "annotations": {},
                        "generate_name": "",
                        "generation": 0,
                        "labels": {
                          "app": "product-service"
                        },
                        "name": "",
                        "namespace": "",
                        "resource_version": "",
                        "uid": ""
                      }
                    ],
                    "spec": [
                      {
                        "active_deadline_seconds": 0,
                        "affinity": [],
                        "automount_service_account_token": true,
                        "container": [
                          {
                            "args": [],
                            "command": [],
                            "env": [
                              {
                                "name": "PORT",
                                "value": ":50054",
                                "value_from": []
                              },
                              {
                                "name": "DB_URL",
                                "value": "postgres://erwin:password@product-database.k8s-microservices:5237/product",
                                "value_from": []
                              }
                            ],
                            "env_from": [],
                            "image": "erwinsalas42/go-grpc-product-svc:v1.1",
                            "image_pull_policy": "IfNotPresent",
                            "lifecycle": [],
                            "liveness_probe": [],
                            "name": "product-service",
                            "port": [
                              {
                                "container_port": 50054,
                                "host_ip": "",
                                "host_port": 0,
                                "name": "",
                                "protocol": "TCP"
                              }
                            ],
                            "readiness_probe": [],
                            "resources": [
                              {
                                "limits": {
                                  "cpu": "500m",
                                  "memory": "512Mi"
                                },
                                "requests": {
                                  "cpu": "250m",
                                  "memory": "50Mi"
                                }
                              }
                            ],
                            "security_context": [],
                            "startup_probe": [],
                            "stdin": false,
                            "stdin_once": false,
                            "termination_message_path": "/dev/termination-log",
                            "termination_message_policy": "File",
                            "tty": false,
                            "volume_mount": [],
                            "working_dir": ""
                          }
                        ],
                        "dns_config": [],
                        "dns_policy": "ClusterFirst",
                        "enable_service_links": true,
                        "host_aliases": [],
                        "host_ipc": false,
                        "host_network": false,
                        "host_pid": false,
                        "hostname": "",
                        "image_pull_secrets": [],
                        "init_container": [],
                        "node_name": "",
                        "node_selector": {},
                        "priority_class_name": "",
                        "readiness_gate": [],
                        "restart_policy": "Always",
                        "security_context": [],
                        "service_account_name": "",
                        "share_process_namespace": false,
                        "subdomain": "",
                        "termination_grace_period_seconds": 30,
                        "toleration": [],
                        "topology_spread_constraint": [],
                        "volume": []
                      }
                    ]
                  }
                ]
              }
            ],
            "timeouts": null,
            "wait_for_rollout": true
          },
          "sensitive_attributes": [],
          "private": "eyJlMmJmYjczMC1lY2FhLTExZTYtOGY4OC0zNDM2M2JjN2M0YzAiOnsiY3JlYXRlIjo2MDAwMDAwMDAwMDAsImRlbGV0ZSI6NjAwMDAwMDAwMDAwLCJ1cGRhdGUiOjYwMDAwMDAwMDAwMH0sInNjaGVtYV92ZXJzaW9uIjoiMSJ9",
          "dependencies": [
            "data.google_client_config.current",
            "kubernetes_namespace.main",
            "module.gcp_gke.data.google_container_engine_versions.gke_version",
            "module.gcp_gke.google_container_cluster.primary",
            "module.gcp_gke.google_container_node_pool.primary_nodes",
            "module.gcp_vpc.google_compute_firewall.allow-http",
            "module.gcp_vpc.google_compute_network.vpc",
            "module.gcp_vpc.google_compute_subnetwork.subnet",
            "module.products.kubernetes_service.product-db-service",
            "module.products.kubernetes_stateful_set_v1.product-db-statefulset"
          ]
        }
      ]
    },
    {
      "module": "module.products",
      "mode": "managed",
      "type": "kubernetes_service",
      "name": "product-db-service",
      "provider": "provider[\"registry.terraform.io/hashicorp/kubernetes\"]",
      "instances": [
        {
          "schema_version": 1,
          "attributes": {
            "id": "k8s-microservices/product-database",
            "metadata": [
              {
                "annotations": {},
                "generate_name": "",
                "generation": 0,
                "labels": {
                  "app": "product-database"
                },
                "name": "product-database",
                "namespace": "k8s-microservices",
                "resource_version": "14502",
                "uid": "908d4c51-f345-4bb9-b1c0-89cb469c30e1"
              }
            ],
            "spec": [
              {
                "cluster_ip": "10.142.45.166",
                "external_ips": [],
                "external_name": "",
                "external_traffic_policy": "",
                "health_check_node_port": 0,
                "ip_families": [
                  "IPv4"
                ],
                "ip_family_policy": "SingleStack",
                "load_balancer_ip": "",
                "load_balancer_source_ranges": [],
                "port": [
                  {
                    "app_protocol": "",
                    "name": "",
                    "node_port": 0,
                    "port": 5237,
                    "protocol": "TCP",
                    "target_port": "5237"
                  }
                ],
                "publish_not_ready_addresses": false,
                "selector": {
                  "app": "product-database"
                },
                "session_affinity": "None",
                "type": "ClusterIP"
              }
            ],
            "status": [
              {
                "load_balancer": [
                  {
                    "ingress": []
                  }
                ]
              }
            ],
            "timeouts": null,
            "wait_for_load_balancer": true
          },
          "sensitive_attributes": [],
          "private": "eyJlMmJmYjczMC1lY2FhLTExZTYtOGY4OC0zNDM2M2JjN2M0YzAiOnsiY3JlYXRlIjo2MDAwMDAwMDAwMDB9LCJzY2hlbWFfdmVyc2lvbiI6IjEifQ==",
          "dependencies": [
            "data.google_client_config.current",
            "kubernetes_namespace.main",
            "module.gcp_gke.data.google_container_engine_versions.gke_version",
            "module.gcp_gke.google_container_cluster.primary",
            "module.gcp_gke.google_container_node_pool.primary_nodes",
            "module.gcp_vpc.google_compute_firewall.allow-http",
            "module.gcp_vpc.google_compute_network.vpc",
            "module.gcp_vpc.google_compute_subnetwork.subnet",
            "module.products.kubernetes_stateful_set_v1.product-db-statefulset"
          ]
        }
      ]
    },
    {
      "module": "module.products",
      "mode": "managed",
      "type": "kubernetes_service",
      "name": "product-service",
      "provider": "provider[\"registry.terraform.io/hashicorp/kubernetes\"]",
      "instances": [
        {
          "schema_version": 1,
          "attributes": {
            "id": "k8s-microservices/product-service",
            "metadata": [
              {
                "annotations": {},
                "generate_name": "",
                "generation": 0,
                "labels": {},
                "name": "product-service",
                "namespace": "k8s-microservices",
                "resource_version": "14495",
                "uid": "4aa6112f-9763-4400-9c95-048f7874d305"
              }
            ],
            "spec": [
              {
                "cluster_ip": "10.142.35.185",
                "external_ips": [],
                "external_name": "",
                "external_traffic_policy": "",
                "health_check_node_port": 0,
                "ip_families": [
                  "IPv4"
                ],
                "ip_family_policy": "SingleStack",
                "load_balancer_ip": "",
                "load_balancer_source_ranges": [],
                "port": [
                  {
                    "app_protocol": "",
                    "name": "grpc",
                    "node_port": 0,
                    "port": 82,
                    "protocol": "TCP",
                    "target_port": "50054"
                  }
                ],
                "publish_not_ready_addresses": false,
                "selector": {
                  "app": "product-service"
                },
                "session_affinity": "None",
                "type": "ClusterIP"
              }
            ],
            "status": [
              {
                "load_balancer": [
                  {
                    "ingress": []
                  }
                ]
              }
            ],
            "timeouts": null,
            "wait_for_load_balancer": true
          },
          "sensitive_attributes": [],
          "private": "eyJlMmJmYjczMC1lY2FhLTExZTYtOGY4OC0zNDM2M2JjN2M0YzAiOnsiY3JlYXRlIjo2MDAwMDAwMDAwMDB9LCJzY2hlbWFfdmVyc2lvbiI6IjEifQ==",
          "dependencies": [
            "data.google_client_config.current",
            "kubernetes_namespace.main",
            "module.gcp_gke.data.google_container_engine_versions.gke_version",
            "module.gcp_gke.google_container_cluster.primary",
            "module.gcp_gke.google_container_node_pool.primary_nodes",
            "module.gcp_vpc.google_compute_firewall.allow-http",
            "module.gcp_vpc.google_compute_network.vpc",
            "module.gcp_vpc.google_compute_subnetwork.subnet",
            "module.products.kubernetes_deployment.product-srv-deployment",
            "module.products.kubernetes_service.product-db-service",
            "module.products.kubernetes_stateful_set_v1.product-db-statefulset"
          ]
        }
      ]
    },
    {
      "module": "module.products",
      "mode": "managed",
      "type": "kubernetes_stateful_set_v1",
      "name": "product-db-statefulset",
      "provider": "provider[\"registry.terraform.io/hashicorp/kubernetes\"]",
      "instances": [
        {
          "schema_version": 1,
          "attributes": {
            "id": "k8s-microservices/product-db-statefulset",
            "metadata": [
              {
                "annotations": {},
                "generate_name": "",
                "generation": 1,
                "labels": {
                  "app": "product-database"
                },
                "name": "product-db-statefulset",
                "namespace": "k8s-microservices",
                "resource_version": "11057",
                "uid": "3f199f52-9dbf-4c9b-86bf-d929dbc43b00"
              }
            ],
            "spec": [
              {
                "pod_management_policy": "OrderedReady",
                "replicas": "1",
                "revision_history_limit": 0,
                "selector": [
                  {
                    "match_expressions": [],
                    "match_labels": {
                      "app": "product-database"
                    }
                  }
                ],
                "service_name": "product-db-statefulset",
                "template": [
                  {
                    "metadata": [
                      {
                        "annotations": {},
                        "generate_name": "",
                        "generation": 0,
                        "labels": {
                          "app": "product-database"
                        },
                        "name": "",
                        "resource_version": "",
                        "uid": ""
                      }
                    ],
                    "spec": [
                      {
                        "active_deadline_seconds": 0,
                        "affinity": [],
                        "automount_service_account_token": true,
                        "container": [
                          {
                            "args": [
                              "-p",
                              "5237"
                            ],
                            "command": [],
                            "env": [
                              {
                                "name": "POSTGRES_USER",
                                "value": "erwin",
                                "value_from": []
                              },
                              {
                                "name": "POSTGRES_PASSWORD",
                                "value": "password",
                                "value_from": []
                              },
                              {
                                "name": "POSTGRES_DB",
                                "value": "product",
                                "value_from": []
                              }
                            ],
                            "env_from": [],
                            "image": "postgres:latest",
                            "image_pull_policy": "Always",
                            "lifecycle": [],
                            "liveness_probe": [],
                            "name": "product-database",
                            "port": [
                              {
                                "container_port": 5237,
                                "host_ip": "",
                                "host_port": 0,
                                "name": "",
                                "protocol": "TCP"
                              }
                            ],
                            "readiness_probe": [],
                            "resources": [
                              {
                                "limits": {
                                  "cpu": "500m",
                                  "memory": "512Mi"
                                },
                                "requests": {
                                  "cpu": "250m",
                                  "memory": "50Mi"
                                }
                              }
                            ],
                            "security_context": [],
                            "startup_probe": [],
                            "stdin": false,
                            "stdin_once": false,
                            "termination_message_path": "/dev/termination-log",
                            "termination_message_policy": "File",
                            "tty": false,
                            "volume_mount": [],
                            "working_dir": ""
                          }
                        ],
                        "dns_config": [],
                        "dns_policy": "ClusterFirst",
                        "enable_service_links": true,
                        "host_aliases": [],
                        "host_ipc": false,
                        "host_network": false,
                        "host_pid": false,
                        "hostname": "",
                        "image_pull_secrets": [],
                        "init_container": [],
                        "node_name": "",
                        "node_selector": {},
                        "priority_class_name": "",
                        "readiness_gate": [],
                        "restart_policy": "Always",
                        "security_context": [],
                        "service_account_name": "",
                        "share_process_namespace": false,
                        "subdomain": "",
                        "termination_grace_period_seconds": 30,
                        "toleration": [],
                        "topology_spread_constraint": [],
                        "volume": []
                      }
                    ]
                  }
                ],
                "update_strategy": [],
                "volume_claim_template": []
              }
            ],
            "timeouts": null,
            "wait_for_rollout": true
          },
          "sensitive_attributes": [],
          "private": "eyJlMmJmYjczMC1lY2FhLTExZTYtOGY4OC0zNDM2M2JjN2M0YzAiOnsiY3JlYXRlIjo2MDAwMDAwMDAwMDAsImRlbGV0ZSI6NjAwMDAwMDAwMDAwLCJyZWFkIjo2MDAwMDAwMDAwMDAsInVwZGF0ZSI6NjAwMDAwMDAwMDAwfSwic2NoZW1hX3ZlcnNpb24iOiIxIn0=",
          "dependencies": [
            "data.google_client_config.current",
            "kubernetes_namespace.main",
            "module.gcp_gke.data.google_container_engine_versions.gke_version",
            "module.gcp_gke.google_container_cluster.primary",
            "module.gcp_gke.google_container_node_pool.primary_nodes",
            "module.gcp_vpc.google_compute_firewall.allow-http",
            "module.gcp_vpc.google_compute_network.vpc",
            "module.gcp_vpc.google_compute_subnetwork.subnet"
          ]
        }
      ]
    }
  ],
  "check_results": null
}
